
Microsoft Visual Studio Solution File, Format Version 11.00
# Visual Studio 2010
Project("{2150E333-8FDC-42A3-9474-1A3956D46DE8}") = "GraphDB", "GraphDB", "{7198D772-DBF4-4D7E-A13E-D90AE3883E6C}"
EndProject
Project("{2150E333-8FDC-42A3-9474-1A3956D46DE8}") = "Implementations", "Implementations", "{D2ABB876-E289-4A3D-9C80-15F6146480FA}"
EndProject
Project("{FAE04EC0-301F-11D3-BF4B-00C04F79EFBC}") = "SonesGraphDB", "GraphDB\Implementations\SonesGraphDB\SonesGraphDB.csproj", "{1FC72801-4046-4CC7-BF83-8082FFD593BC}"
EndProject
Project("{FAE04EC0-301F-11D3-BF4B-00C04F79EFBC}") = "IGraphDB", "GraphDB\IGraphDB\IGraphDB.csproj", "{5A691EE2-96EE-4F5F-858E-6A17088CE7A1}"
EndProject
Project("{2150E333-8FDC-42A3-9474-1A3956D46DE8}") = "GraphFS", "GraphFS", "{39E890D9-4800-4C79-8604-593F9618214E}"
EndProject
Project("{2150E333-8FDC-42A3-9474-1A3956D46DE8}") = "Implementations", "Implementations", "{FBB96F45-4DA8-4586-8ADC-CB5BA88ABD89}"
EndProject
Project("{FAE04EC0-301F-11D3-BF4B-00C04F79EFBC}") = "InMemoryNonRevisioned", "GraphFS\Implementations\InMemoryNonRevisioned\InMemoryNonRevisioned.csproj", "{AB7C27CC-534F-472E-BA56-A1287973B7E2}"
EndProject
Project("{FAE04EC0-301F-11D3-BF4B-00C04F79EFBC}") = "IGraphFS", "GraphFS\IGraphFS\IGraphFS.csproj", "{FFFB6BE4-9514-41CF-AB68-5FB7B8E3D2E4}"
EndProject
Project("{2150E333-8FDC-42A3-9474-1A3956D46DE8}") = "Library", "Library", "{0075FE7B-8E35-4770-997E-8C4190ECA6A8}"
EndProject
Project("{2150E333-8FDC-42A3-9474-1A3956D46DE8}") = "Internal", "Internal", "{CD3B461E-EBA3-4B35-9003-7E6067145472}"
EndProject
Project("{FAE04EC0-301F-11D3-BF4B-00C04F79EFBC}") = "PropertyHyperGraph", "Library\Internal\PropertyHyperGraph\PropertyHyperGraph.csproj", "{A1BD782F-F3C4-4820-8B00-FDBDAADAE37D}"
EndProject
Project("{FAE04EC0-301F-11D3-BF4B-00C04F79EFBC}") = "ErrorHandling", "Library\Internal\ErrorHandling\ErrorHandling.csproj", "{EA1F7F6C-C8C9-4529-998D-B86701FFA1DE}"
EndProject
Project("{FAE04EC0-301F-11D3-BF4B-00C04F79EFBC}") = "PluginManager", "Library\Internal\VersionedPluginManager\PluginManager.csproj", "{1F652BC0-ECEE-409B-8EFB-51276C41EAD1}"
EndProject
Project("{FAE04EC0-301F-11D3-BF4B-00C04F79EFBC}") = "Settings", "Library\Internal\Settings\Settings.csproj", "{A233FDB4-70A9-4284-827A-1704950E0EF3}"
EndProject
Project("{FAE04EC0-301F-11D3-BF4B-00C04F79EFBC}") = "Commons", "Library\Internal\Commons\Commons.csproj", "{581F49A5-9768-4CB3-AF92-3A3FC2B1F63B}"
EndProject
Project("{2150E333-8FDC-42A3-9474-1A3956D46DE8}") = "Network", "Network", "{BB6BDFAB-482E-42B7-B954-84F33CFFFFB6}"
EndProject
Project("{FAE04EC0-301F-11D3-BF4B-00C04F79EFBC}") = "Networking", "Library\Internal\Network\Networking\Networking.csproj", "{DDC48D4C-6885-462C-B57A-216658EB94AE}"
EndProject
Project("{FAE04EC0-301F-11D3-BF4B-00C04F79EFBC}") = "HttpServer", "Library\Internal\Network\HttpServer\HttpServer.csproj", "{85072DC6-7356-449F-9081-939F87AC0CC5}"
EndProject
Project("{FAE04EC0-301F-11D3-BF4B-00C04F79EFBC}") = "DataStructures", "Library\Internal\DataStructures\DataStructures.csproj", "{CBE38660-10C5-4082-A1B9-A5002D961EA1}"
EndProject
Project("{FAE04EC0-301F-11D3-BF4B-00C04F79EFBC}") = "DiscordianDate", "Library\Internal\DiscordianDate\DiscordianDate.csproj", "{8E0390D0-A7BF-46FE-900C-C411F762EFF2}"
EndProject
Project("{FAE04EC0-301F-11D3-BF4B-00C04F79EFBC}") = "Arithmetics", "Library\Internal\Arithmetics\Arithmetics\Arithmetics.csproj", "{E33D0E75-43A1-4643-928D-DA9E5D99E041}"
EndProject
Project("{FAE04EC0-301F-11D3-BF4B-00C04F79EFBC}") = "IPluginable", "Library\Internal\IPluginable\IPluginable.csproj", "{C6DDFD34-176E-48AC-998F-854F98CD28BB}"
EndProject
Project("{FAE04EC0-301F-11D3-BF4B-00C04F79EFBC}") = "PluginDefinition", "Library\Internal\PluginDefinition\PluginDefinition.csproj", "{CE9BF2C2-C785-4661-8F4F-64266C697343}"
EndProject
Project("{FAE04EC0-301F-11D3-BF4B-00C04F79EFBC}") = "BinaryStreamStructure", "Library\Internal\BinaryStreamStructure\BinaryStreamStructure.csproj", "{9FD68FB4-3704-4B74-92B1-31623B0BC4A6}"
EndProject
Project("{FAE04EC0-301F-11D3-BF4B-00C04F79EFBC}") = "CollectionWrapper", "Library\Internal\CollectionWrapper\CollectionWrapper.csproj", "{7748D9BA-FB40-42F9-9F51-F636F9F1DA8E}"
EndProject
Project("{FAE04EC0-301F-11D3-BF4B-00C04F79EFBC}") = "TypeCodeDefinition", "Library\Internal\TypeCodes\TypeCodeDefinition.csproj", "{90D26D64-57EA-4796-A195-15D044FCAF1A}"
EndProject
Project("{FAE04EC0-301F-11D3-BF4B-00C04F79EFBC}") = "UserdefinedDataType", "Library\Internal\UserdefinedDataType\UserdefinedDataType.csproj", "{1A2B672E-DD8C-4948-8370-1483408E3B50}"
EndProject
Project("{2150E333-8FDC-42A3-9474-1A3956D46DE8}") = "Extensions", "Extensions", "{8A905341-9398-4CCF-BF38-FE3E18EDD54C}"
EndProject
Project("{FAE04EC0-301F-11D3-BF4B-00C04F79EFBC}") = "LanguageExtensions", "Library\Internal\Extensions\LanguageExtensions\LanguageExtensions.csproj", "{E4A4B5FF-2203-48AA-99A9-41A52407452E}"
EndProject
Project("{FAE04EC0-301F-11D3-BF4B-00C04F79EFBC}") = "IGraphDBExtensions", "Library\Internal\Extensions\IGraphDBExtensions\IGraphDBExtensions.csproj", "{33A00226-6C65-49DF-AFCA-89440AF492E5}"
EndProject
Project("{FAE04EC0-301F-11D3-BF4B-00C04F79EFBC}") = "Constants", "Library\Internal\Constants\Constants.csproj", "{41515EA3-7FC8-4D23-8C7A-B19FCAC4A723}"
EndProject
Project("{FAE04EC0-301F-11D3-BF4B-00C04F79EFBC}") = "SlimLogFramework", "Library\Internal\SlimLogFramework\SlimLogFramework.csproj", "{4B3CB9D7-790C-46A3-B9E2-8E68D097D70D}"
EndProject
Project("{FAE04EC0-301F-11D3-BF4B-00C04F79EFBC}") = "SystemInformation", "Library\Internal\SystemInformation\SystemInformation.csproj", "{E123D4F4-1B0C-4A8D-BFE9-576E034403D1}"
EndProject
Project("{2150E333-8FDC-42A3-9474-1A3956D46DE8}") = "External", "External", "{A950D82D-E727-4CF5-B4D4-7B872D733E3C}"
EndProject
Project("{FAE04EC0-301F-11D3-BF4B-00C04F79EFBC}") = "Irony", "Library\External\Irony\Irony.csproj", "{D81F5C91-D7DB-46E5-BC99-49488FB6814C}"
EndProject
Project("{FAE04EC0-301F-11D3-BF4B-00C04F79EFBC}") = "NewFastSerializer", "Library\External\NewFastSerializer\NewFastSerializer.csproj", "{942F25CF-46A7-4413-B062-E3395C8D1C9A}"
EndProject
Project("{FAE04EC0-301F-11D3-BF4B-00C04F79EFBC}") = "BplusDotNet", "Library\External\BplusDotNet\BplusDotNet\BplusDotNet.csproj", "{45F6BE30-989A-4749-B6A0-69099C8661F4}"
EndProject
Project("{FAE04EC0-301F-11D3-BF4B-00C04F79EFBC}") = "Newtonsoft.Json", "Library\External\Newtonsoft.Json\Newtonsoft.Json.csproj", "{A9AE40FF-1A21-414A-9FE7-3BE13644CC6D}"
EndProject
Project("{2150E333-8FDC-42A3-9474-1A3956D46DE8}") = "GraphDS", "GraphDS", "{2DA0873C-260F-45B9-BC5C-3453249E00D9}"
EndProject
Project("{2150E333-8FDC-42A3-9474-1A3956D46DE8}") = "Implementations", "Implementations", "{EA38B67C-F886-43E3-9438-549E28000220}"
EndProject
Project("{2150E333-8FDC-42A3-9474-1A3956D46DE8}") = "Server", "Server", "{D92AF9AE-48D1-4B1B-9B70-250F1CEEFABE}"
EndProject
Project("{2150E333-8FDC-42A3-9474-1A3956D46DE8}") = "Implementations", "Implementations", "{75F38D02-8EDB-4955-8D24-C1FF17732F9D}"
EndProject
Project("{FAE04EC0-301F-11D3-BF4B-00C04F79EFBC}") = "GraphDSServer", "GraphDS\Server\Implementations\GraphDSServer\GraphDSServer.csproj", "{2FB38C4B-C29D-4F34-B42C-7A82E79A0C14}"
EndProject
Project("{FAE04EC0-301F-11D3-BF4B-00C04F79EFBC}") = "IGraphDSServer", "GraphDS\Server\IGraphDSServer\IGraphDSServer.csproj", "{1E30E203-20DE-4DA3-854A-18FEFADA6D7A}"
EndProject
Project("{2150E333-8FDC-42A3-9474-1A3956D46DE8}") = "Client", "Client", "{15589123-5145-44D4-9514-214729FD9EF3}"
EndProject
Project("{FAE04EC0-301F-11D3-BF4B-00C04F79EFBC}") = "IGraphDSClient", "GraphDS\Client\IGraphDSClient\IGraphDSClient.csproj", "{89E70649-A81B-4A70-A9A1-B91EA96CE8A1}"
EndProject
Project("{2150E333-8FDC-42A3-9474-1A3956D46DE8}") = "Implementations", "Implementations", "{49AD5B01-49DE-4330-BDDC-876ABA4C04A2}"
EndProject
Project("{FAE04EC0-301F-11D3-BF4B-00C04F79EFBC}") = "GraphDSRESTClient", "GraphDS\Client\Implementations\GraphDSRESTClient\GraphDSRESTClient.csproj", "{20D600AA-CD60-423D-A8EE-BCD93F861879}"
EndProject
Project("{2150E333-8FDC-42A3-9474-1A3956D46DE8}") = "PluginManager", "PluginManager", "{CB4F2C9A-E740-4C52-817C-381F72BC17A1}"
EndProject
Project("{FAE04EC0-301F-11D3-BF4B-00C04F79EFBC}") = "GraphDSPluginManager", "GraphDS\PluginManager\GraphDSPluginManager\GraphDSPluginManager.csproj", "{6C8C30F7-1F75-4FA4-B5E9-6FB9AC8FA4FB}"
EndProject
Project("{FAE04EC0-301F-11D3-BF4B-00C04F79EFBC}") = "IGraphDS", "GraphDS\IGraphDS\IGraphDS.csproj", "{6A6D0690-78A4-4134-AA2B-4A7A39535612}"
EndProject
Project("{2150E333-8FDC-42A3-9474-1A3956D46DE8}") = "Applications", "Applications", "{F9FAFD9F-BC60-4EDD-8BA5-8961B7A3BAFF}"
EndProject
Project("{FAE04EC0-301F-11D3-BF4B-00C04F79EFBC}") = "sonesGraphDBStarter", "Applications\sonesGraphDB\sonesGraphDBStarter.csproj", "{CF68820B-F07E-4FCF-A00B-D9F3B5A259ED}"
EndProject
Project("{FAE04EC0-301F-11D3-BF4B-00C04F79EFBC}") = "TagExample", "Applications\TagExample\TagExample.csproj", "{9DA95789-BE43-47EB-A2F7-9091FFF8D571}"
EndProject
Project("{2150E333-8FDC-42A3-9474-1A3956D46DE8}") = "Plugins", "Plugins", "{3854684E-AC84-4B62-B435-2CF95A40AAD7}"
EndProject
Project("{2150E333-8FDC-42A3-9474-1A3956D46DE8}") = "GraphQL", "GraphQL", "{601ADD59-4F38-422A-851A-8B0312872F8F}"
EndProject
Project("{2150E333-8FDC-42A3-9474-1A3956D46DE8}") = "SonesGQL", "SonesGQL", "{2B34D970-2910-435E-AD67-69E29DB16492}"
EndProject
Project("{2150E333-8FDC-42A3-9474-1A3956D46DE8}") = "Aggregates", "Aggregates", "{FC621147-A299-4DE4-A2CC-DA71FD57044A}"
EndProject
Project("{2150E333-8FDC-42A3-9474-1A3956D46DE8}") = "Functions", "Functions", "{500C1B9C-E9CD-4008-9EE4-5229A6CE93DC}"
EndProject
Project("{2150E333-8FDC-42A3-9474-1A3956D46DE8}") = "GraphAlgorithms", "GraphAlgorithms", "{A8847BC0-C0D2-406D-AAD0-8479CDD8ECB2}"
EndProject
Project("{2150E333-8FDC-42A3-9474-1A3956D46DE8}") = "GraphDBImport", "GraphDBImport", "{783441F8-43EC-481A-BAB9-4BBA325C7FF3}"
EndProject
Project("{2150E333-8FDC-42A3-9474-1A3956D46DE8}") = "Implementations", "Implementations", "{D77D77E2-1D6F-4A12-BA7A-4AB8ED4FF616}"
EndProject
Project("{FAE04EC0-301F-11D3-BF4B-00C04F79EFBC}") = "SonesGraphDBImport", "Plugins\GraphQL\SonesGQL\GraphDBImport\Implementations\GraphDBImport\SonesGraphDBImport.csproj", "{51C8E5F7-F888-4500-B1EE-D20337FA451F}"
EndProject
Project("{FAE04EC0-301F-11D3-BF4B-00C04F79EFBC}") = "GraphMLImport", "Plugins\GraphQL\SonesGQL\GraphDBImport\Implementations\GraphMLImport\GraphMLImport.csproj", "{DFC1BC4B-F865-48C6-B8E1-64644D410748}"
EndProject
Project("{FAE04EC0-301F-11D3-BF4B-00C04F79EFBC}") = "ISonesGraphDBImport", "Plugins\GraphQL\SonesGQL\GraphDBImport\IGraphDBImport\ISonesGraphDBImport.csproj", "{3B43C10E-28AE-42E5-9B9B-08F2B4153951}"
EndProject
Project("{2150E333-8FDC-42A3-9474-1A3956D46DE8}") = "GraphDBExport", "GraphDBExport", "{A385656D-4858-4B2E-94C3-9F791C56DB32}"
EndProject
Project("{2150E333-8FDC-42A3-9474-1A3956D46DE8}") = "Implementations", "Implementations", "{ABE22B73-279C-4DC0-A875-CE357EFB2BFF}"
EndProject
Project("{FAE04EC0-301F-11D3-BF4B-00C04F79EFBC}") = "GraphDBExport", "Plugins\GraphQL\SonesGQL\GraphDBExport\Implementations\GraphDBExport\GraphDBExport.csproj", "{95295FE7-C0EB-45ED-88B0-2B66902BEE0C}"
EndProject
Project("{FAE04EC0-301F-11D3-BF4B-00C04F79EFBC}") = "IGraphDBExport", "Plugins\GraphQL\SonesGQL\GraphDBExport\IGraphDBExport\IGraphDBExport.csproj", "{80934A33-3BCB-4732-AA2D-02D8925336C9}"
EndProject
Project("{2150E333-8FDC-42A3-9474-1A3956D46DE8}") = "Statements", "Statements", "{4BDE2E98-D73C-4F6E-9A3C-46C5D3FFF67E}"
EndProject
Project("{FAE04EC0-301F-11D3-BF4B-00C04F79EFBC}") = "IGQLStatementPlugin", "Plugins\GraphQL\SonesGQL\Statements\IGQLStatementPlugin\IGQLStatementPlugin.csproj", "{47F01C51-E6DA-496D-8F78-F475727C8708}"
EndProject
Project("{2150E333-8FDC-42A3-9474-1A3956D46DE8}") = "Index", "Index", "{48ACC5ED-F25B-458A-94E7-9128C17445B5}"
EndProject
Project("{2150E333-8FDC-42A3-9474-1A3956D46DE8}") = "Implementations", "Implementations", "{FACE26D6-DCE4-49EC-AEFD-96B580BB022B}"
EndProject
Project("{FAE04EC0-301F-11D3-BF4B-00C04F79EFBC}") = "ISonesIndex", "Plugins\Index\ISonesIndex\ISonesIndex.csproj", "{823E8AF4-CF92-4E74-8ABD-38693279EB1E}"
EndProject
Project("{2150E333-8FDC-42A3-9474-1A3956D46DE8}") = "GraphDS", "GraphDS", "{5AAE6106-287F-4C6E-B2A7-0B0695BBD521}"
EndProject
Project("{2150E333-8FDC-42A3-9474-1A3956D46DE8}") = "IO", "IO", "{337E92A1-8475-4A6C-8114-64B6629FB7E8}"
EndProject
Project("{2150E333-8FDC-42A3-9474-1A3956D46DE8}") = "Implementations", "Implementations", "{8E6C6894-AF41-4512-8393-760EEA190F1F}"
EndProject
Project("{2150E333-8FDC-42A3-9474-1A3956D46DE8}") = "DrainPipeLog", "DrainPipeLog", "{85E9BD73-E45E-4475-A59E-21692A7AEB85}"
EndProject
Project("{FAE04EC0-301F-11D3-BF4B-00C04F79EFBC}") = "IDrainPipe", "Plugins\GraphDS\DrainPipeLog\IDrainPipe\IDrainPipe.csproj", "{F51DA5BD-5808-409E-A907-4EF93B2C5E71}"
EndProject
Project("{2150E333-8FDC-42A3-9474-1A3956D46DE8}") = "Implementations", "Implementations", "{92B79970-0C0B-46CB-84DA-3924AEB06415}"
EndProject
Project("{FAE04EC0-301F-11D3-BF4B-00C04F79EFBC}") = "QueryLog", "Plugins\GraphDS\DrainPipeLog\Implementations\QueryLog\QueryLog.csproj", "{1BC7DDCF-B048-4F55-B44F-6471AFB3DAC1}"
EndProject
Project("{FAE04EC0-301F-11D3-BF4B-00C04F79EFBC}") = "DrainPipeLog", "Plugins\GraphDS\DrainPipeLog\Implementations\AppendLog\DrainPipeLog.csproj", "{0C46B3E2-E580-4E68-AA23-89ECC9D380A0}"
EndProject
Project("{2150E333-8FDC-42A3-9474-1A3956D46DE8}") = "GraphDB", "GraphDB", "{A7B90BF6-6D23-4857-AA2B-5F0B88F9A59D}"
EndProject
Project("{2150E333-8FDC-42A3-9474-1A3956D46DE8}") = "GraphQL", "GraphQL", "{52780B9F-52B2-4659-A41C-0F1526DCAA49}"
EndProject
Project("{2150E333-8FDC-42A3-9474-1A3956D46DE8}") = "Implementations", "Implementations", "{22437279-5F02-40BE-847C-D7A425D468BE}"
EndProject
Project("{FAE04EC0-301F-11D3-BF4B-00C04F79EFBC}") = "SonesGraphQueryLanguage", "GraphQL\Implementations\SonesGraphQueryLanguage\SonesGraphQueryLanguage.csproj", "{26BFEE62-82B9-4EFA-9F91-08FD947551A8}"
EndProject
Project("{FAE04EC0-301F-11D3-BF4B-00C04F79EFBC}") = "IGraphQL", "GraphQL\IGraphQL\IGraphQL.csproj", "{F751657F-0E6C-46C5-A59C-02D7A924A051}"
EndProject
Project("{FAE04EC0-301F-11D3-BF4B-00C04F79EFBC}") = "QueryResult", "GraphQL\QueryResult\QueryResult.csproj", "{BE2A2669-CCDE-40A8-AEAB-673260D7260A}"
EndProject
Project("{2150E333-8FDC-42A3-9474-1A3956D46DE8}") = "Services", "Services", "{4AAE0068-49E5-4016-BC3E-37206D5D6B20}"
EndProject
Project("{2150E333-8FDC-42A3-9474-1A3956D46DE8}") = "Implementations", "Implementations", "{1777C9EE-F3D3-44AF-89DA-5E0D0C47B5EE}"
EndProject
Project("{2150E333-8FDC-42A3-9474-1A3956D46DE8}") = "RESTService", "RESTService", "{DF2F590E-FEBE-4774-BD53-4E6A033B5661}"
EndProject
Project("{FAE04EC0-301F-11D3-BF4B-00C04F79EFBC}") = "RESTService", "Plugins\GraphDS\Services\Implementations\RESTService\RESTService.csproj", "{9542AA45-4A4F-4364-BDD8-1446261F0963}"
EndProject
Project("{2150E333-8FDC-42A3-9474-1A3956D46DE8}") = "UDC", "UDC", "{7587F1FA-AD4E-490D-81B8-AFDE13AFAA7A}"
EndProject
Project("{2150E333-8FDC-42A3-9474-1A3956D46DE8}") = "Implementations", "Implementations", "{7401BA1C-4834-47BD-B210-4EA506EFDDEB}"
EndProject
Project("{FAE04EC0-301F-11D3-BF4B-00C04F79EFBC}") = "TagExampleWithRest", "Applications\TagExampleWithRest\TagExampleWithRest.csproj", "{EDD2138A-809C-439C-A7B7-AC7980229DF9}"
EndProject
Project("{FAE04EC0-301F-11D3-BF4B-00C04F79EFBC}") = "XMLBulkImport", "Plugins\GraphQL\SonesGQL\GraphDBImport\Implementations\XMLBulkImport\XMLBulkImport.csproj", "{84B824AF-80ED-4383-9BEF-FBC533FFE629}"
EndProject
Project("{FAE04EC0-301F-11D3-BF4B-00C04F79EFBC}") = "SonesIndices", "Plugins\Index\Implementations\SonesIndices\SonesIndices.csproj", "{FCF3C622-5CF6-4C2A-B024-4046D6E4941C}"
EndProject
Project("{2150E333-8FDC-42A3-9474-1A3956D46DE8}") = "Implementations", "Implementations", "{41587928-1808-442F-B7D3-49E192922A82}"
EndProject
Project("{FAE04EC0-301F-11D3-BF4B-00C04F79EFBC}") = "GQLAggregates", "Plugins\GraphQL\SonesGQL\Aggregates\Implementations\GQLAggregates\GQLAggregates.csproj", "{2AC692FD-2E5E-45C1-A188-888064050D67}"
EndProject
Project("{FAE04EC0-301F-11D3-BF4B-00C04F79EFBC}") = "ISonesGQLAggregate", "Plugins\GraphQL\SonesGQL\Aggregates\ISonesGQLAggregate\ISonesGQLAggregate.csproj", "{B70DCE72-B636-442A-8825-F3BE78D86D34}"
EndProject
Project("{2150E333-8FDC-42A3-9474-1A3956D46DE8}") = "Implementations", "Implementations", "{926CDBA3-ED74-48B6-B171-80D9C1F90859}"
EndProject
Project("{FAE04EC0-301F-11D3-BF4B-00C04F79EFBC}") = "ISonesGQLFunction", "Plugins\GraphQL\SonesGQL\Functions\ISonesGQLFunction\ISonesGQLFunction.csproj", "{CDAE254B-77D9-4E59-9C07-C18F0085F570}"
EndProject
Project("{FAE04EC0-301F-11D3-BF4B-00C04F79EFBC}") = "GQLFunctions", "Plugins\GraphQL\SonesGQL\Functions\Implementations\GQLFunctions\GQLFunctions.csproj", "{7E58D30B-4108-4941-BF85-A5C309F87536}"
EndProject
Project("{FAE04EC0-301F-11D3-BF4B-00C04F79EFBC}") = "Dijkstra", "Plugins\GraphQL\SonesGQL\Functions\Implementations\GraphAlgorithms\Dijkstra\Dijkstra.csproj", "{422CF815-6A94-424B-AD6B-DC41A88C6E61}"
EndProject
Project("{FAE04EC0-301F-11D3-BF4B-00C04F79EFBC}") = "ShortestPathAlgorithms", "Plugins\GraphQL\SonesGQL\Functions\Implementations\GraphAlgorithms\ShortestPathAlgorithms\ShortestPathAlgorithms.csproj", "{9E2BBF58-75A7-4C03-959C-A557F04927BA}"
EndProject
Project("{FAE04EC0-301F-11D3-BF4B-00C04F79EFBC}") = "IOInterface", "Plugins\GraphDS\IO\IOInterface\IOInterface.csproj", "{991132D2-15E0-4BB7-8328-3A51646D4F01}"
EndProject
Project("{FAE04EC0-301F-11D3-BF4B-00C04F79EFBC}") = "BARCHART_IO", "Plugins\GraphDS\IO\Implementations\BARCHART_IO\BARCHART_IO.csproj", "{DB2FEFF5-230E-4E2F-8DF9-053DCD9BBAD9}"
EndProject
Project("{FAE04EC0-301F-11D3-BF4B-00C04F79EFBC}") = "GRAPHVIS_IO", "Plugins\GraphDS\IO\Implementations\GRAPHVIS_IO\GRAPHVIS_IO.csproj", "{45EFCF07-AD1F-418E-BAC3-9569F903E011}"
EndProject
Project("{FAE04EC0-301F-11D3-BF4B-00C04F79EFBC}") = "HTML_IO", "Plugins\GraphDS\IO\Implementations\HTML_IO\HTML_IO.csproj", "{80D5F893-014A-4FA4-AD9B-CADEDABF0874}"
EndProject
Project("{FAE04EC0-301F-11D3-BF4B-00C04F79EFBC}") = "JSON_IO", "Plugins\GraphDS\IO\Implementations\JSON_IO\JSON_IO.csproj", "{A820291C-1D86-42B7-9D97-F8C9A142E8D9}"
EndProject
Project("{FAE04EC0-301F-11D3-BF4B-00C04F79EFBC}") = "TEXT_IO", "Plugins\GraphDS\IO\Implementations\TEXT_IO\TEXT_IO.csproj", "{171350FD-4A94-498F-A8F3-3758038A92CA}"
EndProject
Project("{FAE04EC0-301F-11D3-BF4B-00C04F79EFBC}") = "XML_IO", "Plugins\GraphDS\IO\Implementations\XML_IO\XML_IO.csproj", "{D52A5921-EE93-499E-83C4-9E2DDAEC38D0}"
EndProject
Project("{FAE04EC0-301F-11D3-BF4B-00C04F79EFBC}") = "IService", "Plugins\GraphDS\Services\IService\IService.csproj", "{8250E943-02A0-499B-B0E7-C075F248CBC9}"
EndProject
Project("{FAE04EC0-301F-11D3-BF4B-00C04F79EFBC}") = "IUsageDataCollector", "Plugins\GraphDS\UDC\IUsageDataCollector\IUsageDataCollector.csproj", "{284AC56E-77A3-49E9-A2B7-23D015EE34FB}"
EndProject
Project("{FAE04EC0-301F-11D3-BF4B-00C04F79EFBC}") = "UsageDataCollectorClient", "Plugins\GraphDS\UDC\Implementations\UsageDataCollectorClient\UsageDataCollectorClient.csproj", "{527BFF61-4A88-4F92-B7B1-2F718735EFC9}"
EndProject
Global
	GlobalSection(SolutionConfigurationPlatforms) = preSolution
		Debug|Any CPU = Debug|Any CPU
		Release|Any CPU = Release|Any CPU
	EndGlobalSection
	GlobalSection(ProjectConfigurationPlatforms) = postSolution
		{1FC72801-4046-4CC7-BF83-8082FFD593BC}.Debug|Any CPU.ActiveCfg = Debug|Any CPU
		{1FC72801-4046-4CC7-BF83-8082FFD593BC}.Debug|Any CPU.Build.0 = Debug|Any CPU
		{1FC72801-4046-4CC7-BF83-8082FFD593BC}.Release|Any CPU.ActiveCfg = Release|Any CPU
		{1FC72801-4046-4CC7-BF83-8082FFD593BC}.Release|Any CPU.Build.0 = Release|Any CPU
		{5A691EE2-96EE-4F5F-858E-6A17088CE7A1}.Debug|Any CPU.ActiveCfg = Debug|Any CPU
		{5A691EE2-96EE-4F5F-858E-6A17088CE7A1}.Debug|Any CPU.Build.0 = Debug|Any CPU
		{5A691EE2-96EE-4F5F-858E-6A17088CE7A1}.Release|Any CPU.ActiveCfg = Release|Any CPU
		{5A691EE2-96EE-4F5F-858E-6A17088CE7A1}.Release|Any CPU.Build.0 = Release|Any CPU
		{AB7C27CC-534F-472E-BA56-A1287973B7E2}.Debug|Any CPU.ActiveCfg = Debug|Any CPU
		{AB7C27CC-534F-472E-BA56-A1287973B7E2}.Debug|Any CPU.Build.0 = Debug|Any CPU
		{AB7C27CC-534F-472E-BA56-A1287973B7E2}.Release|Any CPU.ActiveCfg = Release|Any CPU
		{AB7C27CC-534F-472E-BA56-A1287973B7E2}.Release|Any CPU.Build.0 = Release|Any CPU
		{FFFB6BE4-9514-41CF-AB68-5FB7B8E3D2E4}.Debug|Any CPU.ActiveCfg = Debug|Any CPU
		{FFFB6BE4-9514-41CF-AB68-5FB7B8E3D2E4}.Debug|Any CPU.Build.0 = Debug|Any CPU
		{FFFB6BE4-9514-41CF-AB68-5FB7B8E3D2E4}.Release|Any CPU.ActiveCfg = Release|Any CPU
		{FFFB6BE4-9514-41CF-AB68-5FB7B8E3D2E4}.Release|Any CPU.Build.0 = Release|Any CPU
		{A1BD782F-F3C4-4820-8B00-FDBDAADAE37D}.Debug|Any CPU.ActiveCfg = Debug|Any CPU
		{A1BD782F-F3C4-4820-8B00-FDBDAADAE37D}.Debug|Any CPU.Build.0 = Debug|Any CPU
		{A1BD782F-F3C4-4820-8B00-FDBDAADAE37D}.Release|Any CPU.ActiveCfg = Release|Any CPU
		{A1BD782F-F3C4-4820-8B00-FDBDAADAE37D}.Release|Any CPU.Build.0 = Release|Any CPU
		{EA1F7F6C-C8C9-4529-998D-B86701FFA1DE}.Debug|Any CPU.ActiveCfg = Debug|Any CPU
		{EA1F7F6C-C8C9-4529-998D-B86701FFA1DE}.Debug|Any CPU.Build.0 = Debug|Any CPU
		{EA1F7F6C-C8C9-4529-998D-B86701FFA1DE}.Release|Any CPU.ActiveCfg = Release|Any CPU
		{EA1F7F6C-C8C9-4529-998D-B86701FFA1DE}.Release|Any CPU.Build.0 = Release|Any CPU
		{1F652BC0-ECEE-409B-8EFB-51276C41EAD1}.Debug|Any CPU.ActiveCfg = Debug|Any CPU
		{1F652BC0-ECEE-409B-8EFB-51276C41EAD1}.Debug|Any CPU.Build.0 = Debug|Any CPU
		{1F652BC0-ECEE-409B-8EFB-51276C41EAD1}.Release|Any CPU.ActiveCfg = Release|Any CPU
		{1F652BC0-ECEE-409B-8EFB-51276C41EAD1}.Release|Any CPU.Build.0 = Release|Any CPU
		{A233FDB4-70A9-4284-827A-1704950E0EF3}.Debug|Any CPU.ActiveCfg = Debug|Any CPU
		{A233FDB4-70A9-4284-827A-1704950E0EF3}.Debug|Any CPU.Build.0 = Debug|Any CPU
		{A233FDB4-70A9-4284-827A-1704950E0EF3}.Release|Any CPU.ActiveCfg = Release|Any CPU
		{A233FDB4-70A9-4284-827A-1704950E0EF3}.Release|Any CPU.Build.0 = Release|Any CPU
		{581F49A5-9768-4CB3-AF92-3A3FC2B1F63B}.Debug|Any CPU.ActiveCfg = Debug|Any CPU
		{581F49A5-9768-4CB3-AF92-3A3FC2B1F63B}.Debug|Any CPU.Build.0 = Debug|Any CPU
		{581F49A5-9768-4CB3-AF92-3A3FC2B1F63B}.Release|Any CPU.ActiveCfg = Release|Any CPU
		{581F49A5-9768-4CB3-AF92-3A3FC2B1F63B}.Release|Any CPU.Build.0 = Release|Any CPU
		{DDC48D4C-6885-462C-B57A-216658EB94AE}.Debug|Any CPU.ActiveCfg = Debug|Any CPU
		{DDC48D4C-6885-462C-B57A-216658EB94AE}.Debug|Any CPU.Build.0 = Debug|Any CPU
		{DDC48D4C-6885-462C-B57A-216658EB94AE}.Release|Any CPU.ActiveCfg = Release|Any CPU
		{DDC48D4C-6885-462C-B57A-216658EB94AE}.Release|Any CPU.Build.0 = Release|Any CPU
		{85072DC6-7356-449F-9081-939F87AC0CC5}.Debug|Any CPU.ActiveCfg = Debug|Any CPU
		{85072DC6-7356-449F-9081-939F87AC0CC5}.Debug|Any CPU.Build.0 = Debug|Any CPU
		{85072DC6-7356-449F-9081-939F87AC0CC5}.Release|Any CPU.ActiveCfg = Release|Any CPU
		{85072DC6-7356-449F-9081-939F87AC0CC5}.Release|Any CPU.Build.0 = Release|Any CPU
		{CBE38660-10C5-4082-A1B9-A5002D961EA1}.Debug|Any CPU.ActiveCfg = Debug|Any CPU
		{CBE38660-10C5-4082-A1B9-A5002D961EA1}.Debug|Any CPU.Build.0 = Debug|Any CPU
		{CBE38660-10C5-4082-A1B9-A5002D961EA1}.Release|Any CPU.ActiveCfg = Release|Any CPU
		{CBE38660-10C5-4082-A1B9-A5002D961EA1}.Release|Any CPU.Build.0 = Release|Any CPU
		{8E0390D0-A7BF-46FE-900C-C411F762EFF2}.Debug|Any CPU.ActiveCfg = Debug|Any CPU
		{8E0390D0-A7BF-46FE-900C-C411F762EFF2}.Debug|Any CPU.Build.0 = Debug|Any CPU
		{8E0390D0-A7BF-46FE-900C-C411F762EFF2}.Release|Any CPU.ActiveCfg = Release|Any CPU
		{8E0390D0-A7BF-46FE-900C-C411F762EFF2}.Release|Any CPU.Build.0 = Release|Any CPU
		{E33D0E75-43A1-4643-928D-DA9E5D99E041}.Debug|Any CPU.ActiveCfg = Debug|Any CPU
		{E33D0E75-43A1-4643-928D-DA9E5D99E041}.Debug|Any CPU.Build.0 = Debug|Any CPU
		{E33D0E75-43A1-4643-928D-DA9E5D99E041}.Release|Any CPU.ActiveCfg = Release|Any CPU
		{E33D0E75-43A1-4643-928D-DA9E5D99E041}.Release|Any CPU.Build.0 = Release|Any CPU
		{C6DDFD34-176E-48AC-998F-854F98CD28BB}.Debug|Any CPU.ActiveCfg = Debug|Any CPU
		{C6DDFD34-176E-48AC-998F-854F98CD28BB}.Debug|Any CPU.Build.0 = Debug|Any CPU
		{C6DDFD34-176E-48AC-998F-854F98CD28BB}.Release|Any CPU.ActiveCfg = Release|Any CPU
		{C6DDFD34-176E-48AC-998F-854F98CD28BB}.Release|Any CPU.Build.0 = Release|Any CPU
		{CE9BF2C2-C785-4661-8F4F-64266C697343}.Debug|Any CPU.ActiveCfg = Debug|Any CPU
		{CE9BF2C2-C785-4661-8F4F-64266C697343}.Debug|Any CPU.Build.0 = Debug|Any CPU
		{CE9BF2C2-C785-4661-8F4F-64266C697343}.Release|Any CPU.ActiveCfg = Release|Any CPU
		{CE9BF2C2-C785-4661-8F4F-64266C697343}.Release|Any CPU.Build.0 = Release|Any CPU
		{9FD68FB4-3704-4B74-92B1-31623B0BC4A6}.Debug|Any CPU.ActiveCfg = Debug|Any CPU
		{9FD68FB4-3704-4B74-92B1-31623B0BC4A6}.Debug|Any CPU.Build.0 = Debug|Any CPU
		{9FD68FB4-3704-4B74-92B1-31623B0BC4A6}.Release|Any CPU.ActiveCfg = Release|Any CPU
		{9FD68FB4-3704-4B74-92B1-31623B0BC4A6}.Release|Any CPU.Build.0 = Release|Any CPU
		{7748D9BA-FB40-42F9-9F51-F636F9F1DA8E}.Debug|Any CPU.ActiveCfg = Debug|Any CPU
		{7748D9BA-FB40-42F9-9F51-F636F9F1DA8E}.Debug|Any CPU.Build.0 = Debug|Any CPU
		{7748D9BA-FB40-42F9-9F51-F636F9F1DA8E}.Release|Any CPU.ActiveCfg = Release|Any CPU
		{7748D9BA-FB40-42F9-9F51-F636F9F1DA8E}.Release|Any CPU.Build.0 = Release|Any CPU
		{90D26D64-57EA-4796-A195-15D044FCAF1A}.Debug|Any CPU.ActiveCfg = Debug|Any CPU
		{90D26D64-57EA-4796-A195-15D044FCAF1A}.Debug|Any CPU.Build.0 = Debug|Any CPU
		{90D26D64-57EA-4796-A195-15D044FCAF1A}.Release|Any CPU.ActiveCfg = Release|Any CPU
		{90D26D64-57EA-4796-A195-15D044FCAF1A}.Release|Any CPU.Build.0 = Release|Any CPU
		{1A2B672E-DD8C-4948-8370-1483408E3B50}.Debug|Any CPU.ActiveCfg = Debug|Any CPU
		{1A2B672E-DD8C-4948-8370-1483408E3B50}.Debug|Any CPU.Build.0 = Debug|Any CPU
		{1A2B672E-DD8C-4948-8370-1483408E3B50}.Release|Any CPU.ActiveCfg = Release|Any CPU
		{1A2B672E-DD8C-4948-8370-1483408E3B50}.Release|Any CPU.Build.0 = Release|Any CPU
		{E4A4B5FF-2203-48AA-99A9-41A52407452E}.Debug|Any CPU.ActiveCfg = Debug|Any CPU
		{E4A4B5FF-2203-48AA-99A9-41A52407452E}.Debug|Any CPU.Build.0 = Debug|Any CPU
		{E4A4B5FF-2203-48AA-99A9-41A52407452E}.Release|Any CPU.ActiveCfg = Release|Any CPU
		{E4A4B5FF-2203-48AA-99A9-41A52407452E}.Release|Any CPU.Build.0 = Release|Any CPU
		{33A00226-6C65-49DF-AFCA-89440AF492E5}.Debug|Any CPU.ActiveCfg = Debug|Any CPU
		{33A00226-6C65-49DF-AFCA-89440AF492E5}.Debug|Any CPU.Build.0 = Debug|Any CPU
		{33A00226-6C65-49DF-AFCA-89440AF492E5}.Release|Any CPU.ActiveCfg = Release|Any CPU
		{33A00226-6C65-49DF-AFCA-89440AF492E5}.Release|Any CPU.Build.0 = Release|Any CPU
		{41515EA3-7FC8-4D23-8C7A-B19FCAC4A723}.Debug|Any CPU.ActiveCfg = Debug|Any CPU
		{41515EA3-7FC8-4D23-8C7A-B19FCAC4A723}.Debug|Any CPU.Build.0 = Debug|Any CPU
		{41515EA3-7FC8-4D23-8C7A-B19FCAC4A723}.Release|Any CPU.ActiveCfg = Release|Any CPU
		{41515EA3-7FC8-4D23-8C7A-B19FCAC4A723}.Release|Any CPU.Build.0 = Release|Any CPU
		{4B3CB9D7-790C-46A3-B9E2-8E68D097D70D}.Debug|Any CPU.ActiveCfg = Debug|Any CPU
		{4B3CB9D7-790C-46A3-B9E2-8E68D097D70D}.Debug|Any CPU.Build.0 = Debug|Any CPU
		{4B3CB9D7-790C-46A3-B9E2-8E68D097D70D}.Release|Any CPU.ActiveCfg = Release|Any CPU
		{4B3CB9D7-790C-46A3-B9E2-8E68D097D70D}.Release|Any CPU.Build.0 = Release|Any CPU
		{E123D4F4-1B0C-4A8D-BFE9-576E034403D1}.Debug|Any CPU.ActiveCfg = Debug|Any CPU
		{E123D4F4-1B0C-4A8D-BFE9-576E034403D1}.Debug|Any CPU.Build.0 = Debug|Any CPU
		{E123D4F4-1B0C-4A8D-BFE9-576E034403D1}.Release|Any CPU.ActiveCfg = Release|Any CPU
		{E123D4F4-1B0C-4A8D-BFE9-576E034403D1}.Release|Any CPU.Build.0 = Release|Any CPU
		{D81F5C91-D7DB-46E5-BC99-49488FB6814C}.Debug|Any CPU.ActiveCfg = Debug|Any CPU
		{D81F5C91-D7DB-46E5-BC99-49488FB6814C}.Debug|Any CPU.Build.0 = Debug|Any CPU
		{D81F5C91-D7DB-46E5-BC99-49488FB6814C}.Release|Any CPU.ActiveCfg = Release|Any CPU
		{D81F5C91-D7DB-46E5-BC99-49488FB6814C}.Release|Any CPU.Build.0 = Release|Any CPU
		{942F25CF-46A7-4413-B062-E3395C8D1C9A}.Debug|Any CPU.ActiveCfg = Debug|Any CPU
		{942F25CF-46A7-4413-B062-E3395C8D1C9A}.Debug|Any CPU.Build.0 = Debug|Any CPU
		{942F25CF-46A7-4413-B062-E3395C8D1C9A}.Release|Any CPU.ActiveCfg = Release|Any CPU
		{942F25CF-46A7-4413-B062-E3395C8D1C9A}.Release|Any CPU.Build.0 = Release|Any CPU
		{45F6BE30-989A-4749-B6A0-69099C8661F4}.Debug|Any CPU.ActiveCfg = Debug|Any CPU
		{45F6BE30-989A-4749-B6A0-69099C8661F4}.Debug|Any CPU.Build.0 = Debug|Any CPU
		{45F6BE30-989A-4749-B6A0-69099C8661F4}.Release|Any CPU.ActiveCfg = Release|Any CPU
		{45F6BE30-989A-4749-B6A0-69099C8661F4}.Release|Any CPU.Build.0 = Release|Any CPU
		{A9AE40FF-1A21-414A-9FE7-3BE13644CC6D}.Debug|Any CPU.ActiveCfg = Debug|Any CPU
		{A9AE40FF-1A21-414A-9FE7-3BE13644CC6D}.Debug|Any CPU.Build.0 = Debug|Any CPU
		{A9AE40FF-1A21-414A-9FE7-3BE13644CC6D}.Release|Any CPU.ActiveCfg = Release|Any CPU
		{A9AE40FF-1A21-414A-9FE7-3BE13644CC6D}.Release|Any CPU.Build.0 = Release|Any CPU
		{2FB38C4B-C29D-4F34-B42C-7A82E79A0C14}.Debug|Any CPU.ActiveCfg = Debug|Any CPU
		{2FB38C4B-C29D-4F34-B42C-7A82E79A0C14}.Debug|Any CPU.Build.0 = Debug|Any CPU
		{2FB38C4B-C29D-4F34-B42C-7A82E79A0C14}.Release|Any CPU.ActiveCfg = Release|Any CPU
		{2FB38C4B-C29D-4F34-B42C-7A82E79A0C14}.Release|Any CPU.Build.0 = Release|Any CPU
		{1E30E203-20DE-4DA3-854A-18FEFADA6D7A}.Debug|Any CPU.ActiveCfg = Debug|Any CPU
		{1E30E203-20DE-4DA3-854A-18FEFADA6D7A}.Debug|Any CPU.Build.0 = Debug|Any CPU
		{1E30E203-20DE-4DA3-854A-18FEFADA6D7A}.Release|Any CPU.ActiveCfg = Release|Any CPU
		{1E30E203-20DE-4DA3-854A-18FEFADA6D7A}.Release|Any CPU.Build.0 = Release|Any CPU
		{89E70649-A81B-4A70-A9A1-B91EA96CE8A1}.Debug|Any CPU.ActiveCfg = Debug|Any CPU
		{89E70649-A81B-4A70-A9A1-B91EA96CE8A1}.Debug|Any CPU.Build.0 = Debug|Any CPU
		{89E70649-A81B-4A70-A9A1-B91EA96CE8A1}.Release|Any CPU.ActiveCfg = Release|Any CPU
		{89E70649-A81B-4A70-A9A1-B91EA96CE8A1}.Release|Any CPU.Build.0 = Release|Any CPU
		{20D600AA-CD60-423D-A8EE-BCD93F861879}.Debug|Any CPU.ActiveCfg = Debug|Any CPU
		{20D600AA-CD60-423D-A8EE-BCD93F861879}.Debug|Any CPU.Build.0 = Debug|Any CPU
		{20D600AA-CD60-423D-A8EE-BCD93F861879}.Release|Any CPU.ActiveCfg = Release|Any CPU
		{20D600AA-CD60-423D-A8EE-BCD93F861879}.Release|Any CPU.Build.0 = Release|Any CPU
		{6C8C30F7-1F75-4FA4-B5E9-6FB9AC8FA4FB}.Debug|Any CPU.ActiveCfg = Debug|Any CPU
		{6C8C30F7-1F75-4FA4-B5E9-6FB9AC8FA4FB}.Debug|Any CPU.Build.0 = Debug|Any CPU
		{6C8C30F7-1F75-4FA4-B5E9-6FB9AC8FA4FB}.Release|Any CPU.ActiveCfg = Release|Any CPU
		{6C8C30F7-1F75-4FA4-B5E9-6FB9AC8FA4FB}.Release|Any CPU.Build.0 = Release|Any CPU
		{6A6D0690-78A4-4134-AA2B-4A7A39535612}.Debug|Any CPU.ActiveCfg = Debug|Any CPU
		{6A6D0690-78A4-4134-AA2B-4A7A39535612}.Debug|Any CPU.Build.0 = Debug|Any CPU
		{6A6D0690-78A4-4134-AA2B-4A7A39535612}.Release|Any CPU.ActiveCfg = Release|Any CPU
		{6A6D0690-78A4-4134-AA2B-4A7A39535612}.Release|Any CPU.Build.0 = Release|Any CPU
		{CF68820B-F07E-4FCF-A00B-D9F3B5A259ED}.Debug|Any CPU.ActiveCfg = Debug|Any CPU
		{CF68820B-F07E-4FCF-A00B-D9F3B5A259ED}.Debug|Any CPU.Build.0 = Debug|Any CPU
		{CF68820B-F07E-4FCF-A00B-D9F3B5A259ED}.Release|Any CPU.ActiveCfg = Release|Any CPU
		{CF68820B-F07E-4FCF-A00B-D9F3B5A259ED}.Release|Any CPU.Build.0 = Release|Any CPU
		{9DA95789-BE43-47EB-A2F7-9091FFF8D571}.Debug|Any CPU.ActiveCfg = Debug|Any CPU
		{9DA95789-BE43-47EB-A2F7-9091FFF8D571}.Debug|Any CPU.Build.0 = Debug|Any CPU
		{9DA95789-BE43-47EB-A2F7-9091FFF8D571}.Release|Any CPU.ActiveCfg = Release|Any CPU
		{9DA95789-BE43-47EB-A2F7-9091FFF8D571}.Release|Any CPU.Build.0 = Release|Any CPU
		{51C8E5F7-F888-4500-B1EE-D20337FA451F}.Debug|Any CPU.ActiveCfg = Debug|Any CPU
		{51C8E5F7-F888-4500-B1EE-D20337FA451F}.Debug|Any CPU.Build.0 = Debug|Any CPU
		{51C8E5F7-F888-4500-B1EE-D20337FA451F}.Release|Any CPU.ActiveCfg = Release|Any CPU
		{51C8E5F7-F888-4500-B1EE-D20337FA451F}.Release|Any CPU.Build.0 = Release|Any CPU
		{DFC1BC4B-F865-48C6-B8E1-64644D410748}.Debug|Any CPU.ActiveCfg = Debug|Any CPU
		{DFC1BC4B-F865-48C6-B8E1-64644D410748}.Debug|Any CPU.Build.0 = Debug|Any CPU
		{DFC1BC4B-F865-48C6-B8E1-64644D410748}.Release|Any CPU.ActiveCfg = Release|Any CPU
		{DFC1BC4B-F865-48C6-B8E1-64644D410748}.Release|Any CPU.Build.0 = Release|Any CPU
		{3B43C10E-28AE-42E5-9B9B-08F2B4153951}.Debug|Any CPU.ActiveCfg = Debug|Any CPU
		{3B43C10E-28AE-42E5-9B9B-08F2B4153951}.Debug|Any CPU.Build.0 = Debug|Any CPU
		{3B43C10E-28AE-42E5-9B9B-08F2B4153951}.Release|Any CPU.ActiveCfg = Release|Any CPU
		{3B43C10E-28AE-42E5-9B9B-08F2B4153951}.Release|Any CPU.Build.0 = Release|Any CPU
		{95295FE7-C0EB-45ED-88B0-2B66902BEE0C}.Debug|Any CPU.ActiveCfg = Debug|Any CPU
		{95295FE7-C0EB-45ED-88B0-2B66902BEE0C}.Debug|Any CPU.Build.0 = Debug|Any CPU
		{95295FE7-C0EB-45ED-88B0-2B66902BEE0C}.Release|Any CPU.ActiveCfg = Release|Any CPU
		{95295FE7-C0EB-45ED-88B0-2B66902BEE0C}.Release|Any CPU.Build.0 = Release|Any CPU
		{80934A33-3BCB-4732-AA2D-02D8925336C9}.Debug|Any CPU.ActiveCfg = Debug|Any CPU
		{80934A33-3BCB-4732-AA2D-02D8925336C9}.Debug|Any CPU.Build.0 = Debug|Any CPU
		{80934A33-3BCB-4732-AA2D-02D8925336C9}.Release|Any CPU.ActiveCfg = Release|Any CPU
		{80934A33-3BCB-4732-AA2D-02D8925336C9}.Release|Any CPU.Build.0 = Release|Any CPU
		{47F01C51-E6DA-496D-8F78-F475727C8708}.Debug|Any CPU.ActiveCfg = Debug|Any CPU
		{47F01C51-E6DA-496D-8F78-F475727C8708}.Debug|Any CPU.Build.0 = Debug|Any CPU
		{47F01C51-E6DA-496D-8F78-F475727C8708}.Release|Any CPU.ActiveCfg = Release|Any CPU
		{47F01C51-E6DA-496D-8F78-F475727C8708}.Release|Any CPU.Build.0 = Release|Any CPU
		{823E8AF4-CF92-4E74-8ABD-38693279EB1E}.Debug|Any CPU.ActiveCfg = Debug|Any CPU
		{823E8AF4-CF92-4E74-8ABD-38693279EB1E}.Debug|Any CPU.Build.0 = Debug|Any CPU
		{823E8AF4-CF92-4E74-8ABD-38693279EB1E}.Release|Any CPU.ActiveCfg = Release|Any CPU
		{823E8AF4-CF92-4E74-8ABD-38693279EB1E}.Release|Any CPU.Build.0 = Release|Any CPU
		{F51DA5BD-5808-409E-A907-4EF93B2C5E71}.Debug|Any CPU.ActiveCfg = Debug|Any CPU
		{F51DA5BD-5808-409E-A907-4EF93B2C5E71}.Debug|Any CPU.Build.0 = Debug|Any CPU
		{F51DA5BD-5808-409E-A907-4EF93B2C5E71}.Release|Any CPU.ActiveCfg = Release|Any CPU
		{F51DA5BD-5808-409E-A907-4EF93B2C5E71}.Release|Any CPU.Build.0 = Release|Any CPU
		{1BC7DDCF-B048-4F55-B44F-6471AFB3DAC1}.Debug|Any CPU.ActiveCfg = Debug|Any CPU
		{1BC7DDCF-B048-4F55-B44F-6471AFB3DAC1}.Debug|Any CPU.Build.0 = Debug|Any CPU
		{1BC7DDCF-B048-4F55-B44F-6471AFB3DAC1}.Release|Any CPU.ActiveCfg = Release|Any CPU
		{1BC7DDCF-B048-4F55-B44F-6471AFB3DAC1}.Release|Any CPU.Build.0 = Release|Any CPU
		{0C46B3E2-E580-4E68-AA23-89ECC9D380A0}.Debug|Any CPU.ActiveCfg = Debug|Any CPU
		{0C46B3E2-E580-4E68-AA23-89ECC9D380A0}.Debug|Any CPU.Build.0 = Debug|Any CPU
		{0C46B3E2-E580-4E68-AA23-89ECC9D380A0}.Release|Any CPU.ActiveCfg = Release|Any CPU
		{0C46B3E2-E580-4E68-AA23-89ECC9D380A0}.Release|Any CPU.Build.0 = Release|Any CPU
		{26BFEE62-82B9-4EFA-9F91-08FD947551A8}.Debug|Any CPU.ActiveCfg = Debug|Any CPU
		{26BFEE62-82B9-4EFA-9F91-08FD947551A8}.Debug|Any CPU.Build.0 = Debug|Any CPU
		{26BFEE62-82B9-4EFA-9F91-08FD947551A8}.Release|Any CPU.ActiveCfg = Release|Any CPU
		{26BFEE62-82B9-4EFA-9F91-08FD947551A8}.Release|Any CPU.Build.0 = Release|Any CPU
		{F751657F-0E6C-46C5-A59C-02D7A924A051}.Debug|Any CPU.ActiveCfg = Debug|Any CPU
		{F751657F-0E6C-46C5-A59C-02D7A924A051}.Debug|Any CPU.Build.0 = Debug|Any CPU
		{F751657F-0E6C-46C5-A59C-02D7A924A051}.Release|Any CPU.ActiveCfg = Release|Any CPU
		{F751657F-0E6C-46C5-A59C-02D7A924A051}.Release|Any CPU.Build.0 = Release|Any CPU
		{BE2A2669-CCDE-40A8-AEAB-673260D7260A}.Debug|Any CPU.ActiveCfg = Debug|Any CPU
		{BE2A2669-CCDE-40A8-AEAB-673260D7260A}.Debug|Any CPU.Build.0 = Debug|Any CPU
		{BE2A2669-CCDE-40A8-AEAB-673260D7260A}.Release|Any CPU.ActiveCfg = Release|Any CPU
		{BE2A2669-CCDE-40A8-AEAB-673260D7260A}.Release|Any CPU.Build.0 = Release|Any CPU
		{9542AA45-4A4F-4364-BDD8-1446261F0963}.Debug|Any CPU.ActiveCfg = Debug|Any CPU
		{9542AA45-4A4F-4364-BDD8-1446261F0963}.Debug|Any CPU.Build.0 = Debug|Any CPU
		{9542AA45-4A4F-4364-BDD8-1446261F0963}.Release|Any CPU.ActiveCfg = Release|Any CPU
		{9542AA45-4A4F-4364-BDD8-1446261F0963}.Release|Any CPU.Build.0 = Release|Any CPU
		{EDD2138A-809C-439C-A7B7-AC7980229DF9}.Debug|Any CPU.ActiveCfg = Debug|Any CPU
		{EDD2138A-809C-439C-A7B7-AC7980229DF9}.Debug|Any CPU.Build.0 = Debug|Any CPU
		{EDD2138A-809C-439C-A7B7-AC7980229DF9}.Release|Any CPU.ActiveCfg = Release|Any CPU
		{EDD2138A-809C-439C-A7B7-AC7980229DF9}.Release|Any CPU.Build.0 = Release|Any CPU
		{84B824AF-80ED-4383-9BEF-FBC533FFE629}.Debug|Any CPU.ActiveCfg = Debug|Any CPU
		{84B824AF-80ED-4383-9BEF-FBC533FFE629}.Debug|Any CPU.Build.0 = Debug|Any CPU
		{84B824AF-80ED-4383-9BEF-FBC533FFE629}.Release|Any CPU.ActiveCfg = Release|Any CPU
		{84B824AF-80ED-4383-9BEF-FBC533FFE629}.Release|Any CPU.Build.0 = Release|Any CPU
		{FCF3C622-5CF6-4C2A-B024-4046D6E4941C}.Debug|Any CPU.ActiveCfg = Debug|Any CPU
		{FCF3C622-5CF6-4C2A-B024-4046D6E4941C}.Debug|Any CPU.Build.0 = Debug|Any CPU
		{FCF3C622-5CF6-4C2A-B024-4046D6E4941C}.Release|Any CPU.ActiveCfg = Release|Any CPU
		{FCF3C622-5CF6-4C2A-B024-4046D6E4941C}.Release|Any CPU.Build.0 = Release|Any CPU
		{2AC692FD-2E5E-45C1-A188-888064050D67}.Debug|Any CPU.ActiveCfg = Debug|Any CPU
		{2AC692FD-2E5E-45C1-A188-888064050D67}.Debug|Any CPU.Build.0 = Debug|Any CPU
		{2AC692FD-2E5E-45C1-A188-888064050D67}.Release|Any CPU.ActiveCfg = Release|Any CPU
		{2AC692FD-2E5E-45C1-A188-888064050D67}.Release|Any CPU.Build.0 = Release|Any CPU
		{B70DCE72-B636-442A-8825-F3BE78D86D34}.Debug|Any CPU.ActiveCfg = Debug|Any CPU
		{B70DCE72-B636-442A-8825-F3BE78D86D34}.Debug|Any CPU.Build.0 = Debug|Any CPU
		{B70DCE72-B636-442A-8825-F3BE78D86D34}.Release|Any CPU.ActiveCfg = Release|Any CPU
		{B70DCE72-B636-442A-8825-F3BE78D86D34}.Release|Any CPU.Build.0 = Release|Any CPU
		{CDAE254B-77D9-4E59-9C07-C18F0085F570}.Debug|Any CPU.ActiveCfg = Debug|Any CPU
		{CDAE254B-77D9-4E59-9C07-C18F0085F570}.Debug|Any CPU.Build.0 = Debug|Any CPU
		{CDAE254B-77D9-4E59-9C07-C18F0085F570}.Release|Any CPU.ActiveCfg = Release|Any CPU
		{CDAE254B-77D9-4E59-9C07-C18F0085F570}.Release|Any CPU.Build.0 = Release|Any CPU
		{7E58D30B-4108-4941-BF85-A5C309F87536}.Debug|Any CPU.ActiveCfg = Debug|Any CPU
		{7E58D30B-4108-4941-BF85-A5C309F87536}.Debug|Any CPU.Build.0 = Debug|Any CPU
		{7E58D30B-4108-4941-BF85-A5C309F87536}.Release|Any CPU.ActiveCfg = Release|Any CPU
		{7E58D30B-4108-4941-BF85-A5C309F87536}.Release|Any CPU.Build.0 = Release|Any CPU
		{422CF815-6A94-424B-AD6B-DC41A88C6E61}.Debug|Any CPU.ActiveCfg = Debug|Any CPU
		{422CF815-6A94-424B-AD6B-DC41A88C6E61}.Debug|Any CPU.Build.0 = Debug|Any CPU
		{422CF815-6A94-424B-AD6B-DC41A88C6E61}.Release|Any CPU.ActiveCfg = Release|Any CPU
		{422CF815-6A94-424B-AD6B-DC41A88C6E61}.Release|Any CPU.Build.0 = Release|Any CPU
		{9E2BBF58-75A7-4C03-959C-A557F04927BA}.Debug|Any CPU.ActiveCfg = Debug|Any CPU
		{9E2BBF58-75A7-4C03-959C-A557F04927BA}.Debug|Any CPU.Build.0 = Debug|Any CPU
		{9E2BBF58-75A7-4C03-959C-A557F04927BA}.Release|Any CPU.ActiveCfg = Release|Any CPU
		{9E2BBF58-75A7-4C03-959C-A557F04927BA}.Release|Any CPU.Build.0 = Release|Any CPU
		{991132D2-15E0-4BB7-8328-3A51646D4F01}.Debug|Any CPU.ActiveCfg = Debug|Any CPU
		{991132D2-15E0-4BB7-8328-3A51646D4F01}.Debug|Any CPU.Build.0 = Debug|Any CPU
		{991132D2-15E0-4BB7-8328-3A51646D4F01}.Release|Any CPU.ActiveCfg = Release|Any CPU
		{991132D2-15E0-4BB7-8328-3A51646D4F01}.Release|Any CPU.Build.0 = Release|Any CPU
		{DB2FEFF5-230E-4E2F-8DF9-053DCD9BBAD9}.Debug|Any CPU.ActiveCfg = Debug|Any CPU
		{DB2FEFF5-230E-4E2F-8DF9-053DCD9BBAD9}.Debug|Any CPU.Build.0 = Debug|Any CPU
		{DB2FEFF5-230E-4E2F-8DF9-053DCD9BBAD9}.Release|Any CPU.ActiveCfg = Release|Any CPU
		{DB2FEFF5-230E-4E2F-8DF9-053DCD9BBAD9}.Release|Any CPU.Build.0 = Release|Any CPU
		{45EFCF07-AD1F-418E-BAC3-9569F903E011}.Debug|Any CPU.ActiveCfg = Debug|Any CPU
		{45EFCF07-AD1F-418E-BAC3-9569F903E011}.Debug|Any CPU.Build.0 = Debug|Any CPU
		{45EFCF07-AD1F-418E-BAC3-9569F903E011}.Release|Any CPU.ActiveCfg = Release|Any CPU
		{45EFCF07-AD1F-418E-BAC3-9569F903E011}.Release|Any CPU.Build.0 = Release|Any CPU
		{80D5F893-014A-4FA4-AD9B-CADEDABF0874}.Debug|Any CPU.ActiveCfg = Debug|Any CPU
		{80D5F893-014A-4FA4-AD9B-CADEDABF0874}.Debug|Any CPU.Build.0 = Debug|Any CPU
		{80D5F893-014A-4FA4-AD9B-CADEDABF0874}.Release|Any CPU.ActiveCfg = Release|Any CPU
		{80D5F893-014A-4FA4-AD9B-CADEDABF0874}.Release|Any CPU.Build.0 = Release|Any CPU
		{A820291C-1D86-42B7-9D97-F8C9A142E8D9}.Debug|Any CPU.ActiveCfg = Debug|Any CPU
		{A820291C-1D86-42B7-9D97-F8C9A142E8D9}.Debug|Any CPU.Build.0 = Debug|Any CPU
		{A820291C-1D86-42B7-9D97-F8C9A142E8D9}.Release|Any CPU.ActiveCfg = Release|Any CPU
		{A820291C-1D86-42B7-9D97-F8C9A142E8D9}.Release|Any CPU.Build.0 = Release|Any CPU
		{171350FD-4A94-498F-A8F3-3758038A92CA}.Debug|Any CPU.ActiveCfg = Debug|Any CPU
		{171350FD-4A94-498F-A8F3-3758038A92CA}.Debug|Any CPU.Build.0 = Debug|Any CPU
		{171350FD-4A94-498F-A8F3-3758038A92CA}.Release|Any CPU.ActiveCfg = Release|Any CPU
		{171350FD-4A94-498F-A8F3-3758038A92CA}.Release|Any CPU.Build.0 = Release|Any CPU
		{D52A5921-EE93-499E-83C4-9E2DDAEC38D0}.Debug|Any CPU.ActiveCfg = Debug|Any CPU
		{D52A5921-EE93-499E-83C4-9E2DDAEC38D0}.Debug|Any CPU.Build.0 = Debug|Any CPU
		{D52A5921-EE93-499E-83C4-9E2DDAEC38D0}.Release|Any CPU.ActiveCfg = Release|Any CPU
		{D52A5921-EE93-499E-83C4-9E2DDAEC38D0}.Release|Any CPU.Build.0 = Release|Any CPU
		{8250E943-02A0-499B-B0E7-C075F248CBC9}.Debug|Any CPU.ActiveCfg = Debug|Any CPU
		{8250E943-02A0-499B-B0E7-C075F248CBC9}.Debug|Any CPU.Build.0 = Debug|Any CPU
		{8250E943-02A0-499B-B0E7-C075F248CBC9}.Release|Any CPU.ActiveCfg = Release|Any CPU
		{8250E943-02A0-499B-B0E7-C075F248CBC9}.Release|Any CPU.Build.0 = Release|Any CPU
		{284AC56E-77A3-49E9-A2B7-23D015EE34FB}.Debug|Any CPU.ActiveCfg = Debug|Any CPU
		{284AC56E-77A3-49E9-A2B7-23D015EE34FB}.Debug|Any CPU.Build.0 = Debug|Any CPU
		{284AC56E-77A3-49E9-A2B7-23D015EE34FB}.Release|Any CPU.ActiveCfg = Release|Any CPU
		{284AC56E-77A3-49E9-A2B7-23D015EE34FB}.Release|Any CPU.Build.0 = Release|Any CPU
		{527BFF61-4A88-4F92-B7B1-2F718735EFC9}.Debug|Any CPU.ActiveCfg = Debug|Any CPU
		{527BFF61-4A88-4F92-B7B1-2F718735EFC9}.Debug|Any CPU.Build.0 = Debug|Any CPU
		{527BFF61-4A88-4F92-B7B1-2F718735EFC9}.Release|Any CPU.ActiveCfg = Release|Any CPU
		{527BFF61-4A88-4F92-B7B1-2F718735EFC9}.Release|Any CPU.Build.0 = Release|Any CPU
	EndGlobalSection
	GlobalSection(SolutionProperties) = preSolution
		HideSolutionNode = FALSE
	EndGlobalSection
	GlobalSection(NestedProjects) = preSolution
		{D2ABB876-E289-4A3D-9C80-15F6146480FA} = {7198D772-DBF4-4D7E-A13E-D90AE3883E6C}
		{5A691EE2-96EE-4F5F-858E-6A17088CE7A1} = {7198D772-DBF4-4D7E-A13E-D90AE3883E6C}
		{1FC72801-4046-4CC7-BF83-8082FFD593BC} = {D2ABB876-E289-4A3D-9C80-15F6146480FA}
		{FBB96F45-4DA8-4586-8ADC-CB5BA88ABD89} = {39E890D9-4800-4C79-8604-593F9618214E}
		{FFFB6BE4-9514-41CF-AB68-5FB7B8E3D2E4} = {39E890D9-4800-4C79-8604-593F9618214E}
		{AB7C27CC-534F-472E-BA56-A1287973B7E2} = {FBB96F45-4DA8-4586-8ADC-CB5BA88ABD89}
		{CD3B461E-EBA3-4B35-9003-7E6067145472} = {0075FE7B-8E35-4770-997E-8C4190ECA6A8}
		{A950D82D-E727-4CF5-B4D4-7B872D733E3C} = {0075FE7B-8E35-4770-997E-8C4190ECA6A8}
		{A1BD782F-F3C4-4820-8B00-FDBDAADAE37D} = {CD3B461E-EBA3-4B35-9003-7E6067145472}
		{EA1F7F6C-C8C9-4529-998D-B86701FFA1DE} = {CD3B461E-EBA3-4B35-9003-7E6067145472}
		{1F652BC0-ECEE-409B-8EFB-51276C41EAD1} = {CD3B461E-EBA3-4B35-9003-7E6067145472}
		{A233FDB4-70A9-4284-827A-1704950E0EF3} = {CD3B461E-EBA3-4B35-9003-7E6067145472}
		{581F49A5-9768-4CB3-AF92-3A3FC2B1F63B} = {CD3B461E-EBA3-4B35-9003-7E6067145472}
		{BB6BDFAB-482E-42B7-B954-84F33CFFFFB6} = {CD3B461E-EBA3-4B35-9003-7E6067145472}
		{CBE38660-10C5-4082-A1B9-A5002D961EA1} = {CD3B461E-EBA3-4B35-9003-7E6067145472}
		{8E0390D0-A7BF-46FE-900C-C411F762EFF2} = {CD3B461E-EBA3-4B35-9003-7E6067145472}
		{E33D0E75-43A1-4643-928D-DA9E5D99E041} = {CD3B461E-EBA3-4B35-9003-7E6067145472}
		{C6DDFD34-176E-48AC-998F-854F98CD28BB} = {CD3B461E-EBA3-4B35-9003-7E6067145472}
		{CE9BF2C2-C785-4661-8F4F-64266C697343} = {CD3B461E-EBA3-4B35-9003-7E6067145472}
		{9FD68FB4-3704-4B74-92B1-31623B0BC4A6} = {CD3B461E-EBA3-4B35-9003-7E6067145472}
		{7748D9BA-FB40-42F9-9F51-F636F9F1DA8E} = {CD3B461E-EBA3-4B35-9003-7E6067145472}
		{90D26D64-57EA-4796-A195-15D044FCAF1A} = {CD3B461E-EBA3-4B35-9003-7E6067145472}
		{1A2B672E-DD8C-4948-8370-1483408E3B50} = {CD3B461E-EBA3-4B35-9003-7E6067145472}
		{8A905341-9398-4CCF-BF38-FE3E18EDD54C} = {CD3B461E-EBA3-4B35-9003-7E6067145472}
		{41515EA3-7FC8-4D23-8C7A-B19FCAC4A723} = {CD3B461E-EBA3-4B35-9003-7E6067145472}
		{4B3CB9D7-790C-46A3-B9E2-8E68D097D70D} = {CD3B461E-EBA3-4B35-9003-7E6067145472}
		{E123D4F4-1B0C-4A8D-BFE9-576E034403D1} = {CD3B461E-EBA3-4B35-9003-7E6067145472}
		{DDC48D4C-6885-462C-B57A-216658EB94AE} = {BB6BDFAB-482E-42B7-B954-84F33CFFFFB6}
		{85072DC6-7356-449F-9081-939F87AC0CC5} = {BB6BDFAB-482E-42B7-B954-84F33CFFFFB6}
		{E4A4B5FF-2203-48AA-99A9-41A52407452E} = {8A905341-9398-4CCF-BF38-FE3E18EDD54C}
		{33A00226-6C65-49DF-AFCA-89440AF492E5} = {8A905341-9398-4CCF-BF38-FE3E18EDD54C}
		{D81F5C91-D7DB-46E5-BC99-49488FB6814C} = {A950D82D-E727-4CF5-B4D4-7B872D733E3C}
		{942F25CF-46A7-4413-B062-E3395C8D1C9A} = {A950D82D-E727-4CF5-B4D4-7B872D733E3C}
		{45F6BE30-989A-4749-B6A0-69099C8661F4} = {A950D82D-E727-4CF5-B4D4-7B872D733E3C}
		{A9AE40FF-1A21-414A-9FE7-3BE13644CC6D} = {A950D82D-E727-4CF5-B4D4-7B872D733E3C}
		{EA38B67C-F886-43E3-9438-549E28000220} = {2DA0873C-260F-45B9-BC5C-3453249E00D9}
		{6A6D0690-78A4-4134-AA2B-4A7A39535612} = {2DA0873C-260F-45B9-BC5C-3453249E00D9}
		{D92AF9AE-48D1-4B1B-9B70-250F1CEEFABE} = {EA38B67C-F886-43E3-9438-549E28000220}
		{15589123-5145-44D4-9514-214729FD9EF3} = {EA38B67C-F886-43E3-9438-549E28000220}
		{CB4F2C9A-E740-4C52-817C-381F72BC17A1} = {EA38B67C-F886-43E3-9438-549E28000220}
		{75F38D02-8EDB-4955-8D24-C1FF17732F9D} = {D92AF9AE-48D1-4B1B-9B70-250F1CEEFABE}
		{1E30E203-20DE-4DA3-854A-18FEFADA6D7A} = {D92AF9AE-48D1-4B1B-9B70-250F1CEEFABE}
		{2FB38C4B-C29D-4F34-B42C-7A82E79A0C14} = {75F38D02-8EDB-4955-8D24-C1FF17732F9D}
		{89E70649-A81B-4A70-A9A1-B91EA96CE8A1} = {15589123-5145-44D4-9514-214729FD9EF3}
		{49AD5B01-49DE-4330-BDDC-876ABA4C04A2} = {15589123-5145-44D4-9514-214729FD9EF3}
		{20D600AA-CD60-423D-A8EE-BCD93F861879} = {49AD5B01-49DE-4330-BDDC-876ABA4C04A2}
		{6C8C30F7-1F75-4FA4-B5E9-6FB9AC8FA4FB} = {CB4F2C9A-E740-4C52-817C-381F72BC17A1}
		{CF68820B-F07E-4FCF-A00B-D9F3B5A259ED} = {F9FAFD9F-BC60-4EDD-8BA5-8961B7A3BAFF}
		{9DA95789-BE43-47EB-A2F7-9091FFF8D571} = {F9FAFD9F-BC60-4EDD-8BA5-8961B7A3BAFF}
		{EDD2138A-809C-439C-A7B7-AC7980229DF9} = {F9FAFD9F-BC60-4EDD-8BA5-8961B7A3BAFF}
		{601ADD59-4F38-422A-851A-8B0312872F8F} = {3854684E-AC84-4B62-B435-2CF95A40AAD7}
		{48ACC5ED-F25B-458A-94E7-9128C17445B5} = {3854684E-AC84-4B62-B435-2CF95A40AAD7}
		{5AAE6106-287F-4C6E-B2A7-0B0695BBD521} = {3854684E-AC84-4B62-B435-2CF95A40AAD7}
		{A7B90BF6-6D23-4857-AA2B-5F0B88F9A59D} = {3854684E-AC84-4B62-B435-2CF95A40AAD7}
		{2B34D970-2910-435E-AD67-69E29DB16492} = {601ADD59-4F38-422A-851A-8B0312872F8F}
		{FC621147-A299-4DE4-A2CC-DA71FD57044A} = {2B34D970-2910-435E-AD67-69E29DB16492}
		{500C1B9C-E9CD-4008-9EE4-5229A6CE93DC} = {2B34D970-2910-435E-AD67-69E29DB16492}
		{783441F8-43EC-481A-BAB9-4BBA325C7FF3} = {2B34D970-2910-435E-AD67-69E29DB16492}
		{A385656D-4858-4B2E-94C3-9F791C56DB32} = {2B34D970-2910-435E-AD67-69E29DB16492}
		{4BDE2E98-D73C-4F6E-9A3C-46C5D3FFF67E} = {2B34D970-2910-435E-AD67-69E29DB16492}
		{41587928-1808-442F-B7D3-49E192922A82} = {FC621147-A299-4DE4-A2CC-DA71FD57044A}
		{B70DCE72-B636-442A-8825-F3BE78D86D34} = {FC621147-A299-4DE4-A2CC-DA71FD57044A}
		{926CDBA3-ED74-48B6-B171-80D9C1F90859} = {500C1B9C-E9CD-4008-9EE4-5229A6CE93DC}
		{CDAE254B-77D9-4E59-9C07-C18F0085F570} = {500C1B9C-E9CD-4008-9EE4-5229A6CE93DC}
		{422CF815-6A94-424B-AD6B-DC41A88C6E61} = {A8847BC0-C0D2-406D-AAD0-8479CDD8ECB2}
		{9E2BBF58-75A7-4C03-959C-A557F04927BA} = {A8847BC0-C0D2-406D-AAD0-8479CDD8ECB2}
		{D77D77E2-1D6F-4A12-BA7A-4AB8ED4FF616} = {783441F8-43EC-481A-BAB9-4BBA325C7FF3}
		{3B43C10E-28AE-42E5-9B9B-08F2B4153951} = {783441F8-43EC-481A-BAB9-4BBA325C7FF3}
		{51C8E5F7-F888-4500-B1EE-D20337FA451F} = {D77D77E2-1D6F-4A12-BA7A-4AB8ED4FF616}
		{DFC1BC4B-F865-48C6-B8E1-64644D410748} = {D77D77E2-1D6F-4A12-BA7A-4AB8ED4FF616}
		{84B824AF-80ED-4383-9BEF-FBC533FFE629} = {D77D77E2-1D6F-4A12-BA7A-4AB8ED4FF616}
		{ABE22B73-279C-4DC0-A875-CE357EFB2BFF} = {A385656D-4858-4B2E-94C3-9F791C56DB32}
		{80934A33-3BCB-4732-AA2D-02D8925336C9} = {A385656D-4858-4B2E-94C3-9F791C56DB32}
		{95295FE7-C0EB-45ED-88B0-2B66902BEE0C} = {ABE22B73-279C-4DC0-A875-CE357EFB2BFF}
		{47F01C51-E6DA-496D-8F78-F475727C8708} = {4BDE2E98-D73C-4F6E-9A3C-46C5D3FFF67E}
		{FACE26D6-DCE4-49EC-AEFD-96B580BB022B} = {48ACC5ED-F25B-458A-94E7-9128C17445B5}
		{823E8AF4-CF92-4E74-8ABD-38693279EB1E} = {48ACC5ED-F25B-458A-94E7-9128C17445B5}
		{FCF3C622-5CF6-4C2A-B024-4046D6E4941C} = {FACE26D6-DCE4-49EC-AEFD-96B580BB022B}
		{337E92A1-8475-4A6C-8114-64B6629FB7E8} = {5AAE6106-287F-4C6E-B2A7-0B0695BBD521}
		{85E9BD73-E45E-4475-A59E-21692A7AEB85} = {5AAE6106-287F-4C6E-B2A7-0B0695BBD521}
		{4AAE0068-49E5-4016-BC3E-37206D5D6B20} = {5AAE6106-287F-4C6E-B2A7-0B0695BBD521}
		{7587F1FA-AD4E-490D-81B8-AFDE13AFAA7A} = {5AAE6106-287F-4C6E-B2A7-0B0695BBD521}
		{8E6C6894-AF41-4512-8393-760EEA190F1F} = {337E92A1-8475-4A6C-8114-64B6629FB7E8}
		{991132D2-15E0-4BB7-8328-3A51646D4F01} = {337E92A1-8475-4A6C-8114-64B6629FB7E8}
		{DB2FEFF5-230E-4E2F-8DF9-053DCD9BBAD9} = {8E6C6894-AF41-4512-8393-760EEA190F1F}
		{45EFCF07-AD1F-418E-BAC3-9569F903E011} = {8E6C6894-AF41-4512-8393-760EEA190F1F}
		{80D5F893-014A-4FA4-AD9B-CADEDABF0874} = {8E6C6894-AF41-4512-8393-760EEA190F1F}
		{A820291C-1D86-42B7-9D97-F8C9A142E8D9} = {8E6C6894-AF41-4512-8393-760EEA190F1F}
		{171350FD-4A94-498F-A8F3-3758038A92CA} = {8E6C6894-AF41-4512-8393-760EEA190F1F}
		{D52A5921-EE93-499E-83C4-9E2DDAEC38D0} = {8E6C6894-AF41-4512-8393-760EEA190F1F}
		{F51DA5BD-5808-409E-A907-4EF93B2C5E71} = {85E9BD73-E45E-4475-A59E-21692A7AEB85}
		{92B79970-0C0B-46CB-84DA-3924AEB06415} = {85E9BD73-E45E-4475-A59E-21692A7AEB85}
		{1BC7DDCF-B048-4F55-B44F-6471AFB3DAC1} = {92B79970-0C0B-46CB-84DA-3924AEB06415}
		{0C46B3E2-E580-4E68-AA23-89ECC9D380A0} = {92B79970-0C0B-46CB-84DA-3924AEB06415}
		{22437279-5F02-40BE-847C-D7A425D468BE} = {52780B9F-52B2-4659-A41C-0F1526DCAA49}
		{F751657F-0E6C-46C5-A59C-02D7A924A051} = {52780B9F-52B2-4659-A41C-0F1526DCAA49}
		{BE2A2669-CCDE-40A8-AEAB-673260D7260A} = {52780B9F-52B2-4659-A41C-0F1526DCAA49}
		{26BFEE62-82B9-4EFA-9F91-08FD947551A8} = {22437279-5F02-40BE-847C-D7A425D468BE}
		{1777C9EE-F3D3-44AF-89DA-5E0D0C47B5EE} = {4AAE0068-49E5-4016-BC3E-37206D5D6B20}
		{8250E943-02A0-499B-B0E7-C075F248CBC9} = {4AAE0068-49E5-4016-BC3E-37206D5D6B20}
		{DF2F590E-FEBE-4774-BD53-4E6A033B5661} = {1777C9EE-F3D3-44AF-89DA-5E0D0C47B5EE}
		{9542AA45-4A4F-4364-BDD8-1446261F0963} = {DF2F590E-FEBE-4774-BD53-4E6A033B5661}
		{7401BA1C-4834-47BD-B210-4EA506EFDDEB} = {7587F1FA-AD4E-490D-81B8-AFDE13AFAA7A}
		{284AC56E-77A3-49E9-A2B7-23D015EE34FB} = {7587F1FA-AD4E-490D-81B8-AFDE13AFAA7A}
		{527BFF61-4A88-4F92-B7B1-2F718735EFC9} = {7401BA1C-4834-47BD-B210-4EA506EFDDEB}
		{2AC692FD-2E5E-45C1-A188-888064050D67} = {41587928-1808-442F-B7D3-49E192922A82}
		{7E58D30B-4108-4941-BF85-A5C309F87536} = {926CDBA3-ED74-48B6-B171-80D9C1F90859}
		{A8847BC0-C0D2-406D-AAD0-8479CDD8ECB2} = {926CDBA3-ED74-48B6-B171-80D9C1F90859}
	EndGlobalSection
	GlobalSection(MonoDevelopProperties) = preSolution
		StartupItem = Applications\sonesGraphDB\sonesGraphDBStarter.csproj
	EndGlobalSection
EndGlobal
