
Microsoft Visual Studio Solution File, Format Version 11.00
# Visual Studio 2010
Project("{2150E333-8FDC-42A3-9474-1A3956D46DE8}") = "GraphDB", "GraphDB", "{7198D772-DBF4-4D7E-A13E-D90AE3883E6C}"
EndProject
Project("{2150E333-8FDC-42A3-9474-1A3956D46DE8}") = "Implementations", "Implementations", "{D2ABB876-E289-4A3D-9C80-15F6146480FA}"
EndProject
Project("{FAE04EC0-301F-11D3-BF4B-00C04F79EFBC}") = "SonesGraphDB", "GraphDB\Implementations\SonesGraphDB\SonesGraphDB.csproj", "{1FC72801-4046-4CC7-BF83-8082FFD593BC}"
EndProject
Project("{FAE04EC0-301F-11D3-BF4B-00C04F79EFBC}") = "IGraphDB", "GraphDB\IGraphDB\IGraphDB.csproj", "{5A691EE2-96EE-4F5F-858E-6A17088CE7A1}"
EndProject
Project("{2150E333-8FDC-42A3-9474-1A3956D46DE8}") = "GraphFS", "GraphFS", "{39E890D9-4800-4C79-8604-593F9618214E}"
EndProject
Project("{2150E333-8FDC-42A3-9474-1A3956D46DE8}") = "Implementations", "Implementations", "{FBB96F45-4DA8-4586-8ADC-CB5BA88ABD89}"
EndProject
Project("{FAE04EC0-301F-11D3-BF4B-00C04F79EFBC}") = "InMemoryNonRevisioned", "GraphFS\Implementations\InMemoryNonRevisioned\InMemoryNonRevisioned.csproj", "{AB7C27CC-534F-472E-BA56-A1287973B7E2}"
EndProject
Project("{FAE04EC0-301F-11D3-BF4B-00C04F79EFBC}") = "IGraphFS", "GraphFS\IGraphFS\IGraphFS.csproj", "{FFFB6BE4-9514-41CF-AB68-5FB7B8E3D2E4}"
EndProject
Project("{2150E333-8FDC-42A3-9474-1A3956D46DE8}") = "Library", "Library", "{0075FE7B-8E35-4770-997E-8C4190ECA6A8}"
EndProject
Project("{2150E333-8FDC-42A3-9474-1A3956D46DE8}") = "Internal", "Internal", "{CD3B461E-EBA3-4B35-9003-7E6067145472}"
EndProject
Project("{FAE04EC0-301F-11D3-BF4B-00C04F79EFBC}") = "PropertyHyperGraph", "Library\Internal\PropertyHyperGraph\PropertyHyperGraph.csproj", "{A1BD782F-F3C4-4820-8B00-FDBDAADAE37D}"
EndProject
Project("{FAE04EC0-301F-11D3-BF4B-00C04F79EFBC}") = "ErrorHandling", "Library\Internal\ErrorHandling\ErrorHandling.csproj", "{EA1F7F6C-C8C9-4529-998D-B86701FFA1DE}"
EndProject
Project("{FAE04EC0-301F-11D3-BF4B-00C04F79EFBC}") = "PluginManager", "Library\Internal\VersionedPluginManager\PluginManager.csproj", "{1F652BC0-ECEE-409B-8EFB-51276C41EAD1}"
EndProject
Project("{FAE04EC0-301F-11D3-BF4B-00C04F79EFBC}") = "LanguageExtensions", "Library\Internal\LanguageExtensions\LanguageExtensions.csproj", "{21C726D5-DCCA-4C15-BA54-1000E80B1C6E}"
EndProject
Project("{FAE04EC0-301F-11D3-BF4B-00C04F79EFBC}") = "Settings", "Library\Internal\Settings\Settings.csproj", "{A233FDB4-70A9-4284-827A-1704950E0EF3}"
EndProject
Project("{FAE04EC0-301F-11D3-BF4B-00C04F79EFBC}") = "Commons", "Library\Internal\Commons\Commons.csproj", "{581F49A5-9768-4CB3-AF92-3A3FC2B1F63B}"
EndProject
Project("{2150E333-8FDC-42A3-9474-1A3956D46DE8}") = "Networking", "Networking", "{BB6BDFAB-482E-42B7-B954-84F33CFFFFB6}"
EndProject
Project("{FAE04EC0-301F-11D3-BF4B-00C04F79EFBC}") = "Networking", "Library\Internal\Networking\Networking.csproj", "{DDC48D4C-6885-462C-B57A-216658EB94AE}"
EndProject
Project("{FAE04EC0-301F-11D3-BF4B-00C04F79EFBC}") = "DataStructures", "Library\Internal\DataStructures\DataStructures.csproj", "{CBE38660-10C5-4082-A1B9-A5002D961EA1}"
EndProject
Project("{FAE04EC0-301F-11D3-BF4B-00C04F79EFBC}") = "DiscordianDate", "Library\Internal\DiscordianDate\DiscordianDate.csproj", "{8E0390D0-A7BF-46FE-900C-C411F762EFF2}"
EndProject
Project("{FAE04EC0-301F-11D3-BF4B-00C04F79EFBC}") = "Arithmetics", "Library\Internal\Arithmetics\Arithmetics\Arithmetics.csproj", "{E33D0E75-43A1-4643-928D-DA9E5D99E041}"
EndProject
Project("{FAE04EC0-301F-11D3-BF4B-00C04F79EFBC}") = "IPluginable", "Library\Internal\IPluginable\IPluginable.csproj", "{C6DDFD34-176E-48AC-998F-854F98CD28BB}"
EndProject
Project("{FAE04EC0-301F-11D3-BF4B-00C04F79EFBC}") = "PluginDefinition", "Library\Internal\PluginDefinition\PluginDefinition.csproj", "{CE9BF2C2-C785-4661-8F4F-64266C697343}"
EndProject
Project("{2150E333-8FDC-42A3-9474-1A3956D46DE8}") = "External", "External", "{A950D82D-E727-4CF5-B4D4-7B872D733E3C}"
EndProject
Project("{FAE04EC0-301F-11D3-BF4B-00C04F79EFBC}") = "Irony", "Library\External\Irony\Irony.csproj", "{D81F5C91-D7DB-46E5-BC99-49488FB6814C}"
EndProject
Project("{FAE04EC0-301F-11D3-BF4B-00C04F79EFBC}") = "NewFastSerializer", "Library\External\NewFastSerializer\NewFastSerializer.csproj", "{942F25CF-46A7-4413-B062-E3395C8D1C9A}"
EndProject
Project("{FAE04EC0-301F-11D3-BF4B-00C04F79EFBC}") = "BplusDotNet", "Library\External\BplusDotNet\BplusDotNet\BplusDotNet.csproj", "{45F6BE30-989A-4749-B6A0-69099C8661F4}"
EndProject
Project("{FAE04EC0-301F-11D3-BF4B-00C04F79EFBC}") = "Newtonsoft.Json", "Library\External\Newtonsoft.Json\Newtonsoft.Json.csproj", "{A9AE40FF-1A21-414A-9FE7-3BE13644CC6D}"
EndProject
Project("{2150E333-8FDC-42A3-9474-1A3956D46DE8}") = "GraphDS", "GraphDS", "{2DA0873C-260F-45B9-BC5C-3453249E00D9}"
EndProject
Project("{2150E333-8FDC-42A3-9474-1A3956D46DE8}") = "Implementations", "Implementations", "{EA38B67C-F886-43E3-9438-549E28000220}"
EndProject
Project("{2150E333-8FDC-42A3-9474-1A3956D46DE8}") = "Server", "Server", "{D92AF9AE-48D1-4B1B-9B70-250F1CEEFABE}"
EndProject
Project("{2150E333-8FDC-42A3-9474-1A3956D46DE8}") = "Implementations", "Implementations", "{75F38D02-8EDB-4955-8D24-C1FF17732F9D}"
EndProject
Project("{FAE04EC0-301F-11D3-BF4B-00C04F79EFBC}") = "GraphDSServer", "GraphDS\Server\Implementations\GraphDSServer\GraphDSServer.csproj", "{2FB38C4B-C29D-4F34-B42C-7A82E79A0C14}"
EndProject
Project("{FAE04EC0-301F-11D3-BF4B-00C04F79EFBC}") = "IGraphDSServer", "GraphDS\Server\IGraphDSServer\IGraphDSServer.csproj", "{1E30E203-20DE-4DA3-854A-18FEFADA6D7A}"
EndProject
Project("{2150E333-8FDC-42A3-9474-1A3956D46DE8}") = "Client", "Client", "{15589123-5145-44D4-9514-214729FD9EF3}"
EndProject
Project("{FAE04EC0-301F-11D3-BF4B-00C04F79EFBC}") = "IGraphDSClient", "GraphDS\Client\IGraphDSClient\IGraphDSClient.csproj", "{89E70649-A81B-4A70-A9A1-B91EA96CE8A1}"
EndProject
Project("{2150E333-8FDC-42A3-9474-1A3956D46DE8}") = "Implementations", "Implementations", "{49AD5B01-49DE-4330-BDDC-876ABA4C04A2}"
EndProject
Project("{FAE04EC0-301F-11D3-BF4B-00C04F79EFBC}") = "GraphDSRESTClient", "GraphDS\Client\Implementations\GraphDSRESTClient\GraphDSRESTClient.csproj", "{20D600AA-CD60-423D-A8EE-BCD93F861879}"
EndProject
Project("{2150E333-8FDC-42A3-9474-1A3956D46DE8}") = "PluginManager", "PluginManager", "{CB4F2C9A-E740-4C52-817C-381F72BC17A1}"
EndProject
Project("{FAE04EC0-301F-11D3-BF4B-00C04F79EFBC}") = "GraphDSPluginManager", "GraphDS\PluginManager\GraphDSPluginManager\GraphDSPluginManager.csproj", "{6C8C30F7-1F75-4FA4-B5E9-6FB9AC8FA4FB}"
EndProject
Project("{FAE04EC0-301F-11D3-BF4B-00C04F79EFBC}") = "IGraphDS", "GraphDS\IGraphDS\IGraphDS.csproj", "{6A6D0690-78A4-4134-AA2B-4A7A39535612}"
EndProject
Project("{2150E333-8FDC-42A3-9474-1A3956D46DE8}") = "Applications", "Applications", "{F9FAFD9F-BC60-4EDD-8BA5-8961B7A3BAFF}"
EndProject
Project("{FAE04EC0-301F-11D3-BF4B-00C04F79EFBC}") = "sonesGraphDBStarter", "Applications\sonesGraphDB\sonesGraphDBStarter.csproj", "{CF68820B-F07E-4FCF-A00B-D9F3B5A259ED}"
EndProject
Project("{2150E333-8FDC-42A3-9474-1A3956D46DE8}") = "Plugins", "Plugins", "{3854684E-AC84-4B62-B435-2CF95A40AAD7}"
EndProject
Project("{2150E333-8FDC-42A3-9474-1A3956D46DE8}") = "GraphQL", "GraphQL", "{601ADD59-4F38-422A-851A-8B0312872F8F}"
EndProject
Project("{2150E333-8FDC-42A3-9474-1A3956D46DE8}") = "SonesGQL", "SonesGQL", "{2B34D970-2910-435E-AD67-69E29DB16492}"
EndProject
Project("{2150E333-8FDC-42A3-9474-1A3956D46DE8}") = "Aggregates", "Aggregates", "{FC621147-A299-4DE4-A2CC-DA71FD57044A}"
EndProject
Project("{FAE04EC0-301F-11D3-BF4B-00C04F79EFBC}") = "ISonesGQLAggregate", "Plugins\GraphQL\SonesGQL\ISonesGQLAggregate\ISonesGQLAggregate.csproj", "{B70DCE72-B636-442A-8825-F3BE78D86D34}"
EndProject
Project("{FAE04EC0-301F-11D3-BF4B-00C04F79EFBC}") = "GQLAggregates", "Plugins\GraphQL\SonesGQL\Aggregates\GQLAggregates\GQLAggregates.csproj", "{817E142F-ECD9-4B18-A9AE-D399C7C49007}"
EndProject
Project("{2150E333-8FDC-42A3-9474-1A3956D46DE8}") = "Functions", "Functions", "{500C1B9C-E9CD-4008-9EE4-5229A6CE93DC}"
EndProject
Project("{FAE04EC0-301F-11D3-BF4B-00C04F79EFBC}") = "GQLFunctions", "Plugins\GraphQL\SonesGQL\Functions\GQLFunctions\GQLFunctions.csproj", "{7E58D30B-4108-4941-BF85-A5C309F87536}"
EndProject
Project("{FAE04EC0-301F-11D3-BF4B-00C04F79EFBC}") = "ISonesGQLFunction", "Plugins\GraphQL\SonesGQL\ISonesGQLFunction\ISonesGQLFunction.csproj", "{CDAE254B-77D9-4E59-9C07-C18F0085F570}"
EndProject
Project("{2150E333-8FDC-42A3-9474-1A3956D46DE8}") = "GraphAlgorithms", "GraphAlgorithms", "{A8847BC0-C0D2-406D-AAD0-8479CDD8ECB2}"
EndProject
Project("{FAE04EC0-301F-11D3-BF4B-00C04F79EFBC}") = "ShortestPathAlgorithms", "Plugins\GraphQL\SonesGQL\Functions\GraphAlgorithms\ShortestPathAlgorithms\ShortestPathAlgorithms.csproj", "{9E2BBF58-75A7-4C03-959C-A557F04927BA}"
EndProject
Project("{2150E333-8FDC-42A3-9474-1A3956D46DE8}") = "GraphDBImport", "GraphDBImport", "{783441F8-43EC-481A-BAB9-4BBA325C7FF3}"
EndProject
Project("{2150E333-8FDC-42A3-9474-1A3956D46DE8}") = "Implementations", "Implementations", "{D77D77E2-1D6F-4A12-BA7A-4AB8ED4FF616}"
EndProject
Project("{FAE04EC0-301F-11D3-BF4B-00C04F79EFBC}") = "SonesGraphDBImport", "Plugins\GraphQL\SonesGQL\GraphDBImport\Implementations\GraphDBImport\SonesGraphDBImport.csproj", "{51C8E5F7-F888-4500-B1EE-D20337FA451F}"
EndProject
Project("{FAE04EC0-301F-11D3-BF4B-00C04F79EFBC}") = "ISonesGraphDBImport", "Plugins\GraphQL\SonesGQL\GraphDBImport\IGraphDBImport\ISonesGraphDBImport.csproj", "{3B43C10E-28AE-42E5-9B9B-08F2B4153951}"
EndProject
Project("{2150E333-8FDC-42A3-9474-1A3956D46DE8}") = "GraphDBExport", "GraphDBExport", "{A385656D-4858-4B2E-94C3-9F791C56DB32}"
EndProject
Project("{2150E333-8FDC-42A3-9474-1A3956D46DE8}") = "Implementations", "Implementations", "{ABE22B73-279C-4DC0-A875-CE357EFB2BFF}"
EndProject
Project("{FAE04EC0-301F-11D3-BF4B-00C04F79EFBC}") = "GraphDBExport", "Plugins\GraphQL\SonesGQL\GraphDBExport\Implementations\GraphDBExport\GraphDBExport.csproj", "{95295FE7-C0EB-45ED-88B0-2B66902BEE0C}"
EndProject
Project("{FAE04EC0-301F-11D3-BF4B-00C04F79EFBC}") = "IGraphDBExport", "Plugins\GraphQL\SonesGQL\GraphDBExport\IGraphDBExport\IGraphDBExport.csproj", "{80934A33-3BCB-4732-AA2D-02D8925336C9}"
EndProject
Project("{2150E333-8FDC-42A3-9474-1A3956D46DE8}") = "Index", "Index", "{48ACC5ED-F25B-458A-94E7-9128C17445B5}"
EndProject
Project("{2150E333-8FDC-42A3-9474-1A3956D46DE8}") = "Indices", "Indices", "{FACE26D6-DCE4-49EC-AEFD-96B580BB022B}"
EndProject
Project("{FAE04EC0-301F-11D3-BF4B-00C04F79EFBC}") = "SonesIndices", "Plugins\Index\Indices\SonesIndices\SonesIndices.csproj", "{FCF3C622-5CF6-4C2A-B024-4046D6E4941C}"
EndProject
Project("{FAE04EC0-301F-11D3-BF4B-00C04F79EFBC}") = "ISonesIndex", "Plugins\Index\ISonesIndex\ISonesIndex.csproj", "{823E8AF4-CF92-4E74-8ABD-38693279EB1E}"
EndProject
Project("{2150E333-8FDC-42A3-9474-1A3956D46DE8}") = "GraphDS", "GraphDS", "{5AAE6106-287F-4C6E-B2A7-0B0695BBD521}"
EndProject
Project("{2150E333-8FDC-42A3-9474-1A3956D46DE8}") = "RESTService", "RESTService", "{D5FD4D1D-0A5E-497D-8E30-F36EB76E9B74}"
EndProject
Project("{2150E333-8FDC-42A3-9474-1A3956D46DE8}") = "Services", "Services", "{C0340C2A-2752-4739-ADF1-6F0F827475BF}"
EndProject
Project("{FAE04EC0-301F-11D3-BF4B-00C04F79EFBC}") = "GraphDSREST", "Plugins\GraphDS\RESTService\Service\GraphDSREST.csproj", "{1AE9C2A9-4916-488D-B825-7B8657C0BDE5}"
EndProject
Project("{FAE04EC0-301F-11D3-BF4B-00C04F79EFBC}") = "ISonesRESTService", "Plugins\GraphDS\RESTService\ISonesRESTService\ISonesRESTService.csproj", "{0D7A14D7-9851-4624-9260-858741603F98}"
EndProject
Project("{FAE04EC0-301F-11D3-BF4B-00C04F79EFBC}") = "RESTServicePluginManager", "Plugins\GraphDS\RESTService\RESTServicePluginManager\RESTServicePluginManager.csproj", "{163B4039-C9E8-4433-BA35-8007E3AD0F45}"
EndProject
Project("{2150E333-8FDC-42A3-9474-1A3956D46DE8}") = "IO", "IO", "{337E92A1-8475-4A6C-8114-64B6629FB7E8}"
EndProject
Project("{FAE04EC0-301F-11D3-BF4B-00C04F79EFBC}") = "IOInterface", "Plugins\GraphDS\IO\Interface\IOInterface.csproj", "{991132D2-15E0-4BB7-8328-3A51646D4F01}"
EndProject
Project("{2150E333-8FDC-42A3-9474-1A3956D46DE8}") = "Implementation", "Implementation", "{8E6C6894-AF41-4512-8393-760EEA190F1F}"
EndProject
Project("{FAE04EC0-301F-11D3-BF4B-00C04F79EFBC}") = "XML_IO", "Plugins\GraphDS\IO\Implementation\XML_IO\XML_IO.csproj", "{D52A5921-EE93-499E-83C4-9E2DDAEC38D0}"
EndProject
Project("{FAE04EC0-301F-11D3-BF4B-00C04F79EFBC}") = "JSON_IO", "Plugins\GraphDS\IO\Implementation\JSON_IO\JSON_IO.csproj", "{A820291C-1D86-42B7-9D97-F8C9A142E8D9}"
EndProject
Project("{FAE04EC0-301F-11D3-BF4B-00C04F79EFBC}") = "HTML_IO", "Plugins\GraphDS\IO\Implementation\HTML_IO\HTML_IO.csproj", "{80D5F893-014A-4FA4-AD9B-CADEDABF0874}"
EndProject
Project("{FAE04EC0-301F-11D3-BF4B-00C04F79EFBC}") = "TEXT_IO", "Plugins\GraphDS\IO\Implementation\TEXT_IO\TEXT_IO.csproj", "{171350FD-4A94-498F-A8F3-3758038A92CA}"
EndProject
Project("{2150E333-8FDC-42A3-9474-1A3956D46DE8}") = "DrainPipeLog", "DrainPipeLog", "{85E9BD73-E45E-4475-A59E-21692A7AEB85}"
EndProject
Project("{2150E333-8FDC-42A3-9474-1A3956D46DE8}") = "Implementation", "Implementation", "{E5B9D6B9-9F6F-41C4-90D3-6220086E65C7}"
EndProject
Project("{FAE04EC0-301F-11D3-BF4B-00C04F79EFBC}") = "DrainPipeLog", "Plugins\GraphDS\DrainPipeLog\Implementation\DrainPipeLog.csproj", "{0C46B3E2-E580-4E68-AA23-89ECC9D380A0}"
EndProject
Project("{FAE04EC0-301F-11D3-BF4B-00C04F79EFBC}") = "IDrainPipe", "Plugins\GraphDS\DrainPipeLog\IDrainPipe\IDrainPipe.csproj", "{F51DA5BD-5808-409E-A907-4EF93B2C5E71}"
EndProject
Project("{2150E333-8FDC-42A3-9474-1A3956D46DE8}") = "GraphDB", "GraphDB", "{A7B90BF6-6D23-4857-AA2B-5F0B88F9A59D}"
EndProject
Project("{2150E333-8FDC-42A3-9474-1A3956D46DE8}") = "GraphQL", "GraphQL", "{52780B9F-52B2-4659-A41C-0F1526DCAA49}"
EndProject
Project("{2150E333-8FDC-42A3-9474-1A3956D46DE8}") = "Implementations", "Implementations", "{22437279-5F02-40BE-847C-D7A425D468BE}"
EndProject
Project("{FAE04EC0-301F-11D3-BF4B-00C04F79EFBC}") = "SonesGraphQueryLanguage", "GraphQL\Implementations\SonesGraphQueryLanguage\SonesGraphQueryLanguage.csproj", "{26BFEE62-82B9-4EFA-9F91-08FD947551A8}"
EndProject
Project("{FAE04EC0-301F-11D3-BF4B-00C04F79EFBC}") = "IGraphQL", "GraphQL\IGraphQL\IGraphQL.csproj", "{F751657F-0E6C-46C5-A59C-02D7A924A051}"
EndProject
Project("{FAE04EC0-301F-11D3-BF4B-00C04F79EFBC}") = "QueryResult", "GraphQL\QueryResult\QueryResult.csproj", "{BE2A2669-CCDE-40A8-AEAB-673260D7260A}"
EndProject
Global
	GlobalSection(SolutionConfigurationPlatforms) = preSolution
		Debug|Any CPU = Debug|Any CPU
		Debug|Mixed Platforms = Debug|Mixed Platforms
		Debug|x64 = Debug|x64
		Debug|x86 = Debug|x86
		Release|Any CPU = Release|Any CPU
		Release|Mixed Platforms = Release|Mixed Platforms
		Release|x64 = Release|x64
		Release|x86 = Release|x86
	EndGlobalSection
	GlobalSection(ProjectConfigurationPlatforms) = postSolution
		{0C46B3E2-E580-4E68-AA23-89ECC9D380A0}.Debug|Any CPU.ActiveCfg = Debug|Any CPU
		{0C46B3E2-E580-4E68-AA23-89ECC9D380A0}.Debug|Any CPU.Build.0 = Debug|Any CPU
		{0C46B3E2-E580-4E68-AA23-89ECC9D380A0}.Debug|Mixed Platforms.ActiveCfg = Debug|Any CPU
		{0C46B3E2-E580-4E68-AA23-89ECC9D380A0}.Debug|Mixed Platforms.Build.0 = Debug|Any CPU
		{0C46B3E2-E580-4E68-AA23-89ECC9D380A0}.Debug|x64.ActiveCfg = Debug|Any CPU
		{0C46B3E2-E580-4E68-AA23-89ECC9D380A0}.Debug|x86.ActiveCfg = Debug|Any CPU
		{0C46B3E2-E580-4E68-AA23-89ECC9D380A0}.Release|Any CPU.ActiveCfg = Release|Any CPU
		{0C46B3E2-E580-4E68-AA23-89ECC9D380A0}.Release|Any CPU.Build.0 = Release|Any CPU
		{0C46B3E2-E580-4E68-AA23-89ECC9D380A0}.Release|Mixed Platforms.ActiveCfg = Release|Any CPU
		{0C46B3E2-E580-4E68-AA23-89ECC9D380A0}.Release|Mixed Platforms.Build.0 = Release|Any CPU
		{0C46B3E2-E580-4E68-AA23-89ECC9D380A0}.Release|x64.ActiveCfg = Release|Any CPU
		{0C46B3E2-E580-4E68-AA23-89ECC9D380A0}.Release|x64.Build.0 = Release|Any CPU
		{0C46B3E2-E580-4E68-AA23-89ECC9D380A0}.Release|x86.ActiveCfg = Release|Any CPU
		{0D7A14D7-9851-4624-9260-858741603F98}.Debug|Any CPU.ActiveCfg = Debug|Any CPU
		{0D7A14D7-9851-4624-9260-858741603F98}.Debug|Any CPU.Build.0 = Debug|Any CPU
		{0D7A14D7-9851-4624-9260-858741603F98}.Debug|Mixed Platforms.ActiveCfg = Debug|Any CPU
		{0D7A14D7-9851-4624-9260-858741603F98}.Debug|Mixed Platforms.Build.0 = Debug|Any CPU
		{0D7A14D7-9851-4624-9260-858741603F98}.Debug|x64.ActiveCfg = Debug|Any CPU
		{0D7A14D7-9851-4624-9260-858741603F98}.Debug|x86.ActiveCfg = Debug|Any CPU
		{0D7A14D7-9851-4624-9260-858741603F98}.Release|Any CPU.ActiveCfg = Release|Any CPU
		{0D7A14D7-9851-4624-9260-858741603F98}.Release|Any CPU.Build.0 = Release|Any CPU
		{0D7A14D7-9851-4624-9260-858741603F98}.Release|Mixed Platforms.ActiveCfg = Release|Any CPU
		{0D7A14D7-9851-4624-9260-858741603F98}.Release|Mixed Platforms.Build.0 = Release|Any CPU
		{0D7A14D7-9851-4624-9260-858741603F98}.Release|x64.ActiveCfg = Release|Any CPU
		{0D7A14D7-9851-4624-9260-858741603F98}.Release|x64.Build.0 = Release|Any CPU
		{0D7A14D7-9851-4624-9260-858741603F98}.Release|x86.ActiveCfg = Release|Any CPU
		{163B4039-C9E8-4433-BA35-8007E3AD0F45}.Debug|Any CPU.ActiveCfg = Debug|Any CPU
		{163B4039-C9E8-4433-BA35-8007E3AD0F45}.Debug|Any CPU.Build.0 = Debug|Any CPU
		{163B4039-C9E8-4433-BA35-8007E3AD0F45}.Debug|Mixed Platforms.ActiveCfg = Debug|Any CPU
		{163B4039-C9E8-4433-BA35-8007E3AD0F45}.Debug|Mixed Platforms.Build.0 = Debug|Any CPU
		{163B4039-C9E8-4433-BA35-8007E3AD0F45}.Debug|x64.ActiveCfg = Debug|Any CPU
		{163B4039-C9E8-4433-BA35-8007E3AD0F45}.Debug|x86.ActiveCfg = Debug|Any CPU
		{163B4039-C9E8-4433-BA35-8007E3AD0F45}.Release|Any CPU.ActiveCfg = Release|Any CPU
		{163B4039-C9E8-4433-BA35-8007E3AD0F45}.Release|Any CPU.Build.0 = Release|Any CPU
		{163B4039-C9E8-4433-BA35-8007E3AD0F45}.Release|Mixed Platforms.ActiveCfg = Release|Any CPU
		{163B4039-C9E8-4433-BA35-8007E3AD0F45}.Release|Mixed Platforms.Build.0 = Release|Any CPU
		{163B4039-C9E8-4433-BA35-8007E3AD0F45}.Release|x64.ActiveCfg = Release|Any CPU
		{163B4039-C9E8-4433-BA35-8007E3AD0F45}.Release|x64.Build.0 = Release|Any CPU
		{163B4039-C9E8-4433-BA35-8007E3AD0F45}.Release|x86.ActiveCfg = Release|Any CPU
		{171350FD-4A94-498F-A8F3-3758038A92CA}.Debug|Any CPU.ActiveCfg = Debug|Any CPU
		{171350FD-4A94-498F-A8F3-3758038A92CA}.Debug|Any CPU.Build.0 = Debug|Any CPU
		{171350FD-4A94-498F-A8F3-3758038A92CA}.Debug|Mixed Platforms.ActiveCfg = Debug|Any CPU
		{171350FD-4A94-498F-A8F3-3758038A92CA}.Debug|Mixed Platforms.Build.0 = Debug|Any CPU
		{171350FD-4A94-498F-A8F3-3758038A92CA}.Debug|x64.ActiveCfg = Debug|Any CPU
		{171350FD-4A94-498F-A8F3-3758038A92CA}.Debug|x86.ActiveCfg = Debug|Any CPU
		{171350FD-4A94-498F-A8F3-3758038A92CA}.Release|Any CPU.ActiveCfg = Release|Any CPU
		{171350FD-4A94-498F-A8F3-3758038A92CA}.Release|Any CPU.Build.0 = Release|Any CPU
		{171350FD-4A94-498F-A8F3-3758038A92CA}.Release|Mixed Platforms.ActiveCfg = Release|Any CPU
		{171350FD-4A94-498F-A8F3-3758038A92CA}.Release|Mixed Platforms.Build.0 = Release|Any CPU
		{171350FD-4A94-498F-A8F3-3758038A92CA}.Release|x64.ActiveCfg = Release|Any CPU
		{171350FD-4A94-498F-A8F3-3758038A92CA}.Release|x86.ActiveCfg = Release|Any CPU
		{1AE9C2A9-4916-488D-B825-7B8657C0BDE5}.Debug|Any CPU.ActiveCfg = Debug|Any CPU
		{1AE9C2A9-4916-488D-B825-7B8657C0BDE5}.Debug|Any CPU.Build.0 = Debug|Any CPU
		{1AE9C2A9-4916-488D-B825-7B8657C0BDE5}.Debug|Mixed Platforms.ActiveCfg = Debug|Any CPU
		{1AE9C2A9-4916-488D-B825-7B8657C0BDE5}.Debug|Mixed Platforms.Build.0 = Debug|Any CPU
		{1AE9C2A9-4916-488D-B825-7B8657C0BDE5}.Debug|x64.ActiveCfg = Debug|Any CPU
		{1AE9C2A9-4916-488D-B825-7B8657C0BDE5}.Debug|x86.ActiveCfg = Debug|Any CPU
		{1AE9C2A9-4916-488D-B825-7B8657C0BDE5}.Release|Any CPU.ActiveCfg = Release|Any CPU
		{1AE9C2A9-4916-488D-B825-7B8657C0BDE5}.Release|Any CPU.Build.0 = Release|Any CPU
		{1AE9C2A9-4916-488D-B825-7B8657C0BDE5}.Release|Mixed Platforms.ActiveCfg = Release|Any CPU
		{1AE9C2A9-4916-488D-B825-7B8657C0BDE5}.Release|Mixed Platforms.Build.0 = Release|Any CPU
		{1AE9C2A9-4916-488D-B825-7B8657C0BDE5}.Release|x64.ActiveCfg = Release|Any CPU
		{1AE9C2A9-4916-488D-B825-7B8657C0BDE5}.Release|x64.Build.0 = Release|Any CPU
		{1AE9C2A9-4916-488D-B825-7B8657C0BDE5}.Release|x86.ActiveCfg = Release|Any CPU
		{1E30E203-20DE-4DA3-854A-18FEFADA6D7A}.Debug|Any CPU.ActiveCfg = Debug|Any CPU
		{1E30E203-20DE-4DA3-854A-18FEFADA6D7A}.Debug|Any CPU.Build.0 = Debug|Any CPU
		{1E30E203-20DE-4DA3-854A-18FEFADA6D7A}.Debug|Mixed Platforms.ActiveCfg = Debug|Any CPU
		{1E30E203-20DE-4DA3-854A-18FEFADA6D7A}.Debug|Mixed Platforms.Build.0 = Debug|Any CPU
		{1E30E203-20DE-4DA3-854A-18FEFADA6D7A}.Debug|x64.ActiveCfg = Debug|Any CPU
		{1E30E203-20DE-4DA3-854A-18FEFADA6D7A}.Debug|x86.ActiveCfg = Debug|Any CPU
		{1E30E203-20DE-4DA3-854A-18FEFADA6D7A}.Release|Any CPU.ActiveCfg = Release|Any CPU
		{1E30E203-20DE-4DA3-854A-18FEFADA6D7A}.Release|Any CPU.Build.0 = Release|Any CPU
		{1E30E203-20DE-4DA3-854A-18FEFADA6D7A}.Release|Mixed Platforms.ActiveCfg = Release|Any CPU
		{1E30E203-20DE-4DA3-854A-18FEFADA6D7A}.Release|Mixed Platforms.Build.0 = Release|Any CPU
		{1E30E203-20DE-4DA3-854A-18FEFADA6D7A}.Release|x64.ActiveCfg = Release|Any CPU
		{1E30E203-20DE-4DA3-854A-18FEFADA6D7A}.Release|x64.Build.0 = Release|Any CPU
		{1E30E203-20DE-4DA3-854A-18FEFADA6D7A}.Release|x86.ActiveCfg = Release|Any CPU
		{1F652BC0-ECEE-409B-8EFB-51276C41EAD1}.Debug|Any CPU.ActiveCfg = Debug|Any CPU
		{1F652BC0-ECEE-409B-8EFB-51276C41EAD1}.Debug|Any CPU.Build.0 = Debug|Any CPU
		{1F652BC0-ECEE-409B-8EFB-51276C41EAD1}.Debug|Mixed Platforms.ActiveCfg = Debug|Any CPU
		{1F652BC0-ECEE-409B-8EFB-51276C41EAD1}.Debug|Mixed Platforms.Build.0 = Debug|Any CPU
		{1F652BC0-ECEE-409B-8EFB-51276C41EAD1}.Debug|x64.ActiveCfg = Debug|Any CPU
		{1F652BC0-ECEE-409B-8EFB-51276C41EAD1}.Debug|x86.ActiveCfg = Debug|Any CPU
		{1F652BC0-ECEE-409B-8EFB-51276C41EAD1}.Release|Any CPU.ActiveCfg = Release|Any CPU
		{1F652BC0-ECEE-409B-8EFB-51276C41EAD1}.Release|Any CPU.Build.0 = Release|Any CPU
		{1F652BC0-ECEE-409B-8EFB-51276C41EAD1}.Release|Mixed Platforms.ActiveCfg = Release|Any CPU
		{1F652BC0-ECEE-409B-8EFB-51276C41EAD1}.Release|Mixed Platforms.Build.0 = Release|Any CPU
		{1F652BC0-ECEE-409B-8EFB-51276C41EAD1}.Release|x64.ActiveCfg = Release|Any CPU
		{1F652BC0-ECEE-409B-8EFB-51276C41EAD1}.Release|x64.Build.0 = Release|Any CPU
		{1F652BC0-ECEE-409B-8EFB-51276C41EAD1}.Release|x86.ActiveCfg = Release|Any CPU
		{1FC72801-4046-4CC7-BF83-8082FFD593BC}.Debug|Any CPU.ActiveCfg = Debug|Any CPU
		{1FC72801-4046-4CC7-BF83-8082FFD593BC}.Debug|Any CPU.Build.0 = Debug|Any CPU
		{1FC72801-4046-4CC7-BF83-8082FFD593BC}.Debug|Mixed Platforms.ActiveCfg = Debug|Any CPU
		{1FC72801-4046-4CC7-BF83-8082FFD593BC}.Debug|Mixed Platforms.Build.0 = Debug|Any CPU
		{1FC72801-4046-4CC7-BF83-8082FFD593BC}.Debug|x64.ActiveCfg = Debug|Any CPU
		{1FC72801-4046-4CC7-BF83-8082FFD593BC}.Debug|x86.ActiveCfg = Debug|Any CPU
		{1FC72801-4046-4CC7-BF83-8082FFD593BC}.Release|Any CPU.ActiveCfg = Release|Any CPU
		{1FC72801-4046-4CC7-BF83-8082FFD593BC}.Release|Any CPU.Build.0 = Release|Any CPU
		{1FC72801-4046-4CC7-BF83-8082FFD593BC}.Release|Mixed Platforms.ActiveCfg = Release|Any CPU
		{1FC72801-4046-4CC7-BF83-8082FFD593BC}.Release|Mixed Platforms.Build.0 = Release|Any CPU
		{1FC72801-4046-4CC7-BF83-8082FFD593BC}.Release|x64.ActiveCfg = Release|Any CPU
		{1FC72801-4046-4CC7-BF83-8082FFD593BC}.Release|x64.Build.0 = Release|Any CPU
		{1FC72801-4046-4CC7-BF83-8082FFD593BC}.Release|x86.ActiveCfg = Release|Any CPU
		{20D600AA-CD60-423D-A8EE-BCD93F861879}.Debug|Any CPU.ActiveCfg = Debug|Any CPU
		{20D600AA-CD60-423D-A8EE-BCD93F861879}.Debug|Any CPU.Build.0 = Debug|Any CPU
		{20D600AA-CD60-423D-A8EE-BCD93F861879}.Debug|Mixed Platforms.ActiveCfg = Debug|Any CPU
		{20D600AA-CD60-423D-A8EE-BCD93F861879}.Debug|Mixed Platforms.Build.0 = Debug|Any CPU
		{20D600AA-CD60-423D-A8EE-BCD93F861879}.Debug|x64.ActiveCfg = Debug|Any CPU
		{20D600AA-CD60-423D-A8EE-BCD93F861879}.Debug|x86.ActiveCfg = Debug|Any CPU
		{20D600AA-CD60-423D-A8EE-BCD93F861879}.Release|Any CPU.ActiveCfg = Release|Any CPU
		{20D600AA-CD60-423D-A8EE-BCD93F861879}.Release|Any CPU.Build.0 = Release|Any CPU
		{20D600AA-CD60-423D-A8EE-BCD93F861879}.Release|Mixed Platforms.ActiveCfg = Release|Any CPU
		{20D600AA-CD60-423D-A8EE-BCD93F861879}.Release|Mixed Platforms.Build.0 = Release|Any CPU
		{20D600AA-CD60-423D-A8EE-BCD93F861879}.Release|x64.ActiveCfg = Release|Any CPU
		{20D600AA-CD60-423D-A8EE-BCD93F861879}.Release|x64.Build.0 = Release|Any CPU
		{20D600AA-CD60-423D-A8EE-BCD93F861879}.Release|x86.ActiveCfg = Release|Any CPU
		{21C726D5-DCCA-4C15-BA54-1000E80B1C6E}.Debug|Any CPU.ActiveCfg = Debug|Any CPU
		{21C726D5-DCCA-4C15-BA54-1000E80B1C6E}.Debug|Any CPU.Build.0 = Debug|Any CPU
		{21C726D5-DCCA-4C15-BA54-1000E80B1C6E}.Debug|Mixed Platforms.ActiveCfg = Debug|Any CPU
		{21C726D5-DCCA-4C15-BA54-1000E80B1C6E}.Debug|Mixed Platforms.Build.0 = Debug|Any CPU
		{21C726D5-DCCA-4C15-BA54-1000E80B1C6E}.Debug|x64.ActiveCfg = Debug|Any CPU
		{21C726D5-DCCA-4C15-BA54-1000E80B1C6E}.Debug|x86.ActiveCfg = Debug|Any CPU
		{21C726D5-DCCA-4C15-BA54-1000E80B1C6E}.Release|Any CPU.ActiveCfg = Release|Any CPU
		{21C726D5-DCCA-4C15-BA54-1000E80B1C6E}.Release|Any CPU.Build.0 = Release|Any CPU
		{21C726D5-DCCA-4C15-BA54-1000E80B1C6E}.Release|Mixed Platforms.ActiveCfg = Release|Any CPU
		{21C726D5-DCCA-4C15-BA54-1000E80B1C6E}.Release|Mixed Platforms.Build.0 = Release|Any CPU
		{21C726D5-DCCA-4C15-BA54-1000E80B1C6E}.Release|x64.ActiveCfg = Release|Any CPU
		{21C726D5-DCCA-4C15-BA54-1000E80B1C6E}.Release|x64.Build.0 = Release|Any CPU
		{21C726D5-DCCA-4C15-BA54-1000E80B1C6E}.Release|x86.ActiveCfg = Release|Any CPU
		{26BFEE62-82B9-4EFA-9F91-08FD947551A8}.Debug|Any CPU.ActiveCfg = Debug|Any CPU
		{26BFEE62-82B9-4EFA-9F91-08FD947551A8}.Debug|Any CPU.Build.0 = Debug|Any CPU
		{26BFEE62-82B9-4EFA-9F91-08FD947551A8}.Debug|Mixed Platforms.ActiveCfg = Debug|Any CPU
		{26BFEE62-82B9-4EFA-9F91-08FD947551A8}.Debug|Mixed Platforms.Build.0 = Debug|Any CPU
		{26BFEE62-82B9-4EFA-9F91-08FD947551A8}.Debug|x64.ActiveCfg = Debug|Any CPU
		{26BFEE62-82B9-4EFA-9F91-08FD947551A8}.Debug|x86.ActiveCfg = Debug|Any CPU
		{26BFEE62-82B9-4EFA-9F91-08FD947551A8}.Release|Any CPU.ActiveCfg = Release|Any CPU
		{26BFEE62-82B9-4EFA-9F91-08FD947551A8}.Release|Any CPU.Build.0 = Release|Any CPU
		{26BFEE62-82B9-4EFA-9F91-08FD947551A8}.Release|Mixed Platforms.ActiveCfg = Release|Any CPU
		{26BFEE62-82B9-4EFA-9F91-08FD947551A8}.Release|Mixed Platforms.Build.0 = Release|Any CPU
		{26BFEE62-82B9-4EFA-9F91-08FD947551A8}.Release|x64.ActiveCfg = Release|Any CPU
		{26BFEE62-82B9-4EFA-9F91-08FD947551A8}.Release|x64.Build.0 = Release|Any CPU
		{26BFEE62-82B9-4EFA-9F91-08FD947551A8}.Release|x86.ActiveCfg = Release|Any CPU
		{2FB38C4B-C29D-4F34-B42C-7A82E79A0C14}.Debug|Any CPU.ActiveCfg = Debug|Any CPU
		{2FB38C4B-C29D-4F34-B42C-7A82E79A0C14}.Debug|Any CPU.Build.0 = Debug|Any CPU
		{2FB38C4B-C29D-4F34-B42C-7A82E79A0C14}.Debug|Mixed Platforms.ActiveCfg = Debug|Any CPU
		{2FB38C4B-C29D-4F34-B42C-7A82E79A0C14}.Debug|Mixed Platforms.Build.0 = Debug|Any CPU
		{2FB38C4B-C29D-4F34-B42C-7A82E79A0C14}.Debug|x64.ActiveCfg = Debug|Any CPU
		{2FB38C4B-C29D-4F34-B42C-7A82E79A0C14}.Debug|x86.ActiveCfg = Debug|Any CPU
		{2FB38C4B-C29D-4F34-B42C-7A82E79A0C14}.Release|Any CPU.ActiveCfg = Release|Any CPU
		{2FB38C4B-C29D-4F34-B42C-7A82E79A0C14}.Release|Any CPU.Build.0 = Release|Any CPU
		{2FB38C4B-C29D-4F34-B42C-7A82E79A0C14}.Release|Mixed Platforms.ActiveCfg = Release|Any CPU
		{2FB38C4B-C29D-4F34-B42C-7A82E79A0C14}.Release|Mixed Platforms.Build.0 = Release|Any CPU
		{2FB38C4B-C29D-4F34-B42C-7A82E79A0C14}.Release|x64.ActiveCfg = Release|Any CPU
		{2FB38C4B-C29D-4F34-B42C-7A82E79A0C14}.Release|x64.Build.0 = Release|Any CPU
		{2FB38C4B-C29D-4F34-B42C-7A82E79A0C14}.Release|x86.ActiveCfg = Release|Any CPU
		{3B43C10E-28AE-42E5-9B9B-08F2B4153951}.Debug|Any CPU.ActiveCfg = Debug|Any CPU
		{3B43C10E-28AE-42E5-9B9B-08F2B4153951}.Debug|Any CPU.Build.0 = Debug|Any CPU
		{3B43C10E-28AE-42E5-9B9B-08F2B4153951}.Debug|Mixed Platforms.ActiveCfg = Debug|Any CPU
		{3B43C10E-28AE-42E5-9B9B-08F2B4153951}.Debug|Mixed Platforms.Build.0 = Debug|Any CPU
		{3B43C10E-28AE-42E5-9B9B-08F2B4153951}.Debug|x64.ActiveCfg = Debug|Any CPU
		{3B43C10E-28AE-42E5-9B9B-08F2B4153951}.Debug|x86.ActiveCfg = Debug|Any CPU
		{3B43C10E-28AE-42E5-9B9B-08F2B4153951}.Release|Any CPU.ActiveCfg = Release|Any CPU
		{3B43C10E-28AE-42E5-9B9B-08F2B4153951}.Release|Any CPU.Build.0 = Release|Any CPU
		{3B43C10E-28AE-42E5-9B9B-08F2B4153951}.Release|Mixed Platforms.ActiveCfg = Release|Any CPU
		{3B43C10E-28AE-42E5-9B9B-08F2B4153951}.Release|Mixed Platforms.Build.0 = Release|Any CPU
		{3B43C10E-28AE-42E5-9B9B-08F2B4153951}.Release|x64.ActiveCfg = Release|Any CPU
		{3B43C10E-28AE-42E5-9B9B-08F2B4153951}.Release|x64.Build.0 = Release|Any CPU
		{3B43C10E-28AE-42E5-9B9B-08F2B4153951}.Release|x86.ActiveCfg = Release|Any CPU
		{45F6BE30-989A-4749-B6A0-69099C8661F4}.Debug|Any CPU.ActiveCfg = Debug|Any CPU
		{45F6BE30-989A-4749-B6A0-69099C8661F4}.Debug|Any CPU.Build.0 = Debug|Any CPU
		{45F6BE30-989A-4749-B6A0-69099C8661F4}.Debug|Mixed Platforms.ActiveCfg = Debug|Any CPU
		{45F6BE30-989A-4749-B6A0-69099C8661F4}.Debug|Mixed Platforms.Build.0 = Debug|Any CPU
		{45F6BE30-989A-4749-B6A0-69099C8661F4}.Debug|x64.ActiveCfg = Debug|Any CPU
		{45F6BE30-989A-4749-B6A0-69099C8661F4}.Debug|x86.ActiveCfg = Debug|Any CPU
		{45F6BE30-989A-4749-B6A0-69099C8661F4}.Release|Any CPU.ActiveCfg = Release|Any CPU
		{45F6BE30-989A-4749-B6A0-69099C8661F4}.Release|Any CPU.Build.0 = Release|Any CPU
		{45F6BE30-989A-4749-B6A0-69099C8661F4}.Release|Mixed Platforms.ActiveCfg = Release|Any CPU
		{45F6BE30-989A-4749-B6A0-69099C8661F4}.Release|Mixed Platforms.Build.0 = Release|Any CPU
		{45F6BE30-989A-4749-B6A0-69099C8661F4}.Release|x64.ActiveCfg = Release|Any CPU
		{45F6BE30-989A-4749-B6A0-69099C8661F4}.Release|x64.Build.0 = Release|Any CPU
		{45F6BE30-989A-4749-B6A0-69099C8661F4}.Release|x86.ActiveCfg = Release|Any CPU
		{51C8E5F7-F888-4500-B1EE-D20337FA451F}.Debug|Any CPU.ActiveCfg = Debug|Any CPU
		{51C8E5F7-F888-4500-B1EE-D20337FA451F}.Debug|Any CPU.Build.0 = Debug|Any CPU
		{51C8E5F7-F888-4500-B1EE-D20337FA451F}.Debug|Mixed Platforms.ActiveCfg = Debug|Any CPU
		{51C8E5F7-F888-4500-B1EE-D20337FA451F}.Debug|Mixed Platforms.Build.0 = Debug|Any CPU
		{51C8E5F7-F888-4500-B1EE-D20337FA451F}.Debug|x64.ActiveCfg = Debug|Any CPU
		{51C8E5F7-F888-4500-B1EE-D20337FA451F}.Debug|x86.ActiveCfg = Debug|Any CPU
		{51C8E5F7-F888-4500-B1EE-D20337FA451F}.Release|Any CPU.ActiveCfg = Release|Any CPU
		{51C8E5F7-F888-4500-B1EE-D20337FA451F}.Release|Any CPU.Build.0 = Release|Any CPU
		{51C8E5F7-F888-4500-B1EE-D20337FA451F}.Release|Mixed Platforms.ActiveCfg = Release|Any CPU
		{51C8E5F7-F888-4500-B1EE-D20337FA451F}.Release|Mixed Platforms.Build.0 = Release|Any CPU
		{51C8E5F7-F888-4500-B1EE-D20337FA451F}.Release|x64.ActiveCfg = Release|Any CPU
		{51C8E5F7-F888-4500-B1EE-D20337FA451F}.Release|x64.Build.0 = Release|Any CPU
		{51C8E5F7-F888-4500-B1EE-D20337FA451F}.Release|x86.ActiveCfg = Release|Any CPU
		{581F49A5-9768-4CB3-AF92-3A3FC2B1F63B}.Debug|Any CPU.ActiveCfg = Debug|Any CPU
		{581F49A5-9768-4CB3-AF92-3A3FC2B1F63B}.Debug|Any CPU.Build.0 = Debug|Any CPU
		{581F49A5-9768-4CB3-AF92-3A3FC2B1F63B}.Debug|Mixed Platforms.ActiveCfg = Debug|Any CPU
		{581F49A5-9768-4CB3-AF92-3A3FC2B1F63B}.Debug|Mixed Platforms.Build.0 = Debug|Any CPU
		{581F49A5-9768-4CB3-AF92-3A3FC2B1F63B}.Debug|x64.ActiveCfg = Debug|Any CPU
		{581F49A5-9768-4CB3-AF92-3A3FC2B1F63B}.Debug|x86.ActiveCfg = Debug|Any CPU
		{581F49A5-9768-4CB3-AF92-3A3FC2B1F63B}.Release|Any CPU.ActiveCfg = Release|Any CPU
		{581F49A5-9768-4CB3-AF92-3A3FC2B1F63B}.Release|Any CPU.Build.0 = Release|Any CPU
		{581F49A5-9768-4CB3-AF92-3A3FC2B1F63B}.Release|Mixed Platforms.ActiveCfg = Release|Any CPU
		{581F49A5-9768-4CB3-AF92-3A3FC2B1F63B}.Release|Mixed Platforms.Build.0 = Release|Any CPU
		{581F49A5-9768-4CB3-AF92-3A3FC2B1F63B}.Release|x64.ActiveCfg = Release|Any CPU
		{581F49A5-9768-4CB3-AF92-3A3FC2B1F63B}.Release|x64.Build.0 = Release|Any CPU
		{581F49A5-9768-4CB3-AF92-3A3FC2B1F63B}.Release|x86.ActiveCfg = Release|Any CPU
		{5A691EE2-96EE-4F5F-858E-6A17088CE7A1}.Debug|Any CPU.ActiveCfg = Debug|Any CPU
		{5A691EE2-96EE-4F5F-858E-6A17088CE7A1}.Debug|Any CPU.Build.0 = Debug|Any CPU
		{5A691EE2-96EE-4F5F-858E-6A17088CE7A1}.Debug|Mixed Platforms.ActiveCfg = Debug|Any CPU
		{5A691EE2-96EE-4F5F-858E-6A17088CE7A1}.Debug|Mixed Platforms.Build.0 = Debug|Any CPU
		{5A691EE2-96EE-4F5F-858E-6A17088CE7A1}.Debug|x64.ActiveCfg = Debug|Any CPU
		{5A691EE2-96EE-4F5F-858E-6A17088CE7A1}.Debug|x86.ActiveCfg = Debug|Any CPU
		{5A691EE2-96EE-4F5F-858E-6A17088CE7A1}.Release|Any CPU.ActiveCfg = Release|Any CPU
		{5A691EE2-96EE-4F5F-858E-6A17088CE7A1}.Release|Any CPU.Build.0 = Release|Any CPU
		{5A691EE2-96EE-4F5F-858E-6A17088CE7A1}.Release|Mixed Platforms.ActiveCfg = Release|Any CPU
		{5A691EE2-96EE-4F5F-858E-6A17088CE7A1}.Release|Mixed Platforms.Build.0 = Release|Any CPU
		{5A691EE2-96EE-4F5F-858E-6A17088CE7A1}.Release|x64.ActiveCfg = Release|Any CPU
		{5A691EE2-96EE-4F5F-858E-6A17088CE7A1}.Release|x64.Build.0 = Release|Any CPU
		{5A691EE2-96EE-4F5F-858E-6A17088CE7A1}.Release|x86.ActiveCfg = Release|Any CPU
		{6A6D0690-78A4-4134-AA2B-4A7A39535612}.Debug|Any CPU.ActiveCfg = Debug|Any CPU
		{6A6D0690-78A4-4134-AA2B-4A7A39535612}.Debug|Any CPU.Build.0 = Debug|Any CPU
		{6A6D0690-78A4-4134-AA2B-4A7A39535612}.Debug|Mixed Platforms.ActiveCfg = Debug|Any CPU
		{6A6D0690-78A4-4134-AA2B-4A7A39535612}.Debug|Mixed Platforms.Build.0 = Debug|Any CPU
		{6A6D0690-78A4-4134-AA2B-4A7A39535612}.Debug|x64.ActiveCfg = Debug|Any CPU
		{6A6D0690-78A4-4134-AA2B-4A7A39535612}.Debug|x86.ActiveCfg = Debug|Any CPU
		{6A6D0690-78A4-4134-AA2B-4A7A39535612}.Release|Any CPU.ActiveCfg = Release|Any CPU
		{6A6D0690-78A4-4134-AA2B-4A7A39535612}.Release|Any CPU.Build.0 = Release|Any CPU
		{6A6D0690-78A4-4134-AA2B-4A7A39535612}.Release|Mixed Platforms.ActiveCfg = Release|Any CPU
		{6A6D0690-78A4-4134-AA2B-4A7A39535612}.Release|Mixed Platforms.Build.0 = Release|Any CPU
		{6A6D0690-78A4-4134-AA2B-4A7A39535612}.Release|x64.ActiveCfg = Release|Any CPU
		{6A6D0690-78A4-4134-AA2B-4A7A39535612}.Release|x64.Build.0 = Release|Any CPU
		{6A6D0690-78A4-4134-AA2B-4A7A39535612}.Release|x86.ActiveCfg = Release|Any CPU
		{6C8C30F7-1F75-4FA4-B5E9-6FB9AC8FA4FB}.Debug|Any CPU.ActiveCfg = Debug|Any CPU
		{6C8C30F7-1F75-4FA4-B5E9-6FB9AC8FA4FB}.Debug|Any CPU.Build.0 = Debug|Any CPU
		{6C8C30F7-1F75-4FA4-B5E9-6FB9AC8FA4FB}.Debug|Mixed Platforms.ActiveCfg = Debug|Any CPU
		{6C8C30F7-1F75-4FA4-B5E9-6FB9AC8FA4FB}.Debug|Mixed Platforms.Build.0 = Debug|Any CPU
		{6C8C30F7-1F75-4FA4-B5E9-6FB9AC8FA4FB}.Debug|x64.ActiveCfg = Debug|Any CPU
		{6C8C30F7-1F75-4FA4-B5E9-6FB9AC8FA4FB}.Debug|x86.ActiveCfg = Debug|Any CPU
		{6C8C30F7-1F75-4FA4-B5E9-6FB9AC8FA4FB}.Release|Any CPU.ActiveCfg = Release|Any CPU
		{6C8C30F7-1F75-4FA4-B5E9-6FB9AC8FA4FB}.Release|Any CPU.Build.0 = Release|Any CPU
		{6C8C30F7-1F75-4FA4-B5E9-6FB9AC8FA4FB}.Release|Mixed Platforms.ActiveCfg = Release|Any CPU
		{6C8C30F7-1F75-4FA4-B5E9-6FB9AC8FA4FB}.Release|Mixed Platforms.Build.0 = Release|Any CPU
		{6C8C30F7-1F75-4FA4-B5E9-6FB9AC8FA4FB}.Release|x64.ActiveCfg = Release|Any CPU
		{6C8C30F7-1F75-4FA4-B5E9-6FB9AC8FA4FB}.Release|x64.Build.0 = Release|Any CPU
		{6C8C30F7-1F75-4FA4-B5E9-6FB9AC8FA4FB}.Release|x86.ActiveCfg = Release|Any CPU
		{7E58D30B-4108-4941-BF85-A5C309F87536}.Debug|Any CPU.ActiveCfg = Debug|Any CPU
		{7E58D30B-4108-4941-BF85-A5C309F87536}.Debug|Any CPU.Build.0 = Debug|Any CPU
		{7E58D30B-4108-4941-BF85-A5C309F87536}.Debug|Mixed Platforms.ActiveCfg = Debug|Any CPU
		{7E58D30B-4108-4941-BF85-A5C309F87536}.Debug|Mixed Platforms.Build.0 = Debug|Any CPU
		{7E58D30B-4108-4941-BF85-A5C309F87536}.Debug|x64.ActiveCfg = Debug|Any CPU
		{7E58D30B-4108-4941-BF85-A5C309F87536}.Debug|x86.ActiveCfg = Debug|Any CPU
		{7E58D30B-4108-4941-BF85-A5C309F87536}.Release|Any CPU.ActiveCfg = Release|Any CPU
		{7E58D30B-4108-4941-BF85-A5C309F87536}.Release|Any CPU.Build.0 = Release|Any CPU
		{7E58D30B-4108-4941-BF85-A5C309F87536}.Release|Mixed Platforms.ActiveCfg = Release|Any CPU
		{7E58D30B-4108-4941-BF85-A5C309F87536}.Release|Mixed Platforms.Build.0 = Release|Any CPU
		{7E58D30B-4108-4941-BF85-A5C309F87536}.Release|x64.ActiveCfg = Release|Any CPU
		{7E58D30B-4108-4941-BF85-A5C309F87536}.Release|x64.Build.0 = Release|Any CPU
		{7E58D30B-4108-4941-BF85-A5C309F87536}.Release|x86.ActiveCfg = Release|Any CPU
		{80934A33-3BCB-4732-AA2D-02D8925336C9}.Debug|Any CPU.ActiveCfg = Debug|Any CPU
		{80934A33-3BCB-4732-AA2D-02D8925336C9}.Debug|Any CPU.Build.0 = Debug|Any CPU
		{80934A33-3BCB-4732-AA2D-02D8925336C9}.Debug|Mixed Platforms.ActiveCfg = Debug|Any CPU
		{80934A33-3BCB-4732-AA2D-02D8925336C9}.Debug|Mixed Platforms.Build.0 = Debug|Any CPU
		{80934A33-3BCB-4732-AA2D-02D8925336C9}.Debug|x64.ActiveCfg = Debug|Any CPU
		{80934A33-3BCB-4732-AA2D-02D8925336C9}.Debug|x86.ActiveCfg = Debug|Any CPU
		{80934A33-3BCB-4732-AA2D-02D8925336C9}.Release|Any CPU.ActiveCfg = Release|Any CPU
		{80934A33-3BCB-4732-AA2D-02D8925336C9}.Release|Any CPU.Build.0 = Release|Any CPU
		{80934A33-3BCB-4732-AA2D-02D8925336C9}.Release|Mixed Platforms.ActiveCfg = Release|Any CPU
		{80934A33-3BCB-4732-AA2D-02D8925336C9}.Release|Mixed Platforms.Build.0 = Release|Any CPU
		{80934A33-3BCB-4732-AA2D-02D8925336C9}.Release|x64.ActiveCfg = Release|Any CPU
		{80934A33-3BCB-4732-AA2D-02D8925336C9}.Release|x86.ActiveCfg = Release|Any CPU
		{80D5F893-014A-4FA4-AD9B-CADEDABF0874}.Debug|Any CPU.ActiveCfg = Debug|Any CPU
		{80D5F893-014A-4FA4-AD9B-CADEDABF0874}.Debug|Any CPU.Build.0 = Debug|Any CPU
		{80D5F893-014A-4FA4-AD9B-CADEDABF0874}.Debug|Mixed Platforms.ActiveCfg = Debug|Any CPU
		{80D5F893-014A-4FA4-AD9B-CADEDABF0874}.Debug|Mixed Platforms.Build.0 = Debug|Any CPU
		{80D5F893-014A-4FA4-AD9B-CADEDABF0874}.Debug|x64.ActiveCfg = Debug|Any CPU
		{80D5F893-014A-4FA4-AD9B-CADEDABF0874}.Debug|x86.ActiveCfg = Debug|Any CPU
		{80D5F893-014A-4FA4-AD9B-CADEDABF0874}.Release|Any CPU.ActiveCfg = Release|Any CPU
		{80D5F893-014A-4FA4-AD9B-CADEDABF0874}.Release|Any CPU.Build.0 = Release|Any CPU
		{80D5F893-014A-4FA4-AD9B-CADEDABF0874}.Release|Mixed Platforms.ActiveCfg = Release|Any CPU
		{80D5F893-014A-4FA4-AD9B-CADEDABF0874}.Release|Mixed Platforms.Build.0 = Release|Any CPU
		{80D5F893-014A-4FA4-AD9B-CADEDABF0874}.Release|x64.ActiveCfg = Release|Any CPU
		{80D5F893-014A-4FA4-AD9B-CADEDABF0874}.Release|x64.Build.0 = Release|Any CPU
		{80D5F893-014A-4FA4-AD9B-CADEDABF0874}.Release|x86.ActiveCfg = Release|Any CPU
		{817E142F-ECD9-4B18-A9AE-D399C7C49007}.Debug|Any CPU.ActiveCfg = Debug|Any CPU
		{817E142F-ECD9-4B18-A9AE-D399C7C49007}.Debug|Any CPU.Build.0 = Debug|Any CPU
		{817E142F-ECD9-4B18-A9AE-D399C7C49007}.Debug|Mixed Platforms.ActiveCfg = Debug|Any CPU
		{817E142F-ECD9-4B18-A9AE-D399C7C49007}.Debug|Mixed Platforms.Build.0 = Debug|Any CPU
		{817E142F-ECD9-4B18-A9AE-D399C7C49007}.Debug|x64.ActiveCfg = Debug|Any CPU
		{817E142F-ECD9-4B18-A9AE-D399C7C49007}.Debug|x86.ActiveCfg = Debug|Any CPU
		{817E142F-ECD9-4B18-A9AE-D399C7C49007}.Release|Any CPU.ActiveCfg = Release|Any CPU
		{817E142F-ECD9-4B18-A9AE-D399C7C49007}.Release|Any CPU.Build.0 = Release|Any CPU
		{817E142F-ECD9-4B18-A9AE-D399C7C49007}.Release|Mixed Platforms.ActiveCfg = Release|Any CPU
		{817E142F-ECD9-4B18-A9AE-D399C7C49007}.Release|Mixed Platforms.Build.0 = Release|Any CPU
		{817E142F-ECD9-4B18-A9AE-D399C7C49007}.Release|x64.ActiveCfg = Release|Any CPU
		{817E142F-ECD9-4B18-A9AE-D399C7C49007}.Release|x64.Build.0 = Release|Any CPU
		{817E142F-ECD9-4B18-A9AE-D399C7C49007}.Release|x86.ActiveCfg = Release|Any CPU
		{823E8AF4-CF92-4E74-8ABD-38693279EB1E}.Debug|Any CPU.ActiveCfg = Debug|Any CPU
		{823E8AF4-CF92-4E74-8ABD-38693279EB1E}.Debug|Any CPU.Build.0 = Debug|Any CPU
		{823E8AF4-CF92-4E74-8ABD-38693279EB1E}.Debug|Mixed Platforms.ActiveCfg = Debug|Any CPU
		{823E8AF4-CF92-4E74-8ABD-38693279EB1E}.Debug|Mixed Platforms.Build.0 = Debug|Any CPU
		{823E8AF4-CF92-4E74-8ABD-38693279EB1E}.Debug|x64.ActiveCfg = Debug|Any CPU
		{823E8AF4-CF92-4E74-8ABD-38693279EB1E}.Debug|x86.ActiveCfg = Debug|Any CPU
		{823E8AF4-CF92-4E74-8ABD-38693279EB1E}.Release|Any CPU.ActiveCfg = Release|Any CPU
		{823E8AF4-CF92-4E74-8ABD-38693279EB1E}.Release|Any CPU.Build.0 = Release|Any CPU
		{823E8AF4-CF92-4E74-8ABD-38693279EB1E}.Release|Mixed Platforms.ActiveCfg = Release|Any CPU
		{823E8AF4-CF92-4E74-8ABD-38693279EB1E}.Release|Mixed Platforms.Build.0 = Release|Any CPU
		{823E8AF4-CF92-4E74-8ABD-38693279EB1E}.Release|x64.ActiveCfg = Release|Any CPU
		{823E8AF4-CF92-4E74-8ABD-38693279EB1E}.Release|x64.Build.0 = Release|Any CPU
		{823E8AF4-CF92-4E74-8ABD-38693279EB1E}.Release|x86.ActiveCfg = Release|Any CPU
		{89E70649-A81B-4A70-A9A1-B91EA96CE8A1}.Debug|Any CPU.ActiveCfg = Debug|Any CPU
		{89E70649-A81B-4A70-A9A1-B91EA96CE8A1}.Debug|Any CPU.Build.0 = Debug|Any CPU
		{89E70649-A81B-4A70-A9A1-B91EA96CE8A1}.Debug|Mixed Platforms.ActiveCfg = Debug|Any CPU
		{89E70649-A81B-4A70-A9A1-B91EA96CE8A1}.Debug|Mixed Platforms.Build.0 = Debug|Any CPU
		{89E70649-A81B-4A70-A9A1-B91EA96CE8A1}.Debug|x64.ActiveCfg = Debug|Any CPU
		{89E70649-A81B-4A70-A9A1-B91EA96CE8A1}.Debug|x86.ActiveCfg = Debug|Any CPU
		{89E70649-A81B-4A70-A9A1-B91EA96CE8A1}.Release|Any CPU.ActiveCfg = Release|Any CPU
		{89E70649-A81B-4A70-A9A1-B91EA96CE8A1}.Release|Any CPU.Build.0 = Release|Any CPU
		{89E70649-A81B-4A70-A9A1-B91EA96CE8A1}.Release|Mixed Platforms.ActiveCfg = Release|Any CPU
		{89E70649-A81B-4A70-A9A1-B91EA96CE8A1}.Release|Mixed Platforms.Build.0 = Release|Any CPU
		{89E70649-A81B-4A70-A9A1-B91EA96CE8A1}.Release|x64.ActiveCfg = Release|Any CPU
		{89E70649-A81B-4A70-A9A1-B91EA96CE8A1}.Release|x64.Build.0 = Release|Any CPU
		{89E70649-A81B-4A70-A9A1-B91EA96CE8A1}.Release|x86.ActiveCfg = Release|Any CPU
		{8E0390D0-A7BF-46FE-900C-C411F762EFF2}.Debug|Any CPU.ActiveCfg = Debug|Any CPU
		{8E0390D0-A7BF-46FE-900C-C411F762EFF2}.Debug|Any CPU.Build.0 = Debug|Any CPU
		{8E0390D0-A7BF-46FE-900C-C411F762EFF2}.Debug|Mixed Platforms.ActiveCfg = Debug|Any CPU
		{8E0390D0-A7BF-46FE-900C-C411F762EFF2}.Debug|Mixed Platforms.Build.0 = Debug|Any CPU
		{8E0390D0-A7BF-46FE-900C-C411F762EFF2}.Debug|x64.ActiveCfg = Debug|Any CPU
		{8E0390D0-A7BF-46FE-900C-C411F762EFF2}.Debug|x86.ActiveCfg = Debug|Any CPU
		{8E0390D0-A7BF-46FE-900C-C411F762EFF2}.Release|Any CPU.ActiveCfg = Release|Any CPU
		{8E0390D0-A7BF-46FE-900C-C411F762EFF2}.Release|Any CPU.Build.0 = Release|Any CPU
		{8E0390D0-A7BF-46FE-900C-C411F762EFF2}.Release|Mixed Platforms.ActiveCfg = Release|Any CPU
		{8E0390D0-A7BF-46FE-900C-C411F762EFF2}.Release|Mixed Platforms.Build.0 = Release|Any CPU
		{8E0390D0-A7BF-46FE-900C-C411F762EFF2}.Release|x64.ActiveCfg = Release|Any CPU
		{8E0390D0-A7BF-46FE-900C-C411F762EFF2}.Release|x64.Build.0 = Release|Any CPU
		{8E0390D0-A7BF-46FE-900C-C411F762EFF2}.Release|x86.ActiveCfg = Release|Any CPU
		{942F25CF-46A7-4413-B062-E3395C8D1C9A}.Debug|Any CPU.ActiveCfg = Debug|Any CPU
		{942F25CF-46A7-4413-B062-E3395C8D1C9A}.Debug|Any CPU.Build.0 = Debug|Any CPU
		{942F25CF-46A7-4413-B062-E3395C8D1C9A}.Debug|Mixed Platforms.ActiveCfg = Debug|Any CPU
		{942F25CF-46A7-4413-B062-E3395C8D1C9A}.Debug|Mixed Platforms.Build.0 = Debug|Any CPU
		{942F25CF-46A7-4413-B062-E3395C8D1C9A}.Debug|x64.ActiveCfg = Debug|Any CPU
		{942F25CF-46A7-4413-B062-E3395C8D1C9A}.Debug|x86.ActiveCfg = Debug|Any CPU
		{942F25CF-46A7-4413-B062-E3395C8D1C9A}.Release|Any CPU.ActiveCfg = Release|Any CPU
		{942F25CF-46A7-4413-B062-E3395C8D1C9A}.Release|Any CPU.Build.0 = Release|Any CPU
		{942F25CF-46A7-4413-B062-E3395C8D1C9A}.Release|Mixed Platforms.ActiveCfg = Release|Any CPU
		{942F25CF-46A7-4413-B062-E3395C8D1C9A}.Release|Mixed Platforms.Build.0 = Release|Any CPU
		{942F25CF-46A7-4413-B062-E3395C8D1C9A}.Release|x64.ActiveCfg = Release|Any CPU
		{942F25CF-46A7-4413-B062-E3395C8D1C9A}.Release|x64.Build.0 = Release|Any CPU
		{942F25CF-46A7-4413-B062-E3395C8D1C9A}.Release|x86.ActiveCfg = Release|Any CPU
		{95295FE7-C0EB-45ED-88B0-2B66902BEE0C}.Debug|Any CPU.ActiveCfg = Debug|Any CPU
		{95295FE7-C0EB-45ED-88B0-2B66902BEE0C}.Debug|Any CPU.Build.0 = Debug|Any CPU
		{95295FE7-C0EB-45ED-88B0-2B66902BEE0C}.Debug|Mixed Platforms.ActiveCfg = Debug|Any CPU
		{95295FE7-C0EB-45ED-88B0-2B66902BEE0C}.Debug|Mixed Platforms.Build.0 = Debug|Any CPU
		{95295FE7-C0EB-45ED-88B0-2B66902BEE0C}.Debug|x64.ActiveCfg = Debug|Any CPU
		{95295FE7-C0EB-45ED-88B0-2B66902BEE0C}.Debug|x86.ActiveCfg = Debug|Any CPU
		{95295FE7-C0EB-45ED-88B0-2B66902BEE0C}.Release|Any CPU.ActiveCfg = Release|Any CPU
		{95295FE7-C0EB-45ED-88B0-2B66902BEE0C}.Release|Any CPU.Build.0 = Release|Any CPU
		{95295FE7-C0EB-45ED-88B0-2B66902BEE0C}.Release|Mixed Platforms.ActiveCfg = Release|Any CPU
		{95295FE7-C0EB-45ED-88B0-2B66902BEE0C}.Release|Mixed Platforms.Build.0 = Release|Any CPU
		{95295FE7-C0EB-45ED-88B0-2B66902BEE0C}.Release|x64.ActiveCfg = Release|Any CPU
		{95295FE7-C0EB-45ED-88B0-2B66902BEE0C}.Release|x86.ActiveCfg = Release|Any CPU
		{991132D2-15E0-4BB7-8328-3A51646D4F01}.Debug|Any CPU.ActiveCfg = Debug|Any CPU
		{991132D2-15E0-4BB7-8328-3A51646D4F01}.Debug|Any CPU.Build.0 = Debug|Any CPU
		{991132D2-15E0-4BB7-8328-3A51646D4F01}.Debug|Mixed Platforms.ActiveCfg = Debug|Any CPU
		{991132D2-15E0-4BB7-8328-3A51646D4F01}.Debug|Mixed Platforms.Build.0 = Debug|Any CPU
		{991132D2-15E0-4BB7-8328-3A51646D4F01}.Debug|x64.ActiveCfg = Debug|Any CPU
		{991132D2-15E0-4BB7-8328-3A51646D4F01}.Debug|x86.ActiveCfg = Debug|Any CPU
		{991132D2-15E0-4BB7-8328-3A51646D4F01}.Release|Any CPU.ActiveCfg = Release|Any CPU
		{991132D2-15E0-4BB7-8328-3A51646D4F01}.Release|Any CPU.Build.0 = Release|Any CPU
		{991132D2-15E0-4BB7-8328-3A51646D4F01}.Release|Mixed Platforms.ActiveCfg = Release|Any CPU
		{991132D2-15E0-4BB7-8328-3A51646D4F01}.Release|Mixed Platforms.Build.0 = Release|Any CPU
		{991132D2-15E0-4BB7-8328-3A51646D4F01}.Release|x64.ActiveCfg = Release|Any CPU
		{991132D2-15E0-4BB7-8328-3A51646D4F01}.Release|x64.Build.0 = Release|Any CPU
		{991132D2-15E0-4BB7-8328-3A51646D4F01}.Release|x86.ActiveCfg = Release|Any CPU
		{9E2BBF58-75A7-4C03-959C-A557F04927BA}.Debug|Any CPU.ActiveCfg = Debug|Any CPU
		{9E2BBF58-75A7-4C03-959C-A557F04927BA}.Debug|Any CPU.Build.0 = Debug|Any CPU
		{9E2BBF58-75A7-4C03-959C-A557F04927BA}.Debug|Mixed Platforms.ActiveCfg = Debug|Any CPU
		{9E2BBF58-75A7-4C03-959C-A557F04927BA}.Debug|Mixed Platforms.Build.0 = Debug|Any CPU
		{9E2BBF58-75A7-4C03-959C-A557F04927BA}.Debug|x64.ActiveCfg = Debug|Any CPU
		{9E2BBF58-75A7-4C03-959C-A557F04927BA}.Debug|x86.ActiveCfg = Debug|Any CPU
		{9E2BBF58-75A7-4C03-959C-A557F04927BA}.Release|Any CPU.ActiveCfg = Release|Any CPU
		{9E2BBF58-75A7-4C03-959C-A557F04927BA}.Release|Any CPU.Build.0 = Release|Any CPU
		{9E2BBF58-75A7-4C03-959C-A557F04927BA}.Release|Mixed Platforms.ActiveCfg = Release|Any CPU
		{9E2BBF58-75A7-4C03-959C-A557F04927BA}.Release|Mixed Platforms.Build.0 = Release|Any CPU
		{9E2BBF58-75A7-4C03-959C-A557F04927BA}.Release|x64.ActiveCfg = Release|Any CPU
		{9E2BBF58-75A7-4C03-959C-A557F04927BA}.Release|x64.Build.0 = Release|Any CPU
		{9E2BBF58-75A7-4C03-959C-A557F04927BA}.Release|x86.ActiveCfg = Release|Any CPU
		{A1BD782F-F3C4-4820-8B00-FDBDAADAE37D}.Debug|Any CPU.ActiveCfg = Debug|Any CPU
		{A1BD782F-F3C4-4820-8B00-FDBDAADAE37D}.Debug|Any CPU.Build.0 = Debug|Any CPU
		{A1BD782F-F3C4-4820-8B00-FDBDAADAE37D}.Debug|Mixed Platforms.ActiveCfg = Debug|Any CPU
		{A1BD782F-F3C4-4820-8B00-FDBDAADAE37D}.Debug|Mixed Platforms.Build.0 = Debug|Any CPU
		{A1BD782F-F3C4-4820-8B00-FDBDAADAE37D}.Debug|x64.ActiveCfg = Debug|Any CPU
		{A1BD782F-F3C4-4820-8B00-FDBDAADAE37D}.Debug|x86.ActiveCfg = Debug|Any CPU
		{A1BD782F-F3C4-4820-8B00-FDBDAADAE37D}.Release|Any CPU.ActiveCfg = Release|Any CPU
		{A1BD782F-F3C4-4820-8B00-FDBDAADAE37D}.Release|Any CPU.Build.0 = Release|Any CPU
		{A1BD782F-F3C4-4820-8B00-FDBDAADAE37D}.Release|Mixed Platforms.ActiveCfg = Release|Any CPU
		{A1BD782F-F3C4-4820-8B00-FDBDAADAE37D}.Release|Mixed Platforms.Build.0 = Release|Any CPU
		{A1BD782F-F3C4-4820-8B00-FDBDAADAE37D}.Release|x64.ActiveCfg = Release|Any CPU
		{A1BD782F-F3C4-4820-8B00-FDBDAADAE37D}.Release|x64.Build.0 = Release|Any CPU
		{A1BD782F-F3C4-4820-8B00-FDBDAADAE37D}.Release|x86.ActiveCfg = Release|Any CPU
		{A233FDB4-70A9-4284-827A-1704950E0EF3}.Debug|Any CPU.ActiveCfg = Debug|Any CPU
		{A233FDB4-70A9-4284-827A-1704950E0EF3}.Debug|Any CPU.Build.0 = Debug|Any CPU
		{A233FDB4-70A9-4284-827A-1704950E0EF3}.Debug|Mixed Platforms.ActiveCfg = Debug|Any CPU
		{A233FDB4-70A9-4284-827A-1704950E0EF3}.Debug|Mixed Platforms.Build.0 = Debug|Any CPU
		{A233FDB4-70A9-4284-827A-1704950E0EF3}.Debug|x64.ActiveCfg = Debug|Any CPU
		{A233FDB4-70A9-4284-827A-1704950E0EF3}.Debug|x86.ActiveCfg = Debug|Any CPU
		{A233FDB4-70A9-4284-827A-1704950E0EF3}.Release|Any CPU.ActiveCfg = Release|Any CPU
		{A233FDB4-70A9-4284-827A-1704950E0EF3}.Release|Any CPU.Build.0 = Release|Any CPU
		{A233FDB4-70A9-4284-827A-1704950E0EF3}.Release|Mixed Platforms.ActiveCfg = Release|Any CPU
		{A233FDB4-70A9-4284-827A-1704950E0EF3}.Release|Mixed Platforms.Build.0 = Release|Any CPU
		{A233FDB4-70A9-4284-827A-1704950E0EF3}.Release|x64.ActiveCfg = Release|Any CPU
		{A233FDB4-70A9-4284-827A-1704950E0EF3}.Release|x64.Build.0 = Release|Any CPU
		{A233FDB4-70A9-4284-827A-1704950E0EF3}.Release|x86.ActiveCfg = Release|Any CPU
		{A820291C-1D86-42B7-9D97-F8C9A142E8D9}.Debug|Any CPU.ActiveCfg = Debug|Any CPU
		{A820291C-1D86-42B7-9D97-F8C9A142E8D9}.Debug|Any CPU.Build.0 = Debug|Any CPU
		{A820291C-1D86-42B7-9D97-F8C9A142E8D9}.Debug|Mixed Platforms.ActiveCfg = Debug|Any CPU
		{A820291C-1D86-42B7-9D97-F8C9A142E8D9}.Debug|Mixed Platforms.Build.0 = Debug|Any CPU
		{A820291C-1D86-42B7-9D97-F8C9A142E8D9}.Debug|x64.ActiveCfg = Debug|Any CPU
		{A820291C-1D86-42B7-9D97-F8C9A142E8D9}.Debug|x86.ActiveCfg = Debug|Any CPU
		{A820291C-1D86-42B7-9D97-F8C9A142E8D9}.Release|Any CPU.ActiveCfg = Release|Any CPU
		{A820291C-1D86-42B7-9D97-F8C9A142E8D9}.Release|Any CPU.Build.0 = Release|Any CPU
		{A820291C-1D86-42B7-9D97-F8C9A142E8D9}.Release|Mixed Platforms.ActiveCfg = Release|Any CPU
		{A820291C-1D86-42B7-9D97-F8C9A142E8D9}.Release|Mixed Platforms.Build.0 = Release|Any CPU
		{A820291C-1D86-42B7-9D97-F8C9A142E8D9}.Release|x64.ActiveCfg = Release|Any CPU
		{A820291C-1D86-42B7-9D97-F8C9A142E8D9}.Release|x64.Build.0 = Release|Any CPU
		{A820291C-1D86-42B7-9D97-F8C9A142E8D9}.Release|x86.ActiveCfg = Release|Any CPU
		{A9AE40FF-1A21-414A-9FE7-3BE13644CC6D}.Debug|Any CPU.ActiveCfg = Debug|Any CPU
		{A9AE40FF-1A21-414A-9FE7-3BE13644CC6D}.Debug|Any CPU.Build.0 = Debug|Any CPU
		{A9AE40FF-1A21-414A-9FE7-3BE13644CC6D}.Debug|Mixed Platforms.ActiveCfg = Debug|Any CPU
		{A9AE40FF-1A21-414A-9FE7-3BE13644CC6D}.Debug|Mixed Platforms.Build.0 = Debug|Any CPU
		{A9AE40FF-1A21-414A-9FE7-3BE13644CC6D}.Debug|x64.ActiveCfg = Debug|x64
		{A9AE40FF-1A21-414A-9FE7-3BE13644CC6D}.Debug|x64.Build.0 = Debug|x64
		{A9AE40FF-1A21-414A-9FE7-3BE13644CC6D}.Debug|x86.ActiveCfg = Debug|x64
		{A9AE40FF-1A21-414A-9FE7-3BE13644CC6D}.Release|Any CPU.ActiveCfg = Release|Any CPU
		{A9AE40FF-1A21-414A-9FE7-3BE13644CC6D}.Release|Any CPU.Build.0 = Release|Any CPU
		{A9AE40FF-1A21-414A-9FE7-3BE13644CC6D}.Release|Mixed Platforms.ActiveCfg = Release|Any CPU
		{A9AE40FF-1A21-414A-9FE7-3BE13644CC6D}.Release|Mixed Platforms.Build.0 = Release|Any CPU
		{A9AE40FF-1A21-414A-9FE7-3BE13644CC6D}.Release|x64.ActiveCfg = Release|x64
		{A9AE40FF-1A21-414A-9FE7-3BE13644CC6D}.Release|x64.Build.0 = Release|x64
		{A9AE40FF-1A21-414A-9FE7-3BE13644CC6D}.Release|x86.ActiveCfg = Release|x64
		{AB7C27CC-534F-472E-BA56-A1287973B7E2}.Debug|Any CPU.ActiveCfg = Debug|Any CPU
		{AB7C27CC-534F-472E-BA56-A1287973B7E2}.Debug|Any CPU.Build.0 = Debug|Any CPU
		{AB7C27CC-534F-472E-BA56-A1287973B7E2}.Debug|Mixed Platforms.ActiveCfg = Debug|Any CPU
		{AB7C27CC-534F-472E-BA56-A1287973B7E2}.Debug|Mixed Platforms.Build.0 = Debug|Any CPU
		{AB7C27CC-534F-472E-BA56-A1287973B7E2}.Debug|x64.ActiveCfg = Debug|Any CPU
		{AB7C27CC-534F-472E-BA56-A1287973B7E2}.Debug|x86.ActiveCfg = Debug|Any CPU
		{AB7C27CC-534F-472E-BA56-A1287973B7E2}.Release|Any CPU.ActiveCfg = Release|Any CPU
		{AB7C27CC-534F-472E-BA56-A1287973B7E2}.Release|Any CPU.Build.0 = Release|Any CPU
		{AB7C27CC-534F-472E-BA56-A1287973B7E2}.Release|Mixed Platforms.ActiveCfg = Release|Any CPU
		{AB7C27CC-534F-472E-BA56-A1287973B7E2}.Release|Mixed Platforms.Build.0 = Release|Any CPU
		{AB7C27CC-534F-472E-BA56-A1287973B7E2}.Release|x64.ActiveCfg = Release|Any CPU
		{AB7C27CC-534F-472E-BA56-A1287973B7E2}.Release|x64.Build.0 = Release|Any CPU
		{AB7C27CC-534F-472E-BA56-A1287973B7E2}.Release|x86.ActiveCfg = Release|Any CPU
		{B70DCE72-B636-442A-8825-F3BE78D86D34}.Debug|Any CPU.ActiveCfg = Debug|Any CPU
		{B70DCE72-B636-442A-8825-F3BE78D86D34}.Debug|Any CPU.Build.0 = Debug|Any CPU
		{B70DCE72-B636-442A-8825-F3BE78D86D34}.Debug|Mixed Platforms.ActiveCfg = Debug|Any CPU
		{B70DCE72-B636-442A-8825-F3BE78D86D34}.Debug|Mixed Platforms.Build.0 = Debug|Any CPU
		{B70DCE72-B636-442A-8825-F3BE78D86D34}.Debug|x64.ActiveCfg = Debug|Any CPU
		{B70DCE72-B636-442A-8825-F3BE78D86D34}.Debug|x86.ActiveCfg = Debug|Any CPU
		{B70DCE72-B636-442A-8825-F3BE78D86D34}.Release|Any CPU.ActiveCfg = Release|Any CPU
		{B70DCE72-B636-442A-8825-F3BE78D86D34}.Release|Any CPU.Build.0 = Release|Any CPU
		{B70DCE72-B636-442A-8825-F3BE78D86D34}.Release|Mixed Platforms.ActiveCfg = Release|Any CPU
		{B70DCE72-B636-442A-8825-F3BE78D86D34}.Release|Mixed Platforms.Build.0 = Release|Any CPU
		{B70DCE72-B636-442A-8825-F3BE78D86D34}.Release|x64.ActiveCfg = Release|Any CPU
		{B70DCE72-B636-442A-8825-F3BE78D86D34}.Release|x64.Build.0 = Release|Any CPU
		{B70DCE72-B636-442A-8825-F3BE78D86D34}.Release|x86.ActiveCfg = Release|Any CPU
		{BE2A2669-CCDE-40A8-AEAB-673260D7260A}.Debug|Any CPU.ActiveCfg = Debug|Any CPU
		{BE2A2669-CCDE-40A8-AEAB-673260D7260A}.Debug|Any CPU.Build.0 = Debug|Any CPU
		{BE2A2669-CCDE-40A8-AEAB-673260D7260A}.Debug|Mixed Platforms.ActiveCfg = Debug|Any CPU
		{BE2A2669-CCDE-40A8-AEAB-673260D7260A}.Debug|Mixed Platforms.Build.0 = Debug|Any CPU
		{BE2A2669-CCDE-40A8-AEAB-673260D7260A}.Debug|x64.ActiveCfg = Debug|Any CPU
		{BE2A2669-CCDE-40A8-AEAB-673260D7260A}.Debug|x86.ActiveCfg = Debug|Any CPU
		{BE2A2669-CCDE-40A8-AEAB-673260D7260A}.Release|Any CPU.ActiveCfg = Release|Any CPU
		{BE2A2669-CCDE-40A8-AEAB-673260D7260A}.Release|Any CPU.Build.0 = Release|Any CPU
		{BE2A2669-CCDE-40A8-AEAB-673260D7260A}.Release|Mixed Platforms.ActiveCfg = Release|Any CPU
		{BE2A2669-CCDE-40A8-AEAB-673260D7260A}.Release|Mixed Platforms.Build.0 = Release|Any CPU
		{BE2A2669-CCDE-40A8-AEAB-673260D7260A}.Release|x64.ActiveCfg = Release|Any CPU
		{BE2A2669-CCDE-40A8-AEAB-673260D7260A}.Release|x64.Build.0 = Release|Any CPU
		{BE2A2669-CCDE-40A8-AEAB-673260D7260A}.Release|x86.ActiveCfg = Release|Any CPU
		{C6DDFD34-176E-48AC-998F-854F98CD28BB}.Debug|Any CPU.ActiveCfg = Debug|Any CPU
		{C6DDFD34-176E-48AC-998F-854F98CD28BB}.Debug|Any CPU.Build.0 = Debug|Any CPU
		{C6DDFD34-176E-48AC-998F-854F98CD28BB}.Debug|Mixed Platforms.ActiveCfg = Debug|Any CPU
		{C6DDFD34-176E-48AC-998F-854F98CD28BB}.Debug|Mixed Platforms.Build.0 = Debug|Any CPU
		{C6DDFD34-176E-48AC-998F-854F98CD28BB}.Debug|x64.ActiveCfg = Debug|Any CPU
		{C6DDFD34-176E-48AC-998F-854F98CD28BB}.Debug|x86.ActiveCfg = Debug|Any CPU
		{C6DDFD34-176E-48AC-998F-854F98CD28BB}.Release|Any CPU.ActiveCfg = Release|Any CPU
		{C6DDFD34-176E-48AC-998F-854F98CD28BB}.Release|Any CPU.Build.0 = Release|Any CPU
		{C6DDFD34-176E-48AC-998F-854F98CD28BB}.Release|Mixed Platforms.ActiveCfg = Release|Any CPU
		{C6DDFD34-176E-48AC-998F-854F98CD28BB}.Release|Mixed Platforms.Build.0 = Release|Any CPU
		{C6DDFD34-176E-48AC-998F-854F98CD28BB}.Release|x64.ActiveCfg = Release|Any CPU
		{C6DDFD34-176E-48AC-998F-854F98CD28BB}.Release|x64.Build.0 = Release|Any CPU
		{C6DDFD34-176E-48AC-998F-854F98CD28BB}.Release|x86.ActiveCfg = Release|Any CPU
		{CBE38660-10C5-4082-A1B9-A5002D961EA1}.Debug|Any CPU.ActiveCfg = Debug|Any CPU
		{CBE38660-10C5-4082-A1B9-A5002D961EA1}.Debug|Any CPU.Build.0 = Debug|Any CPU
		{CBE38660-10C5-4082-A1B9-A5002D961EA1}.Debug|Mixed Platforms.ActiveCfg = Debug|Any CPU
		{CBE38660-10C5-4082-A1B9-A5002D961EA1}.Debug|Mixed Platforms.Build.0 = Debug|Any CPU
		{CBE38660-10C5-4082-A1B9-A5002D961EA1}.Debug|x64.ActiveCfg = Debug|Any CPU
		{CBE38660-10C5-4082-A1B9-A5002D961EA1}.Debug|x86.ActiveCfg = Debug|Any CPU
		{CBE38660-10C5-4082-A1B9-A5002D961EA1}.Release|Any CPU.ActiveCfg = Release|Any CPU
		{CBE38660-10C5-4082-A1B9-A5002D961EA1}.Release|Any CPU.Build.0 = Release|Any CPU
		{CBE38660-10C5-4082-A1B9-A5002D961EA1}.Release|Mixed Platforms.ActiveCfg = Release|Any CPU
		{CBE38660-10C5-4082-A1B9-A5002D961EA1}.Release|Mixed Platforms.Build.0 = Release|Any CPU
		{CBE38660-10C5-4082-A1B9-A5002D961EA1}.Release|x64.ActiveCfg = Release|Any CPU
		{CBE38660-10C5-4082-A1B9-A5002D961EA1}.Release|x64.Build.0 = Release|Any CPU
		{CBE38660-10C5-4082-A1B9-A5002D961EA1}.Release|x86.ActiveCfg = Release|Any CPU
		{CDAE254B-77D9-4E59-9C07-C18F0085F570}.Debug|Any CPU.ActiveCfg = Debug|Any CPU
		{CDAE254B-77D9-4E59-9C07-C18F0085F570}.Debug|Any CPU.Build.0 = Debug|Any CPU
		{CDAE254B-77D9-4E59-9C07-C18F0085F570}.Debug|Mixed Platforms.ActiveCfg = Debug|Any CPU
		{CDAE254B-77D9-4E59-9C07-C18F0085F570}.Debug|Mixed Platforms.Build.0 = Debug|Any CPU
		{CDAE254B-77D9-4E59-9C07-C18F0085F570}.Debug|x64.ActiveCfg = Debug|Any CPU
		{CDAE254B-77D9-4E59-9C07-C18F0085F570}.Debug|x86.ActiveCfg = Debug|Any CPU
		{CDAE254B-77D9-4E59-9C07-C18F0085F570}.Release|Any CPU.ActiveCfg = Release|Any CPU
		{CDAE254B-77D9-4E59-9C07-C18F0085F570}.Release|Any CPU.Build.0 = Release|Any CPU
		{CDAE254B-77D9-4E59-9C07-C18F0085F570}.Release|Mixed Platforms.ActiveCfg = Release|Any CPU
		{CDAE254B-77D9-4E59-9C07-C18F0085F570}.Release|Mixed Platforms.Build.0 = Release|Any CPU
		{CDAE254B-77D9-4E59-9C07-C18F0085F570}.Release|x64.ActiveCfg = Release|Any CPU
		{CDAE254B-77D9-4E59-9C07-C18F0085F570}.Release|x64.Build.0 = Release|Any CPU
		{CDAE254B-77D9-4E59-9C07-C18F0085F570}.Release|x86.ActiveCfg = Release|Any CPU
		{CE9BF2C2-C785-4661-8F4F-64266C697343}.Debug|Any CPU.ActiveCfg = Debug|Any CPU
		{CE9BF2C2-C785-4661-8F4F-64266C697343}.Debug|Any CPU.Build.0 = Debug|Any CPU
		{CE9BF2C2-C785-4661-8F4F-64266C697343}.Debug|Mixed Platforms.ActiveCfg = Debug|Any CPU
		{CE9BF2C2-C785-4661-8F4F-64266C697343}.Debug|Mixed Platforms.Build.0 = Debug|Any CPU
		{CE9BF2C2-C785-4661-8F4F-64266C697343}.Debug|x64.ActiveCfg = Debug|Any CPU
		{CE9BF2C2-C785-4661-8F4F-64266C697343}.Debug|x86.ActiveCfg = Debug|Any CPU
		{CE9BF2C2-C785-4661-8F4F-64266C697343}.Release|Any CPU.ActiveCfg = Release|Any CPU
		{CE9BF2C2-C785-4661-8F4F-64266C697343}.Release|Any CPU.Build.0 = Release|Any CPU
		{CE9BF2C2-C785-4661-8F4F-64266C697343}.Release|Mixed Platforms.ActiveCfg = Release|Any CPU
		{CE9BF2C2-C785-4661-8F4F-64266C697343}.Release|Mixed Platforms.Build.0 = Release|Any CPU
		{CE9BF2C2-C785-4661-8F4F-64266C697343}.Release|x64.ActiveCfg = Release|Any CPU
		{CE9BF2C2-C785-4661-8F4F-64266C697343}.Release|x64.Build.0 = Release|Any CPU
		{CE9BF2C2-C785-4661-8F4F-64266C697343}.Release|x86.ActiveCfg = Release|Any CPU
		{CF68820B-F07E-4FCF-A00B-D9F3B5A259ED}.Debug|Any CPU.ActiveCfg = Debug|Any CPU
		{CF68820B-F07E-4FCF-A00B-D9F3B5A259ED}.Debug|Any CPU.Build.0 = Debug|Any CPU
		{CF68820B-F07E-4FCF-A00B-D9F3B5A259ED}.Debug|Mixed Platforms.ActiveCfg = Debug|Any CPU
		{CF68820B-F07E-4FCF-A00B-D9F3B5A259ED}.Debug|Mixed Platforms.Build.0 = Debug|Any CPU
		{CF68820B-F07E-4FCF-A00B-D9F3B5A259ED}.Debug|x64.ActiveCfg = Debug|x86
		{CF68820B-F07E-4FCF-A00B-D9F3B5A259ED}.Debug|x86.ActiveCfg = Debug|x86
		{CF68820B-F07E-4FCF-A00B-D9F3B5A259ED}.Debug|x86.Build.0 = Debug|x86
		{CF68820B-F07E-4FCF-A00B-D9F3B5A259ED}.Release|Any CPU.ActiveCfg = Release|Any CPU
		{CF68820B-F07E-4FCF-A00B-D9F3B5A259ED}.Release|Any CPU.Build.0 = Release|Any CPU
		{CF68820B-F07E-4FCF-A00B-D9F3B5A259ED}.Release|Mixed Platforms.ActiveCfg = Release|Any CPU
		{CF68820B-F07E-4FCF-A00B-D9F3B5A259ED}.Release|Mixed Platforms.Build.0 = Release|Any CPU
		{CF68820B-F07E-4FCF-A00B-D9F3B5A259ED}.Release|x64.ActiveCfg = Release|x86
		{CF68820B-F07E-4FCF-A00B-D9F3B5A259ED}.Release|x86.ActiveCfg = Release|x86
		{CF68820B-F07E-4FCF-A00B-D9F3B5A259ED}.Release|x86.Build.0 = Release|x86
		{D52A5921-EE93-499E-83C4-9E2DDAEC38D0}.Debug|Any CPU.ActiveCfg = Debug|Any CPU
		{D52A5921-EE93-499E-83C4-9E2DDAEC38D0}.Debug|Any CPU.Build.0 = Debug|Any CPU
		{D52A5921-EE93-499E-83C4-9E2DDAEC38D0}.Debug|Mixed Platforms.ActiveCfg = Debug|Any CPU
		{D52A5921-EE93-499E-83C4-9E2DDAEC38D0}.Debug|Mixed Platforms.Build.0 = Debug|Any CPU
		{D52A5921-EE93-499E-83C4-9E2DDAEC38D0}.Debug|x64.ActiveCfg = Debug|Any CPU
		{D52A5921-EE93-499E-83C4-9E2DDAEC38D0}.Debug|x86.ActiveCfg = Debug|Any CPU
		{D52A5921-EE93-499E-83C4-9E2DDAEC38D0}.Release|Any CPU.ActiveCfg = Release|Any CPU
		{D52A5921-EE93-499E-83C4-9E2DDAEC38D0}.Release|Any CPU.Build.0 = Release|Any CPU
		{D52A5921-EE93-499E-83C4-9E2DDAEC38D0}.Release|Mixed Platforms.ActiveCfg = Release|Any CPU
		{D52A5921-EE93-499E-83C4-9E2DDAEC38D0}.Release|Mixed Platforms.Build.0 = Release|Any CPU
		{D52A5921-EE93-499E-83C4-9E2DDAEC38D0}.Release|x64.ActiveCfg = Release|Any CPU
		{D52A5921-EE93-499E-83C4-9E2DDAEC38D0}.Release|x64.Build.0 = Release|Any CPU
		{D52A5921-EE93-499E-83C4-9E2DDAEC38D0}.Release|x86.ActiveCfg = Release|Any CPU
		{D81F5C91-D7DB-46E5-BC99-49488FB6814C}.Debug|Any CPU.ActiveCfg = Debug|Any CPU
		{D81F5C91-D7DB-46E5-BC99-49488FB6814C}.Debug|Any CPU.Build.0 = Debug|Any CPU
		{D81F5C91-D7DB-46E5-BC99-49488FB6814C}.Debug|Mixed Platforms.ActiveCfg = Debug|Any CPU
		{D81F5C91-D7DB-46E5-BC99-49488FB6814C}.Debug|Mixed Platforms.Build.0 = Debug|Any CPU
		{D81F5C91-D7DB-46E5-BC99-49488FB6814C}.Debug|x64.ActiveCfg = Debug|Any CPU
		{D81F5C91-D7DB-46E5-BC99-49488FB6814C}.Debug|x86.ActiveCfg = Debug|Any CPU
		{D81F5C91-D7DB-46E5-BC99-49488FB6814C}.Release|Any CPU.ActiveCfg = Release|Any CPU
		{D81F5C91-D7DB-46E5-BC99-49488FB6814C}.Release|Any CPU.Build.0 = Release|Any CPU
		{D81F5C91-D7DB-46E5-BC99-49488FB6814C}.Release|Mixed Platforms.ActiveCfg = Release|Any CPU
		{D81F5C91-D7DB-46E5-BC99-49488FB6814C}.Release|Mixed Platforms.Build.0 = Release|Any CPU
		{D81F5C91-D7DB-46E5-BC99-49488FB6814C}.Release|x64.ActiveCfg = Release|Any CPU
		{D81F5C91-D7DB-46E5-BC99-49488FB6814C}.Release|x64.Build.0 = Release|Any CPU
		{D81F5C91-D7DB-46E5-BC99-49488FB6814C}.Release|x86.ActiveCfg = Release|Any CPU
		{DDC48D4C-6885-462C-B57A-216658EB94AE}.Debug|Any CPU.ActiveCfg = Debug|Any CPU
		{DDC48D4C-6885-462C-B57A-216658EB94AE}.Debug|Any CPU.Build.0 = Debug|Any CPU
		{DDC48D4C-6885-462C-B57A-216658EB94AE}.Debug|Mixed Platforms.ActiveCfg = Debug|Any CPU
		{DDC48D4C-6885-462C-B57A-216658EB94AE}.Debug|Mixed Platforms.Build.0 = Debug|Any CPU
		{DDC48D4C-6885-462C-B57A-216658EB94AE}.Debug|x64.ActiveCfg = Debug|Any CPU
		{DDC48D4C-6885-462C-B57A-216658EB94AE}.Debug|x86.ActiveCfg = Debug|Any CPU
		{DDC48D4C-6885-462C-B57A-216658EB94AE}.Release|Any CPU.ActiveCfg = Release|Any CPU
		{DDC48D4C-6885-462C-B57A-216658EB94AE}.Release|Any CPU.Build.0 = Release|Any CPU
		{DDC48D4C-6885-462C-B57A-216658EB94AE}.Release|Mixed Platforms.ActiveCfg = Release|Any CPU
		{DDC48D4C-6885-462C-B57A-216658EB94AE}.Release|Mixed Platforms.Build.0 = Release|Any CPU
		{DDC48D4C-6885-462C-B57A-216658EB94AE}.Release|x64.ActiveCfg = Release|Any CPU
		{DDC48D4C-6885-462C-B57A-216658EB94AE}.Release|x64.Build.0 = Release|Any CPU
		{DDC48D4C-6885-462C-B57A-216658EB94AE}.Release|x86.ActiveCfg = Release|Any CPU
		{E33D0E75-43A1-4643-928D-DA9E5D99E041}.Debug|Any CPU.ActiveCfg = Debug|Any CPU
		{E33D0E75-43A1-4643-928D-DA9E5D99E041}.Debug|Any CPU.Build.0 = Debug|Any CPU
		{E33D0E75-43A1-4643-928D-DA9E5D99E041}.Debug|Mixed Platforms.ActiveCfg = Debug|Any CPU
		{E33D0E75-43A1-4643-928D-DA9E5D99E041}.Debug|Mixed Platforms.Build.0 = Debug|Any CPU
		{E33D0E75-43A1-4643-928D-DA9E5D99E041}.Debug|x64.ActiveCfg = Debug|Any CPU
		{E33D0E75-43A1-4643-928D-DA9E5D99E041}.Debug|x86.ActiveCfg = Debug|Any CPU
		{E33D0E75-43A1-4643-928D-DA9E5D99E041}.Release|Any CPU.ActiveCfg = Release|Any CPU
		{E33D0E75-43A1-4643-928D-DA9E5D99E041}.Release|Any CPU.Build.0 = Release|Any CPU
		{E33D0E75-43A1-4643-928D-DA9E5D99E041}.Release|Mixed Platforms.ActiveCfg = Release|Any CPU
		{E33D0E75-43A1-4643-928D-DA9E5D99E041}.Release|Mixed Platforms.Build.0 = Release|Any CPU
		{E33D0E75-43A1-4643-928D-DA9E5D99E041}.Release|x64.ActiveCfg = Release|Any CPU
		{E33D0E75-43A1-4643-928D-DA9E5D99E041}.Release|x64.Build.0 = Release|Any CPU
		{E33D0E75-43A1-4643-928D-DA9E5D99E041}.Release|x86.ActiveCfg = Release|Any CPU
		{EA1F7F6C-C8C9-4529-998D-B86701FFA1DE}.Debug|Any CPU.ActiveCfg = Debug|Any CPU
		{EA1F7F6C-C8C9-4529-998D-B86701FFA1DE}.Debug|Any CPU.Build.0 = Debug|Any CPU
		{EA1F7F6C-C8C9-4529-998D-B86701FFA1DE}.Debug|Mixed Platforms.ActiveCfg = Debug|Any CPU
		{EA1F7F6C-C8C9-4529-998D-B86701FFA1DE}.Debug|Mixed Platforms.Build.0 = Debug|Any CPU
		{EA1F7F6C-C8C9-4529-998D-B86701FFA1DE}.Debug|x64.ActiveCfg = Debug|Any CPU
		{EA1F7F6C-C8C9-4529-998D-B86701FFA1DE}.Debug|x86.ActiveCfg = Debug|Any CPU
		{EA1F7F6C-C8C9-4529-998D-B86701FFA1DE}.Release|Any CPU.ActiveCfg = Release|Any CPU
		{EA1F7F6C-C8C9-4529-998D-B86701FFA1DE}.Release|Any CPU.Build.0 = Release|Any CPU
		{EA1F7F6C-C8C9-4529-998D-B86701FFA1DE}.Release|Mixed Platforms.ActiveCfg = Release|Any CPU
		{EA1F7F6C-C8C9-4529-998D-B86701FFA1DE}.Release|Mixed Platforms.Build.0 = Release|Any CPU
		{EA1F7F6C-C8C9-4529-998D-B86701FFA1DE}.Release|x64.ActiveCfg = Release|Any CPU
		{EA1F7F6C-C8C9-4529-998D-B86701FFA1DE}.Release|x64.Build.0 = Release|Any CPU
		{EA1F7F6C-C8C9-4529-998D-B86701FFA1DE}.Release|x86.ActiveCfg = Release|Any CPU
		{F51DA5BD-5808-409E-A907-4EF93B2C5E71}.Debug|Any CPU.ActiveCfg = Debug|Any CPU
		{F51DA5BD-5808-409E-A907-4EF93B2C5E71}.Debug|Any CPU.Build.0 = Debug|Any CPU
		{F51DA5BD-5808-409E-A907-4EF93B2C5E71}.Debug|Mixed Platforms.ActiveCfg = Debug|Any CPU
		{F51DA5BD-5808-409E-A907-4EF93B2C5E71}.Debug|Mixed Platforms.Build.0 = Debug|Any CPU
		{F51DA5BD-5808-409E-A907-4EF93B2C5E71}.Debug|x64.ActiveCfg = Debug|Any CPU
		{F51DA5BD-5808-409E-A907-4EF93B2C5E71}.Debug|x86.ActiveCfg = Debug|Any CPU
		{F51DA5BD-5808-409E-A907-4EF93B2C5E71}.Release|Any CPU.ActiveCfg = Release|Any CPU
		{F51DA5BD-5808-409E-A907-4EF93B2C5E71}.Release|Any CPU.Build.0 = Release|Any CPU
		{F51DA5BD-5808-409E-A907-4EF93B2C5E71}.Release|Mixed Platforms.ActiveCfg = Release|Any CPU
		{F51DA5BD-5808-409E-A907-4EF93B2C5E71}.Release|Mixed Platforms.Build.0 = Release|Any CPU
		{F51DA5BD-5808-409E-A907-4EF93B2C5E71}.Release|x64.ActiveCfg = Release|Any CPU
		{F51DA5BD-5808-409E-A907-4EF93B2C5E71}.Release|x64.Build.0 = Release|Any CPU
		{F51DA5BD-5808-409E-A907-4EF93B2C5E71}.Release|x86.ActiveCfg = Release|Any CPU
		{F751657F-0E6C-46C5-A59C-02D7A924A051}.Debug|Any CPU.ActiveCfg = Debug|Any CPU
		{F751657F-0E6C-46C5-A59C-02D7A924A051}.Debug|Any CPU.Build.0 = Debug|Any CPU
		{F751657F-0E6C-46C5-A59C-02D7A924A051}.Debug|Mixed Platforms.ActiveCfg = Debug|Any CPU
		{F751657F-0E6C-46C5-A59C-02D7A924A051}.Debug|Mixed Platforms.Build.0 = Debug|Any CPU
		{F751657F-0E6C-46C5-A59C-02D7A924A051}.Debug|x64.ActiveCfg = Debug|Any CPU
		{F751657F-0E6C-46C5-A59C-02D7A924A051}.Debug|x86.ActiveCfg = Debug|Any CPU
		{F751657F-0E6C-46C5-A59C-02D7A924A051}.Release|Any CPU.ActiveCfg = Release|Any CPU
		{F751657F-0E6C-46C5-A59C-02D7A924A051}.Release|Any CPU.Build.0 = Release|Any CPU
		{F751657F-0E6C-46C5-A59C-02D7A924A051}.Release|Mixed Platforms.ActiveCfg = Release|Any CPU
		{F751657F-0E6C-46C5-A59C-02D7A924A051}.Release|Mixed Platforms.Build.0 = Release|Any CPU
		{F751657F-0E6C-46C5-A59C-02D7A924A051}.Release|x64.ActiveCfg = Release|Any CPU
		{F751657F-0E6C-46C5-A59C-02D7A924A051}.Release|x64.Build.0 = Release|Any CPU
		{F751657F-0E6C-46C5-A59C-02D7A924A051}.Release|x86.ActiveCfg = Release|Any CPU
		{FCF3C622-5CF6-4C2A-B024-4046D6E4941C}.Debug|Any CPU.ActiveCfg = Debug|Any CPU
		{FCF3C622-5CF6-4C2A-B024-4046D6E4941C}.Debug|Any CPU.Build.0 = Debug|Any CPU
		{FCF3C622-5CF6-4C2A-B024-4046D6E4941C}.Debug|Mixed Platforms.ActiveCfg = Debug|Any CPU
		{FCF3C622-5CF6-4C2A-B024-4046D6E4941C}.Debug|Mixed Platforms.Build.0 = Debug|Any CPU
		{FCF3C622-5CF6-4C2A-B024-4046D6E4941C}.Debug|x64.ActiveCfg = Debug|Any CPU
		{FCF3C622-5CF6-4C2A-B024-4046D6E4941C}.Debug|x86.ActiveCfg = Debug|Any CPU
		{FCF3C622-5CF6-4C2A-B024-4046D6E4941C}.Release|Any CPU.ActiveCfg = Release|Any CPU
		{FCF3C622-5CF6-4C2A-B024-4046D6E4941C}.Release|Any CPU.Build.0 = Release|Any CPU
		{FCF3C622-5CF6-4C2A-B024-4046D6E4941C}.Release|Mixed Platforms.ActiveCfg = Release|Any CPU
		{FCF3C622-5CF6-4C2A-B024-4046D6E4941C}.Release|Mixed Platforms.Build.0 = Release|Any CPU
		{FCF3C622-5CF6-4C2A-B024-4046D6E4941C}.Release|x64.ActiveCfg = Release|Any CPU
		{FCF3C622-5CF6-4C2A-B024-4046D6E4941C}.Release|x64.Build.0 = Release|Any CPU
		{FCF3C622-5CF6-4C2A-B024-4046D6E4941C}.Release|x86.ActiveCfg = Release|Any CPU
		{FFFB6BE4-9514-41CF-AB68-5FB7B8E3D2E4}.Debug|Any CPU.ActiveCfg = Debug|Any CPU
		{FFFB6BE4-9514-41CF-AB68-5FB7B8E3D2E4}.Debug|Any CPU.Build.0 = Debug|Any CPU
		{FFFB6BE4-9514-41CF-AB68-5FB7B8E3D2E4}.Debug|Mixed Platforms.ActiveCfg = Debug|Any CPU
		{FFFB6BE4-9514-41CF-AB68-5FB7B8E3D2E4}.Debug|Mixed Platforms.Build.0 = Debug|Any CPU
		{FFFB6BE4-9514-41CF-AB68-5FB7B8E3D2E4}.Debug|x64.ActiveCfg = Debug|Any CPU
		{FFFB6BE4-9514-41CF-AB68-5FB7B8E3D2E4}.Debug|x86.ActiveCfg = Debug|Any CPU
		{FFFB6BE4-9514-41CF-AB68-5FB7B8E3D2E4}.Release|Any CPU.ActiveCfg = Release|Any CPU
		{FFFB6BE4-9514-41CF-AB68-5FB7B8E3D2E4}.Release|Any CPU.Build.0 = Release|Any CPU
		{FFFB6BE4-9514-41CF-AB68-5FB7B8E3D2E4}.Release|Mixed Platforms.ActiveCfg = Release|Any CPU
		{FFFB6BE4-9514-41CF-AB68-5FB7B8E3D2E4}.Release|Mixed Platforms.Build.0 = Release|Any CPU
		{FFFB6BE4-9514-41CF-AB68-5FB7B8E3D2E4}.Release|x64.ActiveCfg = Release|Any CPU
		{FFFB6BE4-9514-41CF-AB68-5FB7B8E3D2E4}.Release|x64.Build.0 = Release|Any CPU
		{FFFB6BE4-9514-41CF-AB68-5FB7B8E3D2E4}.Release|x86.ActiveCfg = Release|Any CPU
	EndGlobalSection
	GlobalSection(NestedProjects) = preSolution
		{D2ABB876-E289-4A3D-9C80-15F6146480FA} = {7198D772-DBF4-4D7E-A13E-D90AE3883E6C}
		{5A691EE2-96EE-4F5F-858E-6A17088CE7A1} = {7198D772-DBF4-4D7E-A13E-D90AE3883E6C}
		{1FC72801-4046-4CC7-BF83-8082FFD593BC} = {D2ABB876-E289-4A3D-9C80-15F6146480FA}
		{FBB96F45-4DA8-4586-8ADC-CB5BA88ABD89} = {39E890D9-4800-4C79-8604-593F9618214E}
		{FFFB6BE4-9514-41CF-AB68-5FB7B8E3D2E4} = {39E890D9-4800-4C79-8604-593F9618214E}
		{AB7C27CC-534F-472E-BA56-A1287973B7E2} = {FBB96F45-4DA8-4586-8ADC-CB5BA88ABD89}
		{CD3B461E-EBA3-4B35-9003-7E6067145472} = {0075FE7B-8E35-4770-997E-8C4190ECA6A8}
		{A950D82D-E727-4CF5-B4D4-7B872D733E3C} = {0075FE7B-8E35-4770-997E-8C4190ECA6A8}
		{A1BD782F-F3C4-4820-8B00-FDBDAADAE37D} = {CD3B461E-EBA3-4B35-9003-7E6067145472}
		{EA1F7F6C-C8C9-4529-998D-B86701FFA1DE} = {CD3B461E-EBA3-4B35-9003-7E6067145472}
		{1F652BC0-ECEE-409B-8EFB-51276C41EAD1} = {CD3B461E-EBA3-4B35-9003-7E6067145472}
		{21C726D5-DCCA-4C15-BA54-1000E80B1C6E} = {CD3B461E-EBA3-4B35-9003-7E6067145472}
		{A233FDB4-70A9-4284-827A-1704950E0EF3} = {CD3B461E-EBA3-4B35-9003-7E6067145472}
		{581F49A5-9768-4CB3-AF92-3A3FC2B1F63B} = {CD3B461E-EBA3-4B35-9003-7E6067145472}
		{BB6BDFAB-482E-42B7-B954-84F33CFFFFB6} = {CD3B461E-EBA3-4B35-9003-7E6067145472}
		{CBE38660-10C5-4082-A1B9-A5002D961EA1} = {CD3B461E-EBA3-4B35-9003-7E6067145472}
		{8E0390D0-A7BF-46FE-900C-C411F762EFF2} = {CD3B461E-EBA3-4B35-9003-7E6067145472}
		{E33D0E75-43A1-4643-928D-DA9E5D99E041} = {CD3B461E-EBA3-4B35-9003-7E6067145472}
		{C6DDFD34-176E-48AC-998F-854F98CD28BB} = {CD3B461E-EBA3-4B35-9003-7E6067145472}
		{CE9BF2C2-C785-4661-8F4F-64266C697343} = {CD3B461E-EBA3-4B35-9003-7E6067145472}
		{DDC48D4C-6885-462C-B57A-216658EB94AE} = {BB6BDFAB-482E-42B7-B954-84F33CFFFFB6}
		{D81F5C91-D7DB-46E5-BC99-49488FB6814C} = {A950D82D-E727-4CF5-B4D4-7B872D733E3C}
		{942F25CF-46A7-4413-B062-E3395C8D1C9A} = {A950D82D-E727-4CF5-B4D4-7B872D733E3C}
		{45F6BE30-989A-4749-B6A0-69099C8661F4} = {A950D82D-E727-4CF5-B4D4-7B872D733E3C}
		{A9AE40FF-1A21-414A-9FE7-3BE13644CC6D} = {A950D82D-E727-4CF5-B4D4-7B872D733E3C}
		{EA38B67C-F886-43E3-9438-549E28000220} = {2DA0873C-260F-45B9-BC5C-3453249E00D9}
		{6A6D0690-78A4-4134-AA2B-4A7A39535612} = {2DA0873C-260F-45B9-BC5C-3453249E00D9}
		{D92AF9AE-48D1-4B1B-9B70-250F1CEEFABE} = {EA38B67C-F886-43E3-9438-549E28000220}
		{15589123-5145-44D4-9514-214729FD9EF3} = {EA38B67C-F886-43E3-9438-549E28000220}
		{CB4F2C9A-E740-4C52-817C-381F72BC17A1} = {EA38B67C-F886-43E3-9438-549E28000220}
		{75F38D02-8EDB-4955-8D24-C1FF17732F9D} = {D92AF9AE-48D1-4B1B-9B70-250F1CEEFABE}
		{1E30E203-20DE-4DA3-854A-18FEFADA6D7A} = {D92AF9AE-48D1-4B1B-9B70-250F1CEEFABE}
		{2FB38C4B-C29D-4F34-B42C-7A82E79A0C14} = {75F38D02-8EDB-4955-8D24-C1FF17732F9D}
		{89E70649-A81B-4A70-A9A1-B91EA96CE8A1} = {15589123-5145-44D4-9514-214729FD9EF3}
		{49AD5B01-49DE-4330-BDDC-876ABA4C04A2} = {15589123-5145-44D4-9514-214729FD9EF3}
		{20D600AA-CD60-423D-A8EE-BCD93F861879} = {49AD5B01-49DE-4330-BDDC-876ABA4C04A2}
		{6C8C30F7-1F75-4FA4-B5E9-6FB9AC8FA4FB} = {CB4F2C9A-E740-4C52-817C-381F72BC17A1}
		{CF68820B-F07E-4FCF-A00B-D9F3B5A259ED} = {F9FAFD9F-BC60-4EDD-8BA5-8961B7A3BAFF}
		{601ADD59-4F38-422A-851A-8B0312872F8F} = {3854684E-AC84-4B62-B435-2CF95A40AAD7}
		{48ACC5ED-F25B-458A-94E7-9128C17445B5} = {3854684E-AC84-4B62-B435-2CF95A40AAD7}
		{5AAE6106-287F-4C6E-B2A7-0B0695BBD521} = {3854684E-AC84-4B62-B435-2CF95A40AAD7}
		{A7B90BF6-6D23-4857-AA2B-5F0B88F9A59D} = {3854684E-AC84-4B62-B435-2CF95A40AAD7}
		{2B34D970-2910-435E-AD67-69E29DB16492} = {601ADD59-4F38-422A-851A-8B0312872F8F}
		{FC621147-A299-4DE4-A2CC-DA71FD57044A} = {2B34D970-2910-435E-AD67-69E29DB16492}
		{500C1B9C-E9CD-4008-9EE4-5229A6CE93DC} = {2B34D970-2910-435E-AD67-69E29DB16492}
		{783441F8-43EC-481A-BAB9-4BBA325C7FF3} = {2B34D970-2910-435E-AD67-69E29DB16492}
		{A385656D-4858-4B2E-94C3-9F791C56DB32} = {2B34D970-2910-435E-AD67-69E29DB16492}
		{B70DCE72-B636-442A-8825-F3BE78D86D34} = {FC621147-A299-4DE4-A2CC-DA71FD57044A}
		{817E142F-ECD9-4B18-A9AE-D399C7C49007} = {FC621147-A299-4DE4-A2CC-DA71FD57044A}
		{7E58D30B-4108-4941-BF85-A5C309F87536} = {500C1B9C-E9CD-4008-9EE4-5229A6CE93DC}
		{CDAE254B-77D9-4E59-9C07-C18F0085F570} = {500C1B9C-E9CD-4008-9EE4-5229A6CE93DC}
		{A8847BC0-C0D2-406D-AAD0-8479CDD8ECB2} = {500C1B9C-E9CD-4008-9EE4-5229A6CE93DC}
		{9E2BBF58-75A7-4C03-959C-A557F04927BA} = {A8847BC0-C0D2-406D-AAD0-8479CDD8ECB2}
		{D77D77E2-1D6F-4A12-BA7A-4AB8ED4FF616} = {783441F8-43EC-481A-BAB9-4BBA325C7FF3}
		{3B43C10E-28AE-42E5-9B9B-08F2B4153951} = {783441F8-43EC-481A-BAB9-4BBA325C7FF3}
		{51C8E5F7-F888-4500-B1EE-D20337FA451F} = {D77D77E2-1D6F-4A12-BA7A-4AB8ED4FF616}
		{ABE22B73-279C-4DC0-A875-CE357EFB2BFF} = {A385656D-4858-4B2E-94C3-9F791C56DB32}
		{80934A33-3BCB-4732-AA2D-02D8925336C9} = {A385656D-4858-4B2E-94C3-9F791C56DB32}
		{95295FE7-C0EB-45ED-88B0-2B66902BEE0C} = {ABE22B73-279C-4DC0-A875-CE357EFB2BFF}
		{FACE26D6-DCE4-49EC-AEFD-96B580BB022B} = {48ACC5ED-F25B-458A-94E7-9128C17445B5}
		{823E8AF4-CF92-4E74-8ABD-38693279EB1E} = {48ACC5ED-F25B-458A-94E7-9128C17445B5}
		{FCF3C622-5CF6-4C2A-B024-4046D6E4941C} = {FACE26D6-DCE4-49EC-AEFD-96B580BB022B}
		{D5FD4D1D-0A5E-497D-8E30-F36EB76E9B74} = {5AAE6106-287F-4C6E-B2A7-0B0695BBD521}
		{337E92A1-8475-4A6C-8114-64B6629FB7E8} = {5AAE6106-287F-4C6E-B2A7-0B0695BBD521}
		{85E9BD73-E45E-4475-A59E-21692A7AEB85} = {5AAE6106-287F-4C6E-B2A7-0B0695BBD521}
		{C0340C2A-2752-4739-ADF1-6F0F827475BF} = {D5FD4D1D-0A5E-497D-8E30-F36EB76E9B74}
		{0D7A14D7-9851-4624-9260-858741603F98} = {D5FD4D1D-0A5E-497D-8E30-F36EB76E9B74}
		{163B4039-C9E8-4433-BA35-8007E3AD0F45} = {D5FD4D1D-0A5E-497D-8E30-F36EB76E9B74}
		{1AE9C2A9-4916-488D-B825-7B8657C0BDE5} = {C0340C2A-2752-4739-ADF1-6F0F827475BF}
		{991132D2-15E0-4BB7-8328-3A51646D4F01} = {337E92A1-8475-4A6C-8114-64B6629FB7E8}
		{8E6C6894-AF41-4512-8393-760EEA190F1F} = {337E92A1-8475-4A6C-8114-64B6629FB7E8}
		{D52A5921-EE93-499E-83C4-9E2DDAEC38D0} = {8E6C6894-AF41-4512-8393-760EEA190F1F}
		{A820291C-1D86-42B7-9D97-F8C9A142E8D9} = {8E6C6894-AF41-4512-8393-760EEA190F1F}
		{80D5F893-014A-4FA4-AD9B-CADEDABF0874} = {8E6C6894-AF41-4512-8393-760EEA190F1F}
		{171350FD-4A94-498F-A8F3-3758038A92CA} = {8E6C6894-AF41-4512-8393-760EEA190F1F}
		{E5B9D6B9-9F6F-41C4-90D3-6220086E65C7} = {85E9BD73-E45E-4475-A59E-21692A7AEB85}
		{F51DA5BD-5808-409E-A907-4EF93B2C5E71} = {85E9BD73-E45E-4475-A59E-21692A7AEB85}
		{0C46B3E2-E580-4E68-AA23-89ECC9D380A0} = {E5B9D6B9-9F6F-41C4-90D3-6220086E65C7}
		{22437279-5F02-40BE-847C-D7A425D468BE} = {52780B9F-52B2-4659-A41C-0F1526DCAA49}
		{F751657F-0E6C-46C5-A59C-02D7A924A051} = {52780B9F-52B2-4659-A41C-0F1526DCAA49}
		{BE2A2669-CCDE-40A8-AEAB-673260D7260A} = {52780B9F-52B2-4659-A41C-0F1526DCAA49}
		{26BFEE62-82B9-4EFA-9F91-08FD947551A8} = {22437279-5F02-40BE-847C-D7A425D468BE}
	EndGlobalSection
	GlobalSection(MonoDevelopProperties) = preSolution
		StartupItem = GraphDB\Implementations\SonesGraphDB\SonesGraphDB.csproj
	EndGlobalSection
	GlobalSection(SolutionProperties) = preSolution
		HideSolutionNode = FALSE
	EndGlobalSection
EndGlobal
