
Microsoft Visual Studio Solution File, Format Version 11.00
# Visual Studio 2010
Project("{FAE04EC0-301F-11D3-BF4B-00C04F79EFBC}") = "GraphIO", "GraphIO\GraphIO.csproj", "{624BBB9D-89BE-43CE-8B8C-18BE729F4B11}"
EndProject
Project("{FAE04EC0-301F-11D3-BF4B-00C04F79EFBC}") = "GEXF_IO", "GEXF_IO\GEXF_IO.csproj", "{5C819A2C-5CA4-402E-9235-F44774378F56}"
EndProject
Project("{FAE04EC0-301F-11D3-BF4B-00C04F79EFBC}") = "XML_IO", "XML_IO\XML_IO.csproj", "{9FCA399E-33F4-40A0-9987-76C5763F23FF}"
EndProject
Project("{FAE04EC0-301F-11D3-BF4B-00C04F79EFBC}") = "JSON_IO", "JSON_IO\JSON_IO.csproj", "{FC8A47E3-2699-4123-9517-0A3D325F5DEC}"
EndProject
Project("{FAE04EC0-301F-11D3-BF4B-00C04F79EFBC}") = "HTML_IO", "HTML_IO\HTML_IO.csproj", "{0A2471D6-AECF-4271-91C4-189C0B8469B2}"
EndProject
Project("{FAE04EC0-301F-11D3-BF4B-00C04F79EFBC}") = "TEXT_IO", "TEXT_IO\TEXT_IO.csproj", "{90E0D6D5-6527-4DE9-8DC4-C88B79A2B1C5}"
EndProject
Project("{2150E333-8FDC-42A3-9474-1A3956D46DE8}") = "Dependencies", "Dependencies", "{3B5BBBC6-2787-4699-B0D0-927AF450CA98}"
EndProject
Project("{FAE04EC0-301F-11D3-BF4B-00C04F79EFBC}") = "StorageEnginesInterface", "..\StorageEngines\StorageEnginesInterface\StorageEnginesInterface.csproj", "{F3BF32FF-7113-4DE6-801B-BB234A76539B}"
EndProject
Project("{FAE04EC0-301F-11D3-BF4B-00C04F79EFBC}") = "GraphFSInterface", "..\GraphFS\GraphFSInterface\GraphFSInterface.csproj", "{B23FDA3D-8229-4CDD-91FD-9AFD7301D315}"
EndProject
Project("{FAE04EC0-301F-11D3-BF4B-00C04F79EFBC}") = "GraphDBInterface", "..\GraphDB\GraphDBInterface\GraphDBInterface.csproj", "{72319FF7-E9D9-4AE9-AA0B-2E006442B1ED}"
EndProject
Project("{FAE04EC0-301F-11D3-BF4B-00C04F79EFBC}") = "GraphDB", "..\GraphDB\GraphDB\GraphDB.csproj", "{32A56958-2C05-44C6-B661-2A2C6610E073}"
EndProject
Project("{FAE04EC0-301F-11D3-BF4B-00C04F79EFBC}") = "Lib", "..\Lib\Lib\Lib.csproj", "{56277965-A00C-4219-BD4E-6E030D37343F}"
EndProject
Project("{FAE04EC0-301F-11D3-BF4B-00C04F79EFBC}") = "Newtonsoft.Json", "..\Libraries\Newtonsoft.Json\Newtonsoft.Json.csproj", "{A9AE40FF-1A21-414A-9FE7-3BE13644CC6D}"
EndProject
Project("{FAE04EC0-301F-11D3-BF4B-00C04F79EFBC}") = "Serialized_IO", "Serialized_IO\Serialized_IO.csproj", "{D14E998F-0F04-4091-B75F-FB297D447208}"
EndProject
Project("{FAE04EC0-301F-11D3-BF4B-00C04F79EFBC}") = "MediaRSS_IO", "MediaRSS_IO\MediaRSS_IO.csproj", "{8302BE24-AE6B-48B4-80FB-949AE198DCC7}"
EndProject
Global
	GlobalSection(TeamFoundationVersionControl) = preSolution
		SccNumberOfProjects = 15
		SccEnterpriseProvider = {4CA58AB2-18FA-4F8D-95D4-32DDF27D184C}
		SccTeamFoundationServer = http://tfs2010.sones:8080/tfs/sones
		SccLocalPath0 = .
		SccProjectUniqueName1 = GraphIO\\GraphIO.csproj
		SccProjectName1 = GraphIO
		SccLocalPath1 = GraphIO
		SccProjectUniqueName2 = GEXF_IO\\GEXF_IO.csproj
		SccProjectName2 = GEXF_IO
		SccLocalPath2 = GEXF_IO
		SccProjectUniqueName3 = XML_IO\\XML_IO.csproj
		SccProjectName3 = XML_IO
		SccLocalPath3 = XML_IO
		SccProjectUniqueName4 = JSON_IO\\JSON_IO.csproj
		SccProjectName4 = JSON_IO
		SccLocalPath4 = JSON_IO
		SccProjectUniqueName5 = HTML_IO\\HTML_IO.csproj
		SccProjectName5 = HTML_IO
		SccLocalPath5 = HTML_IO
		SccProjectUniqueName6 = TEXT_IO\\TEXT_IO.csproj
		SccProjectName6 = TEXT_IO
		SccLocalPath6 = TEXT_IO
		SccProjectUniqueName7 = ..\\StorageEngines\\StorageEnginesInterface\\StorageEnginesInterface.csproj
		SccProjectTopLevelParentUniqueName7 = GraphIO.sln
		SccProjectName7 = ../StorageEngines/StorageEnginesInterface
		SccLocalPath7 = ..\\StorageEngines\\StorageEnginesInterface
		SccProjectUniqueName8 = ..\\GraphFS\\GraphFSInterface\\GraphFSInterface.csproj
		SccProjectTopLevelParentUniqueName8 = GraphIO.sln
		SccProjectName8 = ../GraphFS/GraphFSInterface
		SccLocalPath8 = ..\\GraphFS\\GraphFSInterface
		SccProjectUniqueName9 = ..\\GraphDB\\GraphDBInterface\\GraphDBInterface.csproj
		SccProjectTopLevelParentUniqueName9 = GraphIO.sln
		SccProjectName9 = ../GraphDB/GraphDBInterface
		SccLocalPath9 = ..\\GraphDB\\GraphDBInterface
		SccProjectUniqueName10 = ..\\GraphDB\\GraphDB\\GraphDB.csproj
		SccProjectTopLevelParentUniqueName10 = GraphIO.sln
		SccProjectName10 = ../GraphDB/GraphDB
		SccLocalPath10 = ..\\GraphDB\\GraphDB
		SccProjectUniqueName11 = ..\\Lib\\Lib\\Lib.csproj
		SccProjectTopLevelParentUniqueName11 = GraphIO.sln
		SccProjectName11 = ../Lib/Lib
		SccLocalPath11 = ..\\Lib\\Lib
		SccProjectUniqueName12 = ..\\Libraries\\Newtonsoft.Json\\Newtonsoft.Json.csproj
		SccProjectTopLevelParentUniqueName12 = GraphIO.sln
		SccProjectName12 = ../Libraries/Newtonsoft.Json
		SccLocalPath12 = ..\\Libraries\\Newtonsoft.Json
		SccProjectUniqueName13 = Serialized_IO\\Serialized_IO.csproj
		SccProjectName13 = Serialized_IO
		SccLocalPath13 = Serialized_IO
		SccProjectUniqueName14 = MediaRSS_IO\\MediaRSS_IO.csproj
		SccProjectName14 = MediaRSS_IO
		SccLocalPath14 = MediaRSS_IO
	EndGlobalSection
	GlobalSection(SolutionConfigurationPlatforms) = preSolution
		Debug|Any CPU = Debug|Any CPU
		Debug|x64 = Debug|x64
		Debug|x86 = Debug|x86
		Release|Any CPU = Release|Any CPU
		Release|x64 = Release|x64
		Release|x86 = Release|x86
	EndGlobalSection
	GlobalSection(ProjectConfigurationPlatforms) = postSolution
		{624BBB9D-89BE-43CE-8B8C-18BE729F4B11}.Debug|Any CPU.ActiveCfg = Debug|Any CPU
		{624BBB9D-89BE-43CE-8B8C-18BE729F4B11}.Debug|Any CPU.Build.0 = Debug|Any CPU
		{624BBB9D-89BE-43CE-8B8C-18BE729F4B11}.Debug|x64.ActiveCfg = Debug|Any CPU
		{624BBB9D-89BE-43CE-8B8C-18BE729F4B11}.Debug|x86.ActiveCfg = Debug|Any CPU
		{624BBB9D-89BE-43CE-8B8C-18BE729F4B11}.Release|Any CPU.ActiveCfg = Release|Any CPU
		{624BBB9D-89BE-43CE-8B8C-18BE729F4B11}.Release|Any CPU.Build.0 = Release|Any CPU
		{624BBB9D-89BE-43CE-8B8C-18BE729F4B11}.Release|x64.ActiveCfg = Release|Any CPU
		{624BBB9D-89BE-43CE-8B8C-18BE729F4B11}.Release|x86.ActiveCfg = Release|Any CPU
		{5C819A2C-5CA4-402E-9235-F44774378F56}.Debug|Any CPU.ActiveCfg = Debug|Any CPU
		{5C819A2C-5CA4-402E-9235-F44774378F56}.Debug|Any CPU.Build.0 = Debug|Any CPU
		{5C819A2C-5CA4-402E-9235-F44774378F56}.Debug|x64.ActiveCfg = Debug|Any CPU
		{5C819A2C-5CA4-402E-9235-F44774378F56}.Debug|x86.ActiveCfg = Debug|Any CPU
		{5C819A2C-5CA4-402E-9235-F44774378F56}.Release|Any CPU.ActiveCfg = Release|Any CPU
		{5C819A2C-5CA4-402E-9235-F44774378F56}.Release|Any CPU.Build.0 = Release|Any CPU
		{5C819A2C-5CA4-402E-9235-F44774378F56}.Release|x64.ActiveCfg = Release|Any CPU
		{5C819A2C-5CA4-402E-9235-F44774378F56}.Release|x86.ActiveCfg = Release|Any CPU
		{9FCA399E-33F4-40A0-9987-76C5763F23FF}.Debug|Any CPU.ActiveCfg = Debug|Any CPU
		{9FCA399E-33F4-40A0-9987-76C5763F23FF}.Debug|Any CPU.Build.0 = Debug|Any CPU
		{9FCA399E-33F4-40A0-9987-76C5763F23FF}.Debug|x64.ActiveCfg = Debug|Any CPU
		{9FCA399E-33F4-40A0-9987-76C5763F23FF}.Debug|x86.ActiveCfg = Debug|Any CPU
		{9FCA399E-33F4-40A0-9987-76C5763F23FF}.Release|Any CPU.ActiveCfg = Release|Any CPU
		{9FCA399E-33F4-40A0-9987-76C5763F23FF}.Release|Any CPU.Build.0 = Release|Any CPU
		{9FCA399E-33F4-40A0-9987-76C5763F23FF}.Release|x64.ActiveCfg = Release|Any CPU
		{9FCA399E-33F4-40A0-9987-76C5763F23FF}.Release|x86.ActiveCfg = Release|Any CPU
		{FC8A47E3-2699-4123-9517-0A3D325F5DEC}.Debug|Any CPU.ActiveCfg = Debug|Any CPU
		{FC8A47E3-2699-4123-9517-0A3D325F5DEC}.Debug|Any CPU.Build.0 = Debug|Any CPU
		{FC8A47E3-2699-4123-9517-0A3D325F5DEC}.Debug|x64.ActiveCfg = Debug|Any CPU
		{FC8A47E3-2699-4123-9517-0A3D325F5DEC}.Debug|x86.ActiveCfg = Debug|Any CPU
		{FC8A47E3-2699-4123-9517-0A3D325F5DEC}.Release|Any CPU.ActiveCfg = Release|Any CPU
		{FC8A47E3-2699-4123-9517-0A3D325F5DEC}.Release|Any CPU.Build.0 = Release|Any CPU
		{FC8A47E3-2699-4123-9517-0A3D325F5DEC}.Release|x64.ActiveCfg = Release|Any CPU
		{FC8A47E3-2699-4123-9517-0A3D325F5DEC}.Release|x86.ActiveCfg = Release|Any CPU
		{0A2471D6-AECF-4271-91C4-189C0B8469B2}.Debug|Any CPU.ActiveCfg = Debug|Any CPU
		{0A2471D6-AECF-4271-91C4-189C0B8469B2}.Debug|Any CPU.Build.0 = Debug|Any CPU
		{0A2471D6-AECF-4271-91C4-189C0B8469B2}.Debug|x64.ActiveCfg = Debug|Any CPU
		{0A2471D6-AECF-4271-91C4-189C0B8469B2}.Debug|x86.ActiveCfg = Debug|Any CPU
		{0A2471D6-AECF-4271-91C4-189C0B8469B2}.Release|Any CPU.ActiveCfg = Release|Any CPU
		{0A2471D6-AECF-4271-91C4-189C0B8469B2}.Release|Any CPU.Build.0 = Release|Any CPU
		{0A2471D6-AECF-4271-91C4-189C0B8469B2}.Release|x64.ActiveCfg = Release|Any CPU
		{0A2471D6-AECF-4271-91C4-189C0B8469B2}.Release|x86.ActiveCfg = Release|Any CPU
		{90E0D6D5-6527-4DE9-8DC4-C88B79A2B1C5}.Debug|Any CPU.ActiveCfg = Debug|Any CPU
		{90E0D6D5-6527-4DE9-8DC4-C88B79A2B1C5}.Debug|Any CPU.Build.0 = Debug|Any CPU
		{90E0D6D5-6527-4DE9-8DC4-C88B79A2B1C5}.Debug|x64.ActiveCfg = Debug|Any CPU
		{90E0D6D5-6527-4DE9-8DC4-C88B79A2B1C5}.Debug|x86.ActiveCfg = Debug|Any CPU
		{90E0D6D5-6527-4DE9-8DC4-C88B79A2B1C5}.Release|Any CPU.ActiveCfg = Release|Any CPU
		{90E0D6D5-6527-4DE9-8DC4-C88B79A2B1C5}.Release|Any CPU.Build.0 = Release|Any CPU
		{90E0D6D5-6527-4DE9-8DC4-C88B79A2B1C5}.Release|x64.ActiveCfg = Release|Any CPU
		{90E0D6D5-6527-4DE9-8DC4-C88B79A2B1C5}.Release|x86.ActiveCfg = Release|Any CPU
		{F3BF32FF-7113-4DE6-801B-BB234A76539B}.Debug|Any CPU.ActiveCfg = Debug|Any CPU
		{F3BF32FF-7113-4DE6-801B-BB234A76539B}.Debug|Any CPU.Build.0 = Debug|Any CPU
		{F3BF32FF-7113-4DE6-801B-BB234A76539B}.Debug|x64.ActiveCfg = Debug|x64
		{F3BF32FF-7113-4DE6-801B-BB234A76539B}.Debug|x64.Build.0 = Debug|x64
		{F3BF32FF-7113-4DE6-801B-BB234A76539B}.Debug|x86.ActiveCfg = Debug|x86
		{F3BF32FF-7113-4DE6-801B-BB234A76539B}.Debug|x86.Build.0 = Debug|x86
		{F3BF32FF-7113-4DE6-801B-BB234A76539B}.Release|Any CPU.ActiveCfg = Release|Any CPU
		{F3BF32FF-7113-4DE6-801B-BB234A76539B}.Release|Any CPU.Build.0 = Release|Any CPU
		{F3BF32FF-7113-4DE6-801B-BB234A76539B}.Release|x64.ActiveCfg = Release|x64
		{F3BF32FF-7113-4DE6-801B-BB234A76539B}.Release|x64.Build.0 = Release|x64
		{F3BF32FF-7113-4DE6-801B-BB234A76539B}.Release|x86.ActiveCfg = Release|x86
		{F3BF32FF-7113-4DE6-801B-BB234A76539B}.Release|x86.Build.0 = Release|x86
		{B23FDA3D-8229-4CDD-91FD-9AFD7301D315}.Debug|Any CPU.ActiveCfg = Debug|Any CPU
		{B23FDA3D-8229-4CDD-91FD-9AFD7301D315}.Debug|Any CPU.Build.0 = Debug|Any CPU
		{B23FDA3D-8229-4CDD-91FD-9AFD7301D315}.Debug|x64.ActiveCfg = Debug|x64
		{B23FDA3D-8229-4CDD-91FD-9AFD7301D315}.Debug|x64.Build.0 = Debug|x64
		{B23FDA3D-8229-4CDD-91FD-9AFD7301D315}.Debug|x86.ActiveCfg = Debug|x86
		{B23FDA3D-8229-4CDD-91FD-9AFD7301D315}.Debug|x86.Build.0 = Debug|x86
		{B23FDA3D-8229-4CDD-91FD-9AFD7301D315}.Release|Any CPU.ActiveCfg = Release|Any CPU
		{B23FDA3D-8229-4CDD-91FD-9AFD7301D315}.Release|Any CPU.Build.0 = Release|Any CPU
		{B23FDA3D-8229-4CDD-91FD-9AFD7301D315}.Release|x64.ActiveCfg = Release|x64
		{B23FDA3D-8229-4CDD-91FD-9AFD7301D315}.Release|x64.Build.0 = Release|x64
		{B23FDA3D-8229-4CDD-91FD-9AFD7301D315}.Release|x86.ActiveCfg = Release|x86
		{B23FDA3D-8229-4CDD-91FD-9AFD7301D315}.Release|x86.Build.0 = Release|x86
		{72319FF7-E9D9-4AE9-AA0B-2E006442B1ED}.Debug|Any CPU.ActiveCfg = Debug|Any CPU
		{72319FF7-E9D9-4AE9-AA0B-2E006442B1ED}.Debug|Any CPU.Build.0 = Debug|Any CPU
		{72319FF7-E9D9-4AE9-AA0B-2E006442B1ED}.Debug|x64.ActiveCfg = Debug|Any CPU
		{72319FF7-E9D9-4AE9-AA0B-2E006442B1ED}.Debug|x86.ActiveCfg = Debug|Any CPU
		{72319FF7-E9D9-4AE9-AA0B-2E006442B1ED}.Release|Any CPU.ActiveCfg = Release|Any CPU
		{72319FF7-E9D9-4AE9-AA0B-2E006442B1ED}.Release|Any CPU.Build.0 = Release|Any CPU
		{72319FF7-E9D9-4AE9-AA0B-2E006442B1ED}.Release|x64.ActiveCfg = Release|Any CPU
		{72319FF7-E9D9-4AE9-AA0B-2E006442B1ED}.Release|x86.ActiveCfg = Release|Any CPU
		{32A56958-2C05-44C6-B661-2A2C6610E073}.Debug|Any CPU.ActiveCfg = Debug|Any CPU
		{32A56958-2C05-44C6-B661-2A2C6610E073}.Debug|Any CPU.Build.0 = Debug|Any CPU
		{32A56958-2C05-44C6-B661-2A2C6610E073}.Debug|x64.ActiveCfg = Debug|Any CPU
		{32A56958-2C05-44C6-B661-2A2C6610E073}.Debug|x86.ActiveCfg = Debug|Any CPU
		{32A56958-2C05-44C6-B661-2A2C6610E073}.Release|Any CPU.ActiveCfg = Release|Any CPU
		{32A56958-2C05-44C6-B661-2A2C6610E073}.Release|Any CPU.Build.0 = Release|Any CPU
		{32A56958-2C05-44C6-B661-2A2C6610E073}.Release|x64.ActiveCfg = Release|Any CPU
		{32A56958-2C05-44C6-B661-2A2C6610E073}.Release|x86.ActiveCfg = Release|Any CPU
		{56277965-A00C-4219-BD4E-6E030D37343F}.Debug|Any CPU.ActiveCfg = Debug|Any CPU
		{56277965-A00C-4219-BD4E-6E030D37343F}.Debug|Any CPU.Build.0 = Debug|Any CPU
		{56277965-A00C-4219-BD4E-6E030D37343F}.Debug|x64.ActiveCfg = Debug|Any CPU
		{56277965-A00C-4219-BD4E-6E030D37343F}.Debug|x86.ActiveCfg = Debug|Any CPU
		{56277965-A00C-4219-BD4E-6E030D37343F}.Release|Any CPU.ActiveCfg = Release|Any CPU
		{56277965-A00C-4219-BD4E-6E030D37343F}.Release|Any CPU.Build.0 = Release|Any CPU
		{56277965-A00C-4219-BD4E-6E030D37343F}.Release|x64.ActiveCfg = Release|Any CPU
		{56277965-A00C-4219-BD4E-6E030D37343F}.Release|x86.ActiveCfg = Release|Any CPU
		{A9AE40FF-1A21-414A-9FE7-3BE13644CC6D}.Debug|Any CPU.ActiveCfg = Debug|Any CPU
		{A9AE40FF-1A21-414A-9FE7-3BE13644CC6D}.Debug|Any CPU.Build.0 = Debug|Any CPU
		{A9AE40FF-1A21-414A-9FE7-3BE13644CC6D}.Debug|x64.ActiveCfg = Debug|x64
		{A9AE40FF-1A21-414A-9FE7-3BE13644CC6D}.Debug|x64.Build.0 = Debug|x64
		{A9AE40FF-1A21-414A-9FE7-3BE13644CC6D}.Debug|x86.ActiveCfg = Debug|x64
		{A9AE40FF-1A21-414A-9FE7-3BE13644CC6D}.Release|Any CPU.ActiveCfg = Release|Any CPU
		{A9AE40FF-1A21-414A-9FE7-3BE13644CC6D}.Release|Any CPU.Build.0 = Release|Any CPU
		{A9AE40FF-1A21-414A-9FE7-3BE13644CC6D}.Release|x64.ActiveCfg = Release|x64
		{A9AE40FF-1A21-414A-9FE7-3BE13644CC6D}.Release|x64.Build.0 = Release|x64
		{A9AE40FF-1A21-414A-9FE7-3BE13644CC6D}.Release|x86.ActiveCfg = Release|x64
		{D14E998F-0F04-4091-B75F-FB297D447208}.Debug|Any CPU.ActiveCfg = Debug|Any CPU
		{D14E998F-0F04-4091-B75F-FB297D447208}.Debug|Any CPU.Build.0 = Debug|Any CPU
		{D14E998F-0F04-4091-B75F-FB297D447208}.Debug|x64.ActiveCfg = Debug|Any CPU
		{D14E998F-0F04-4091-B75F-FB297D447208}.Debug|x86.ActiveCfg = Debug|Any CPU
		{D14E998F-0F04-4091-B75F-FB297D447208}.Release|Any CPU.ActiveCfg = Release|Any CPU
		{D14E998F-0F04-4091-B75F-FB297D447208}.Release|Any CPU.Build.0 = Release|Any CPU
		{D14E998F-0F04-4091-B75F-FB297D447208}.Release|x64.ActiveCfg = Release|Any CPU
		{D14E998F-0F04-4091-B75F-FB297D447208}.Release|x86.ActiveCfg = Release|Any CPU
		{8302BE24-AE6B-48B4-80FB-949AE198DCC7}.Debug|Any CPU.ActiveCfg = Debug|Any CPU
		{8302BE24-AE6B-48B4-80FB-949AE198DCC7}.Debug|Any CPU.Build.0 = Debug|Any CPU
		{8302BE24-AE6B-48B4-80FB-949AE198DCC7}.Debug|x64.ActiveCfg = Debug|Any CPU
		{8302BE24-AE6B-48B4-80FB-949AE198DCC7}.Debug|x86.ActiveCfg = Debug|Any CPU
		{8302BE24-AE6B-48B4-80FB-949AE198DCC7}.Release|Any CPU.ActiveCfg = Release|Any CPU
		{8302BE24-AE6B-48B4-80FB-949AE198DCC7}.Release|Any CPU.Build.0 = Release|Any CPU
		{8302BE24-AE6B-48B4-80FB-949AE198DCC7}.Release|x64.ActiveCfg = Release|Any CPU
		{8302BE24-AE6B-48B4-80FB-949AE198DCC7}.Release|x86.ActiveCfg = Release|Any CPU
	EndGlobalSection
	GlobalSection(SolutionProperties) = preSolution
		HideSolutionNode = FALSE
	EndGlobalSection
	GlobalSection(NestedProjects) = preSolution
		{F3BF32FF-7113-4DE6-801B-BB234A76539B} = {3B5BBBC6-2787-4699-B0D0-927AF450CA98}
		{B23FDA3D-8229-4CDD-91FD-9AFD7301D315} = {3B5BBBC6-2787-4699-B0D0-927AF450CA98}
		{72319FF7-E9D9-4AE9-AA0B-2E006442B1ED} = {3B5BBBC6-2787-4699-B0D0-927AF450CA98}
		{32A56958-2C05-44C6-B661-2A2C6610E073} = {3B5BBBC6-2787-4699-B0D0-927AF450CA98}
		{56277965-A00C-4219-BD4E-6E030D37343F} = {3B5BBBC6-2787-4699-B0D0-927AF450CA98}
		{A9AE40FF-1A21-414A-9FE7-3BE13644CC6D} = {3B5BBBC6-2787-4699-B0D0-927AF450CA98}
	EndGlobalSection
EndGlobal
